
Microsoft Visual Studio Solution File, Format Version 12.00
# Visual Studio 15
VisualStudioVersion = 15.0.26730.12
MinimumVisualStudioVersion = 10.0.40219.1
Project("{FAE04EC0-301F-11D3-BF4B-00C04F79EFBC}") = "App09.Android", "App09\App09.Android\App09.Android.csproj", "{0747D21B-C565-4366-9914-2611C38B044D}"
EndProject
Project("{FAE04EC0-301F-11D3-BF4B-00C04F79EFBC}") = "App09", "App09\App09\App09.csproj", "{E284864A-893D-4C42-B46D-B1D222AE6064}"
EndProject
Project("{FAE04EC0-301F-11D3-BF4B-00C04F79EFBC}") = "App09.UWP", "App09\App09.UWP\App09.UWP.csproj", "{9C0FE179-38DC-4614-880D-ACD4D12D0ECB}"
EndProject
Project("{FAE04EC0-301F-11D3-BF4B-00C04F79EFBC}") = "App09.iOS", "App09\App09.iOS\App09.iOS.csproj", "{A93146B9-2912-415E-B43B-1617C0686EEB}"
EndProject
Global
	GlobalSection(SolutionConfigurationPlatforms) = preSolution
		Ad-Hoc|Any CPU = Ad-Hoc|Any CPU
		Ad-Hoc|ARM = Ad-Hoc|ARM
		Ad-Hoc|iPhone = Ad-Hoc|iPhone
		Ad-Hoc|iPhoneSimulator = Ad-Hoc|iPhoneSimulator
		Ad-Hoc|x64 = Ad-Hoc|x64
		Ad-Hoc|x86 = Ad-Hoc|x86
		AppStore|Any CPU = AppStore|Any CPU
		AppStore|ARM = AppStore|ARM
		AppStore|iPhone = AppStore|iPhone
		AppStore|iPhoneSimulator = AppStore|iPhoneSimulator
		AppStore|x64 = AppStore|x64
		AppStore|x86 = AppStore|x86
		Debug|Any CPU = Debug|Any CPU
		Debug|ARM = Debug|ARM
		Debug|iPhone = Debug|iPhone
		Debug|iPhoneSimulator = Debug|iPhoneSimulator
		Debug|x64 = Debug|x64
		Debug|x86 = Debug|x86
		Release|Any CPU = Release|Any CPU
		Release|ARM = Release|ARM
		Release|iPhone = Release|iPhone
		Release|iPhoneSimulator = Release|iPhoneSimulator
		Release|x64 = Release|x64
		Release|x86 = Release|x86
	EndGlobalSection
	GlobalSection(ProjectConfigurationPlatforms) = postSolution
		{0747D21B-C565-4366-9914-2611C38B044D}.Ad-Hoc|Any CPU.ActiveCfg = Release|Any CPU
		{0747D21B-C565-4366-9914-2611C38B044D}.Ad-Hoc|Any CPU.Build.0 = Release|Any CPU
		{0747D21B-C565-4366-9914-2611C38B044D}.Ad-Hoc|Any CPU.Deploy.0 = Release|Any CPU
		{0747D21B-C565-4366-9914-2611C38B044D}.Ad-Hoc|ARM.ActiveCfg = Release|Any CPU
		{0747D21B-C565-4366-9914-2611C38B044D}.Ad-Hoc|ARM.Build.0 = Release|Any CPU
		{0747D21B-C565-4366-9914-2611C38B044D}.Ad-Hoc|ARM.Deploy.0 = Release|Any CPU
		{0747D21B-C565-4366-9914-2611C38B044D}.Ad-Hoc|iPhone.ActiveCfg = Release|Any CPU
		{0747D21B-C565-4366-9914-2611C38B044D}.Ad-Hoc|iPhone.Build.0 = Release|Any CPU
		{0747D21B-C565-4366-9914-2611C38B044D}.Ad-Hoc|iPhone.Deploy.0 = Release|Any CPU
		{0747D21B-C565-4366-9914-2611C38B044D}.Ad-Hoc|iPhoneSimulator.ActiveCfg = Release|Any CPU
		{0747D21B-C565-4366-9914-2611C38B044D}.Ad-Hoc|iPhoneSimulator.Build.0 = Release|Any CPU
		{0747D21B-C565-4366-9914-2611C38B044D}.Ad-Hoc|iPhoneSimulator.Deploy.0 = Release|Any CPU
		{0747D21B-C565-4366-9914-2611C38B044D}.Ad-Hoc|x64.ActiveCfg = Release|Any CPU
		{0747D21B-C565-4366-9914-2611C38B044D}.Ad-Hoc|x64.Build.0 = Release|Any CPU
		{0747D21B-C565-4366-9914-2611C38B044D}.Ad-Hoc|x64.Deploy.0 = Release|Any CPU
		{0747D21B-C565-4366-9914-2611C38B044D}.Ad-Hoc|x86.ActiveCfg = Release|Any CPU
		{0747D21B-C565-4366-9914-2611C38B044D}.Ad-Hoc|x86.Build.0 = Release|Any CPU
		{0747D21B-C565-4366-9914-2611C38B044D}.Ad-Hoc|x86.Deploy.0 = Release|Any CPU
		{0747D21B-C565-4366-9914-2611C38B044D}.AppStore|Any CPU.ActiveCfg = Release|Any CPU
		{0747D21B-C565-4366-9914-2611C38B044D}.AppStore|Any CPU.Build.0 = Release|Any CPU
		{0747D21B-C565-4366-9914-2611C38B044D}.AppStore|Any CPU.Deploy.0 = Release|Any CPU
		{0747D21B-C565-4366-9914-2611C38B044D}.AppStore|ARM.ActiveCfg = Release|Any CPU
		{0747D21B-C565-4366-9914-2611C38B044D}.AppStore|ARM.Build.0 = Release|Any CPU
		{0747D21B-C565-4366-9914-2611C38B044D}.AppStore|ARM.Deploy.0 = Release|Any CPU
		{0747D21B-C565-4366-9914-2611C38B044D}.AppStore|iPhone.ActiveCfg = Release|Any CPU
		{0747D21B-C565-4366-9914-2611C38B044D}.AppStore|iPhone.Build.0 = Release|Any CPU
		{0747D21B-C565-4366-9914-2611C38B044D}.AppStore|iPhone.Deploy.0 = Release|Any CPU
		{0747D21B-C565-4366-9914-2611C38B044D}.AppStore|iPhoneSimulator.ActiveCfg = Release|Any CPU
		{0747D21B-C565-4366-9914-2611C38B044D}.AppStore|iPhoneSimulator.Build.0 = Release|Any CPU
		{0747D21B-C565-4366-9914-2611C38B044D}.AppStore|iPhoneSimulator.Deploy.0 = Release|Any CPU
		{0747D21B-C565-4366-9914-2611C38B044D}.AppStore|x64.ActiveCfg = Release|Any CPU
		{0747D21B-C565-4366-9914-2611C38B044D}.AppStore|x64.Build.0 = Release|Any CPU
		{0747D21B-C565-4366-9914-2611C38B044D}.AppStore|x64.Deploy.0 = Release|Any CPU
		{0747D21B-C565-4366-9914-2611C38B044D}.AppStore|x86.ActiveCfg = Release|Any CPU
		{0747D21B-C565-4366-9914-2611C38B044D}.AppStore|x86.Build.0 = Release|Any CPU
		{0747D21B-C565-4366-9914-2611C38B044D}.AppStore|x86.Deploy.0 = Release|Any CPU
		{0747D21B-C565-4366-9914-2611C38B044D}.Debug|Any CPU.ActiveCfg = Debug|Any CPU
		{0747D21B-C565-4366-9914-2611C38B044D}.Debug|Any CPU.Build.0 = Debug|Any CPU
		{0747D21B-C565-4366-9914-2611C38B044D}.Debug|Any CPU.Deploy.0 = Debug|Any CPU
		{0747D21B-C565-4366-9914-2611C38B044D}.Debug|ARM.ActiveCfg = Debug|Any CPU
		{0747D21B-C565-4366-9914-2611C38B044D}.Debug|ARM.Build.0 = Debug|Any CPU
		{0747D21B-C565-4366-9914-2611C38B044D}.Debug|ARM.Deploy.0 = Debug|Any CPU
		{0747D21B-C565-4366-9914-2611C38B044D}.Debug|iPhone.ActiveCfg = Debug|Any CPU
		{0747D21B-C565-4366-9914-2611C38B044D}.Debug|iPhone.Build.0 = Debug|Any CPU
		{0747D21B-C565-4366-9914-2611C38B044D}.Debug|iPhone.Deploy.0 = Debug|Any CPU
		{0747D21B-C565-4366-9914-2611C38B044D}.Debug|iPhoneSimulator.ActiveCfg = Debug|Any CPU
		{0747D21B-C565-4366-9914-2611C38B044D}.Debug|iPhoneSimulator.Build.0 = Debug|Any CPU
		{0747D21B-C565-4366-9914-2611C38B044D}.Debug|iPhoneSimulator.Deploy.0 = Debug|Any CPU
		{0747D21B-C565-4366-9914-2611C38B044D}.Debug|x64.ActiveCfg = Debug|Any CPU
		{0747D21B-C565-4366-9914-2611C38B044D}.Debug|x64.Build.0 = Debug|Any CPU
		{0747D21B-C565-4366-9914-2611C38B044D}.Debug|x64.Deploy.0 = Debug|Any CPU
		{0747D21B-C565-4366-9914-2611C38B044D}.Debug|x86.ActiveCfg = Debug|Any CPU
		{0747D21B-C565-4366-9914-2611C38B044D}.Debug|x86.Build.0 = Debug|Any CPU
		{0747D21B-C565-4366-9914-2611C38B044D}.Debug|x86.Deploy.0 = Debug|Any CPU
		{0747D21B-C565-4366-9914-2611C38B044D}.Release|Any CPU.ActiveCfg = Release|Any CPU
		{0747D21B-C565-4366-9914-2611C38B044D}.Release|Any CPU.Build.0 = Release|Any CPU
		{0747D21B-C565-4366-9914-2611C38B044D}.Release|Any CPU.Deploy.0 = Release|Any CPU
		{0747D21B-C565-4366-9914-2611C38B044D}.Release|ARM.ActiveCfg = Release|Any CPU
		{0747D21B-C565-4366-9914-2611C38B044D}.Release|ARM.Build.0 = Release|Any CPU
		{0747D21B-C565-4366-9914-2611C38B044D}.Release|ARM.Deploy.0 = Release|Any CPU
		{0747D21B-C565-4366-9914-2611C38B044D}.Release|iPhone.ActiveCfg = Release|Any CPU
		{0747D21B-C565-4366-9914-2611C38B044D}.Release|iPhone.Build.0 = Release|Any CPU
		{0747D21B-C565-4366-9914-2611C38B044D}.Release|iPhone.Deploy.0 = Release|Any CPU
		{0747D21B-C565-4366-9914-2611C38B044D}.Release|iPhoneSimulator.ActiveCfg = Release|Any CPU
		{0747D21B-C565-4366-9914-2611C38B044D}.Release|iPhoneSimulator.Build.0 = Release|Any CPU
		{0747D21B-C565-4366-9914-2611C38B044D}.Release|iPhoneSimulator.Deploy.0 = Release|Any CPU
		{0747D21B-C565-4366-9914-2611C38B044D}.Release|x64.ActiveCfg = Release|Any CPU
		{0747D21B-C565-4366-9914-2611C38B044D}.Release|x64.Build.0 = Release|Any CPU
		{0747D21B-C565-4366-9914-2611C38B044D}.Release|x64.Deploy.0 = Release|Any CPU
		{0747D21B-C565-4366-9914-2611C38B044D}.Release|x86.ActiveCfg = Release|Any CPU
		{0747D21B-C565-4366-9914-2611C38B044D}.Release|x86.Build.0 = Release|Any CPU
		{0747D21B-C565-4366-9914-2611C38B044D}.Release|x86.Deploy.0 = Release|Any CPU
		{E284864A-893D-4C42-B46D-B1D222AE6064}.Ad-Hoc|Any CPU.ActiveCfg = Release|Any CPU
		{E284864A-893D-4C42-B46D-B1D222AE6064}.Ad-Hoc|Any CPU.Build.0 = Release|Any CPU
		{E284864A-893D-4C42-B46D-B1D222AE6064}.Ad-Hoc|ARM.ActiveCfg = Release|Any CPU
		{E284864A-893D-4C42-B46D-B1D222AE6064}.Ad-Hoc|ARM.Build.0 = Release|Any CPU
		{E284864A-893D-4C42-B46D-B1D222AE6064}.Ad-Hoc|iPhone.ActiveCfg = Release|Any CPU
		{E284864A-893D-4C42-B46D-B1D222AE6064}.Ad-Hoc|iPhone.Build.0 = Release|Any CPU
		{E284864A-893D-4C42-B46D-B1D222AE6064}.Ad-Hoc|iPhoneSimulator.ActiveCfg = Release|Any CPU
		{E284864A-893D-4C42-B46D-B1D222AE6064}.Ad-Hoc|iPhoneSimulator.Build.0 = Release|Any CPU
		{E284864A-893D-4C42-B46D-B1D222AE6064}.Ad-Hoc|x64.ActiveCfg = Release|Any CPU
		{E284864A-893D-4C42-B46D-B1D222AE6064}.Ad-Hoc|x64.Build.0 = Release|Any CPU
		{E284864A-893D-4C42-B46D-B1D222AE6064}.Ad-Hoc|x86.ActiveCfg = Release|Any CPU
		{E284864A-893D-4C42-B46D-B1D222AE6064}.Ad-Hoc|x86.Build.0 = Release|Any CPU
		{E284864A-893D-4C42-B46D-B1D222AE6064}.AppStore|Any CPU.ActiveCfg = Release|Any CPU
		{E284864A-893D-4C42-B46D-B1D222AE6064}.AppStore|Any CPU.Build.0 = Release|Any CPU
		{E284864A-893D-4C42-B46D-B1D222AE6064}.AppStore|ARM.ActiveCfg = Release|Any CPU
		{E284864A-893D-4C42-B46D-B1D222AE6064}.AppStore|ARM.Build.0 = Release|Any CPU
		{E284864A-893D-4C42-B46D-B1D222AE6064}.AppStore|iPhone.ActiveCfg = Release|Any CPU
		{E284864A-893D-4C42-B46D-B1D222AE6064}.AppStore|iPhone.Build.0 = Release|Any CPU
		{E284864A-893D-4C42-B46D-B1D222AE6064}.AppStore|iPhoneSimulator.ActiveCfg = Release|Any CPU
		{E284864A-893D-4C42-B46D-B1D222AE6064}.AppStore|iPhoneSimulator.Build.0 = Release|Any CPU
		{E284864A-893D-4C42-B46D-B1D222AE6064}.AppStore|x64.ActiveCfg = Release|Any CPU
		{E284864A-893D-4C42-B46D-B1D222AE6064}.AppStore|x64.Build.0 = Release|Any CPU
		{E284864A-893D-4C42-B46D-B1D222AE6064}.AppStore|x86.ActiveCfg = Release|Any CPU
		{E284864A-893D-4C42-B46D-B1D222AE6064}.AppStore|x86.Build.0 = Release|Any CPU
		{E284864A-893D-4C42-B46D-B1D222AE6064}.Debug|Any CPU.ActiveCfg = Debug|Any CPU
		{E284864A-893D-4C42-B46D-B1D222AE6064}.Debug|Any CPU.Build.0 = Debug|Any CPU
		{E284864A-893D-4C42-B46D-B1D222AE6064}.Debug|ARM.ActiveCfg = Debug|Any CPU
		{E284864A-893D-4C42-B46D-B1D222AE6064}.Debug|ARM.Build.0 = Debug|Any CPU
		{E284864A-893D-4C42-B46D-B1D222AE6064}.Debug|iPhone.ActiveCfg = Debug|Any CPU
		{E284864A-893D-4C42-B46D-B1D222AE6064}.Debug|iPhone.Build.0 = Debug|Any CPU
		{E284864A-893D-4C42-B46D-B1D222AE6064}.Debug|iPhoneSimulator.ActiveCfg = Debug|Any CPU
		{E284864A-893D-4C42-B46D-B1D222AE6064}.Debug|iPhoneSimulator.Build.0 = Debug|Any CPU
		{E284864A-893D-4C42-B46D-B1D222AE6064}.Debug|x64.ActiveCfg = Debug|Any CPU
		{E284864A-893D-4C42-B46D-B1D222AE6064}.Debug|x64.Build.0 = Debug|Any CPU
		{E284864A-893D-4C42-B46D-B1D222AE6064}.Debug|x86.ActiveCfg = Debug|Any CPU
		{E284864A-893D-4C42-B46D-B1D222AE6064}.Debug|x86.Build.0 = Debug|Any CPU
		{E284864A-893D-4C42-B46D-B1D222AE6064}.Release|Any CPU.ActiveCfg = Release|Any CPU
		{E284864A-893D-4C42-B46D-B1D222AE6064}.Release|Any CPU.Build.0 = Release|Any CPU
		{E284864A-893D-4C42-B46D-B1D222AE6064}.Release|ARM.ActiveCfg = Release|Any CPU
		{E284864A-893D-4C42-B46D-B1D222AE6064}.Release|ARM.Build.0 = Release|Any CPU
		{E284864A-893D-4C42-B46D-B1D222AE6064}.Release|iPhone.ActiveCfg = Release|Any CPU
		{E284864A-893D-4C42-B46D-B1D222AE6064}.Release|iPhone.Build.0 = Release|Any CPU
		{E284864A-893D-4C42-B46D-B1D222AE6064}.Release|iPhoneSimulator.ActiveCfg = Release|Any CPU
		{E284864A-893D-4C42-B46D-B1D222AE6064}.Release|iPhoneSimulator.Build.0 = Release|Any CPU
		{E284864A-893D-4C42-B46D-B1D222AE6064}.Release|x64.ActiveCfg = Release|Any CPU
		{E284864A-893D-4C42-B46D-B1D222AE6064}.Release|x64.Build.0 = Release|Any CPU
		{E284864A-893D-4C42-B46D-B1D222AE6064}.Release|x86.ActiveCfg = Release|Any CPU
		{E284864A-893D-4C42-B46D-B1D222AE6064}.Release|x86.Build.0 = Release|Any CPU
		{9C0FE179-38DC-4614-880D-ACD4D12D0ECB}.Ad-Hoc|Any CPU.ActiveCfg = Release|x86
		{9C0FE179-38DC-4614-880D-ACD4D12D0ECB}.Ad-Hoc|Any CPU.Build.0 = Release|x86
		{9C0FE179-38DC-4614-880D-ACD4D12D0ECB}.Ad-Hoc|Any CPU.Deploy.0 = Release|x86
		{9C0FE179-38DC-4614-880D-ACD4D12D0ECB}.Ad-Hoc|ARM.ActiveCfg = Release|ARM
		{9C0FE179-38DC-4614-880D-ACD4D12D0ECB}.Ad-Hoc|ARM.Build.0 = Release|ARM
		{9C0FE179-38DC-4614-880D-ACD4D12D0ECB}.Ad-Hoc|ARM.Deploy.0 = Release|ARM
		{9C0FE179-38DC-4614-880D-ACD4D12D0ECB}.Ad-Hoc|iPhone.ActiveCfg = Release|x86
		{9C0FE179-38DC-4614-880D-ACD4D12D0ECB}.Ad-Hoc|iPhone.Build.0 = Release|x86
		{9C0FE179-38DC-4614-880D-ACD4D12D0ECB}.Ad-Hoc|iPhone.Deploy.0 = Release|x86
		{9C0FE179-38DC-4614-880D-ACD4D12D0ECB}.Ad-Hoc|iPhoneSimulator.ActiveCfg = Release|x86
		{9C0FE179-38DC-4614-880D-ACD4D12D0ECB}.Ad-Hoc|iPhoneSimulator.Build.0 = Release|x86
		{9C0FE179-38DC-4614-880D-ACD4D12D0ECB}.Ad-Hoc|iPhoneSimulator.Deploy.0 = Release|x86
		{9C0FE179-38DC-4614-880D-ACD4D12D0ECB}.Ad-Hoc|x64.ActiveCfg = Release|x64
		{9C0FE179-38DC-4614-880D-ACD4D12D0ECB}.Ad-Hoc|x64.Build.0 = Release|x64
		{9C0FE179-38DC-4614-880D-ACD4D12D0ECB}.Ad-Hoc|x64.Deploy.0 = Release|x64
		{9C0FE179-38DC-4614-880D-ACD4D12D0ECB}.Ad-Hoc|x86.ActiveCfg = Release|x86
		{9C0FE179-38DC-4614-880D-ACD4D12D0ECB}.Ad-Hoc|x86.Build.0 = Release|x86
		{9C0FE179-38DC-4614-880D-ACD4D12D0ECB}.Ad-Hoc|x86.Deploy.0 = Release|x86
		{9C0FE179-38DC-4614-880D-ACD4D12D0ECB}.AppStore|Any CPU.ActiveCfg = Release|x86
		{9C0FE179-38DC-4614-880D-ACD4D12D0ECB}.AppStore|Any CPU.Build.0 = Release|x86
		{9C0FE179-38DC-4614-880D-ACD4D12D0ECB}.AppStore|Any CPU.Deploy.0 = Release|x86
		{9C0FE179-38DC-4614-880D-ACD4D12D0ECB}.AppStore|ARM.ActiveCfg = Release|ARM
		{9C0FE179-38DC-4614-880D-ACD4D12D0ECB}.AppStore|ARM.Build.0 = Release|ARM
		{9C0FE179-38DC-4614-880D-ACD4D12D0ECB}.AppStore|ARM.Deploy.0 = Release|ARM
		{9C0FE179-38DC-4614-880D-ACD4D12D0ECB}.AppStore|iPhone.ActiveCfg = Release|x86
		{9C0FE179-38DC-4614-880D-ACD4D12D0ECB}.AppStore|iPhone.Build.0 = Release|x86
		{9C0FE179-38DC-4614-880D-ACD4D12D0ECB}.AppStore|iPhone.Deploy.0 = Release|x86
		{9C0FE179-38DC-4614-880D-ACD4D12D0ECB}.AppStore|iPhoneSimulator.ActiveCfg = Release|x86
		{9C0FE179-38DC-4614-880D-ACD4D12D0ECB}.AppStore|iPhoneSimulator.Build.0 = Release|x86
		{9C0FE179-38DC-4614-880D-ACD4D12D0ECB}.AppStore|iPhoneSimulator.Deploy.0 = Release|x86
		{9C0FE179-38DC-4614-880D-ACD4D12D0ECB}.AppStore|x64.ActiveCfg = Release|x64
		{9C0FE179-38DC-4614-880D-ACD4D12D0ECB}.AppStore|x64.Build.0 = Release|x64
		{9C0FE179-38DC-4614-880D-ACD4D12D0ECB}.AppStore|x64.Deploy.0 = Release|x64
		{9C0FE179-38DC-4614-880D-ACD4D12D0ECB}.AppStore|x86.ActiveCfg = Release|x86
		{9C0FE179-38DC-4614-880D-ACD4D12D0ECB}.AppStore|x86.Build.0 = Release|x86
		{9C0FE179-38DC-4614-880D-ACD4D12D0ECB}.AppStore|x86.Deploy.0 = Release|x86
		{9C0FE179-38DC-4614-880D-ACD4D12D0ECB}.Debug|Any CPU.ActiveCfg = Debug|x86
		{9C0FE179-38DC-4614-880D-ACD4D12D0ECB}.Debug|ARM.ActiveCfg = Debug|ARM
		{9C0FE179-38DC-4614-880D-ACD4D12D0ECB}.Debug|ARM.Build.0 = Debug|ARM
		{9C0FE179-38DC-4614-880D-ACD4D12D0ECB}.Debug|ARM.Deploy.0 = Debug|ARM
		{9C0FE179-38DC-4614-880D-ACD4D12D0ECB}.Debug|iPhone.ActiveCfg = Debug|x86
		{9C0FE179-38DC-4614-880D-ACD4D12D0ECB}.Debug|iPhoneSimulator.ActiveCfg = Debug|x86
		{9C0FE179-38DC-4614-880D-ACD4D12D0ECB}.Debug|x64.ActiveCfg = Debug|x64
		{9C0FE179-38DC-4614-880D-ACD4D12D0ECB}.Debug|x64.Build.0 = Debug|x64
		{9C0FE179-38DC-4614-880D-ACD4D12D0ECB}.Debug|x64.Deploy.0 = Debug|x64
		{9C0FE179-38DC-4614-880D-ACD4D12D0ECB}.Debug|x86.ActiveCfg = Debug|x86
		{9C0FE179-38DC-4614-880D-ACD4D12D0ECB}.Debug|x86.Build.0 = Debug|x86
		{9C0FE179-38DC-4614-880D-ACD4D12D0ECB}.Debug|x86.Deploy.0 = Debug|x86
		{9C0FE179-38DC-4614-880D-ACD4D12D0ECB}.Release|Any CPU.ActiveCfg = Release|x86
		{9C0FE179-38DC-4614-880D-ACD4D12D0ECB}.Release|ARM.ActiveCfg = Release|ARM
		{9C0FE179-38DC-4614-880D-ACD4D12D0ECB}.Release|ARM.Build.0 = Release|ARM
		{9C0FE179-38DC-4614-880D-ACD4D12D0ECB}.Release|ARM.Deploy.0 = Release|ARM
		{9C0FE179-38DC-4614-880D-ACD4D12D0ECB}.Release|iPhone.ActiveCfg = Release|x86
		{9C0FE179-38DC-4614-880D-ACD4D12D0ECB}.Release|iPhoneSimulator.ActiveCfg = Release|x86
		{9C0FE179-38DC-4614-880D-ACD4D12D0ECB}.Release|x64.ActiveCfg = Release|x64
		{9C0FE179-38DC-4614-880D-ACD4D12D0ECB}.Release|x64.Build.0 = Release|x64
		{9C0FE179-38DC-4614-880D-ACD4D12D0ECB}.Release|x64.Deploy.0 = Release|x64
		{9C0FE179-38DC-4614-880D-ACD4D12D0ECB}.Release|x86.ActiveCfg = Release|x86
		{9C0FE179-38DC-4614-880D-ACD4D12D0ECB}.Release|x86.Build.0 = Release|x86
		{9C0FE179-38DC-4614-880D-ACD4D12D0ECB}.Release|x86.Deploy.0 = Release|x86
		{A93146B9-2912-415E-B43B-1617C0686EEB}.Ad-Hoc|Any CPU.ActiveCfg = Ad-Hoc|iPhone
		{A93146B9-2912-415E-B43B-1617C0686EEB}.Ad-Hoc|ARM.ActiveCfg = Ad-Hoc|iPhone
		{A93146B9-2912-415E-B43B-1617C0686EEB}.Ad-Hoc|iPhone.ActiveCfg = Ad-Hoc|iPhone
		{A93146B9-2912-415E-B43B-1617C0686EEB}.Ad-Hoc|iPhone.Build.0 = Ad-Hoc|iPhone
		{A93146B9-2912-415E-B43B-1617C0686EEB}.Ad-Hoc|iPhoneSimulator.ActiveCfg = Ad-Hoc|iPhoneSimulator
		{A93146B9-2912-415E-B43B-1617C0686EEB}.Ad-Hoc|iPhoneSimulator.Build.0 = Ad-Hoc|iPhoneSimulator
		{A93146B9-2912-415E-B43B-1617C0686EEB}.Ad-Hoc|x64.ActiveCfg = Ad-Hoc|iPhone
		{A93146B9-2912-415E-B43B-1617C0686EEB}.Ad-Hoc|x86.ActiveCfg = Ad-Hoc|iPhone
		{A93146B9-2912-415E-B43B-1617C0686EEB}.AppStore|Any CPU.ActiveCfg = AppStore|iPhone
		{A93146B9-2912-415E-B43B-1617C0686EEB}.AppStore|ARM.ActiveCfg = AppStore|iPhone
		{A93146B9-2912-415E-B43B-1617C0686EEB}.AppStore|iPhone.ActiveCfg = AppStore|iPhone
		{A93146B9-2912-415E-B43B-1617C0686EEB}.AppStore|iPhone.Build.0 = AppStore|iPhone
		{A93146B9-2912-415E-B43B-1617C0686EEB}.AppStore|iPhoneSimulator.ActiveCfg = AppStore|iPhoneSimulator
		{A93146B9-2912-415E-B43B-1617C0686EEB}.AppStore|iPhoneSimulator.Build.0 = AppStore|iPhoneSimulator
		{A93146B9-2912-415E-B43B-1617C0686EEB}.AppStore|x64.ActiveCfg = AppStore|iPhone
		{A93146B9-2912-415E-B43B-1617C0686EEB}.AppStore|x86.ActiveCfg = AppStore|iPhone
		{A93146B9-2912-415E-B43B-1617C0686EEB}.Debug|Any CPU.ActiveCfg = Debug|iPhone
		{A93146B9-2912-415E-B43B-1617C0686EEB}.Debug|ARM.ActiveCfg = Debug|iPhone
		{A93146B9-2912-415E-B43B-1617C0686EEB}.Debug|iPhone.ActiveCfg = Debug|iPhone
		{A93146B9-2912-415E-B43B-1617C0686EEB}.Debug|iPhone.Build.0 = Debug|iPhone
		{A93146B9-2912-415E-B43B-1617C0686EEB}.Debug|iPhoneSimulator.ActiveCfg = Debug|iPhoneSimulator
		{A93146B9-2912-415E-B43B-1617C0686EEB}.Debug|iPhoneSimulator.Build.0 = Debug|iPhoneSimulator
		{A93146B9-2912-415E-B43B-1617C0686EEB}.Debug|x64.ActiveCfg = Debug|iPhone
		{A93146B9-2912-415E-B43B-1617C0686EEB}.Debug|x86.ActiveCfg = Debug|iPhone
		{A93146B9-2912-415E-B43B-1617C0686EEB}.Release|Any CPU.ActiveCfg = Release|iPhone
		{A93146B9-2912-415E-B43B-1617C0686EEB}.Release|ARM.ActiveCfg = Release|iPhone
		{A93146B9-2912-415E-B43B-1617C0686EEB}.Release|iPhone.ActiveCfg = Release|iPhone
		{A93146B9-2912-415E-B43B-1617C0686EEB}.Release|iPhone.Build.0 = Release|iPhone
		{A93146B9-2912-415E-B43B-1617C0686EEB}.Release|iPhoneSimulator.ActiveCfg = Release|iPhoneSimulator
		{A93146B9-2912-415E-B43B-1617C0686EEB}.Release|iPhoneSimulator.Build.0 = Release|iPhoneSimulator
		{A93146B9-2912-415E-B43B-1617C0686EEB}.Release|x64.ActiveCfg = Release|iPhone
		{A93146B9-2912-415E-B43B-1617C0686EEB}.Release|x86.ActiveCfg = Release|iPhone
	EndGlobalSection
	GlobalSection(SolutionProperties) = preSolution
		HideSolutionNode = FALSE
	EndGlobalSection
	GlobalSection(ExtensibilityGlobals) = postSolution
		SolutionGuid = {A0A17537-7A1C-48A4-A561-79365C85DAB6}
	EndGlobalSection
EndGlobal
