
Microsoft Visual Studio Solution File, Format Version 12.00
# Visual Studio 15
VisualStudioVersion = 15.0.26730.12
MinimumVisualStudioVersion = 10.0.40219.1
Project("{FAE04EC0-301F-11D3-BF4B-00C04F79EFBC}") = "App14.Android", "App14\App14.Android\App14.Android.csproj", "{C20422A6-BBC2-4584-BD46-0DECC23AE1F7}"
EndProject
Project("{FAE04EC0-301F-11D3-BF4B-00C04F79EFBC}") = "App14", "App14\App14\App14.csproj", "{D7A14513-3B88-4BFD-B44C-CE309F8BB4E0}"
EndProject
Project("{FAE04EC0-301F-11D3-BF4B-00C04F79EFBC}") = "App14.UWP", "App14\App14.UWP\App14.UWP.csproj", "{A7C3A24B-3E64-4D69-9D9C-9C37CD8989D3}"
EndProject
Project("{FAE04EC0-301F-11D3-BF4B-00C04F79EFBC}") = "App14.iOS", "App14\App14.iOS\App14.iOS.csproj", "{1BC5CD95-0FCF-4683-B6E1-2690FB571D52}"
EndProject
Global
	GlobalSection(SolutionConfigurationPlatforms) = preSolution
		Ad-Hoc|Any CPU = Ad-Hoc|Any CPU
		Ad-Hoc|ARM = Ad-Hoc|ARM
		Ad-Hoc|iPhone = Ad-Hoc|iPhone
		Ad-Hoc|iPhoneSimulator = Ad-Hoc|iPhoneSimulator
		Ad-Hoc|x64 = Ad-Hoc|x64
		Ad-Hoc|x86 = Ad-Hoc|x86
		AppStore|Any CPU = AppStore|Any CPU
		AppStore|ARM = AppStore|ARM
		AppStore|iPhone = AppStore|iPhone
		AppStore|iPhoneSimulator = AppStore|iPhoneSimulator
		AppStore|x64 = AppStore|x64
		AppStore|x86 = AppStore|x86
		Debug|Any CPU = Debug|Any CPU
		Debug|ARM = Debug|ARM
		Debug|iPhone = Debug|iPhone
		Debug|iPhoneSimulator = Debug|iPhoneSimulator
		Debug|x64 = Debug|x64
		Debug|x86 = Debug|x86
		Release|Any CPU = Release|Any CPU
		Release|ARM = Release|ARM
		Release|iPhone = Release|iPhone
		Release|iPhoneSimulator = Release|iPhoneSimulator
		Release|x64 = Release|x64
		Release|x86 = Release|x86
	EndGlobalSection
	GlobalSection(ProjectConfigurationPlatforms) = postSolution
		{C20422A6-BBC2-4584-BD46-0DECC23AE1F7}.Ad-Hoc|Any CPU.ActiveCfg = Release|Any CPU
		{C20422A6-BBC2-4584-BD46-0DECC23AE1F7}.Ad-Hoc|Any CPU.Build.0 = Release|Any CPU
		{C20422A6-BBC2-4584-BD46-0DECC23AE1F7}.Ad-Hoc|Any CPU.Deploy.0 = Release|Any CPU
		{C20422A6-BBC2-4584-BD46-0DECC23AE1F7}.Ad-Hoc|ARM.ActiveCfg = Release|Any CPU
		{C20422A6-BBC2-4584-BD46-0DECC23AE1F7}.Ad-Hoc|ARM.Build.0 = Release|Any CPU
		{C20422A6-BBC2-4584-BD46-0DECC23AE1F7}.Ad-Hoc|ARM.Deploy.0 = Release|Any CPU
		{C20422A6-BBC2-4584-BD46-0DECC23AE1F7}.Ad-Hoc|iPhone.ActiveCfg = Release|Any CPU
		{C20422A6-BBC2-4584-BD46-0DECC23AE1F7}.Ad-Hoc|iPhone.Build.0 = Release|Any CPU
		{C20422A6-BBC2-4584-BD46-0DECC23AE1F7}.Ad-Hoc|iPhone.Deploy.0 = Release|Any CPU
		{C20422A6-BBC2-4584-BD46-0DECC23AE1F7}.Ad-Hoc|iPhoneSimulator.ActiveCfg = Release|Any CPU
		{C20422A6-BBC2-4584-BD46-0DECC23AE1F7}.Ad-Hoc|iPhoneSimulator.Build.0 = Release|Any CPU
		{C20422A6-BBC2-4584-BD46-0DECC23AE1F7}.Ad-Hoc|iPhoneSimulator.Deploy.0 = Release|Any CPU
		{C20422A6-BBC2-4584-BD46-0DECC23AE1F7}.Ad-Hoc|x64.ActiveCfg = Release|Any CPU
		{C20422A6-BBC2-4584-BD46-0DECC23AE1F7}.Ad-Hoc|x64.Build.0 = Release|Any CPU
		{C20422A6-BBC2-4584-BD46-0DECC23AE1F7}.Ad-Hoc|x64.Deploy.0 = Release|Any CPU
		{C20422A6-BBC2-4584-BD46-0DECC23AE1F7}.Ad-Hoc|x86.ActiveCfg = Release|Any CPU
		{C20422A6-BBC2-4584-BD46-0DECC23AE1F7}.Ad-Hoc|x86.Build.0 = Release|Any CPU
		{C20422A6-BBC2-4584-BD46-0DECC23AE1F7}.Ad-Hoc|x86.Deploy.0 = Release|Any CPU
		{C20422A6-BBC2-4584-BD46-0DECC23AE1F7}.AppStore|Any CPU.ActiveCfg = Release|Any CPU
		{C20422A6-BBC2-4584-BD46-0DECC23AE1F7}.AppStore|Any CPU.Build.0 = Release|Any CPU
		{C20422A6-BBC2-4584-BD46-0DECC23AE1F7}.AppStore|Any CPU.Deploy.0 = Release|Any CPU
		{C20422A6-BBC2-4584-BD46-0DECC23AE1F7}.AppStore|ARM.ActiveCfg = Release|Any CPU
		{C20422A6-BBC2-4584-BD46-0DECC23AE1F7}.AppStore|ARM.Build.0 = Release|Any CPU
		{C20422A6-BBC2-4584-BD46-0DECC23AE1F7}.AppStore|ARM.Deploy.0 = Release|Any CPU
		{C20422A6-BBC2-4584-BD46-0DECC23AE1F7}.AppStore|iPhone.ActiveCfg = Release|Any CPU
		{C20422A6-BBC2-4584-BD46-0DECC23AE1F7}.AppStore|iPhone.Build.0 = Release|Any CPU
		{C20422A6-BBC2-4584-BD46-0DECC23AE1F7}.AppStore|iPhone.Deploy.0 = Release|Any CPU
		{C20422A6-BBC2-4584-BD46-0DECC23AE1F7}.AppStore|iPhoneSimulator.ActiveCfg = Release|Any CPU
		{C20422A6-BBC2-4584-BD46-0DECC23AE1F7}.AppStore|iPhoneSimulator.Build.0 = Release|Any CPU
		{C20422A6-BBC2-4584-BD46-0DECC23AE1F7}.AppStore|iPhoneSimulator.Deploy.0 = Release|Any CPU
		{C20422A6-BBC2-4584-BD46-0DECC23AE1F7}.AppStore|x64.ActiveCfg = Release|Any CPU
		{C20422A6-BBC2-4584-BD46-0DECC23AE1F7}.AppStore|x64.Build.0 = Release|Any CPU
		{C20422A6-BBC2-4584-BD46-0DECC23AE1F7}.AppStore|x64.Deploy.0 = Release|Any CPU
		{C20422A6-BBC2-4584-BD46-0DECC23AE1F7}.AppStore|x86.ActiveCfg = Release|Any CPU
		{C20422A6-BBC2-4584-BD46-0DECC23AE1F7}.AppStore|x86.Build.0 = Release|Any CPU
		{C20422A6-BBC2-4584-BD46-0DECC23AE1F7}.AppStore|x86.Deploy.0 = Release|Any CPU
		{C20422A6-BBC2-4584-BD46-0DECC23AE1F7}.Debug|Any CPU.ActiveCfg = Debug|Any CPU
		{C20422A6-BBC2-4584-BD46-0DECC23AE1F7}.Debug|Any CPU.Build.0 = Debug|Any CPU
		{C20422A6-BBC2-4584-BD46-0DECC23AE1F7}.Debug|Any CPU.Deploy.0 = Debug|Any CPU
		{C20422A6-BBC2-4584-BD46-0DECC23AE1F7}.Debug|ARM.ActiveCfg = Debug|Any CPU
		{C20422A6-BBC2-4584-BD46-0DECC23AE1F7}.Debug|ARM.Build.0 = Debug|Any CPU
		{C20422A6-BBC2-4584-BD46-0DECC23AE1F7}.Debug|ARM.Deploy.0 = Debug|Any CPU
		{C20422A6-BBC2-4584-BD46-0DECC23AE1F7}.Debug|iPhone.ActiveCfg = Debug|Any CPU
		{C20422A6-BBC2-4584-BD46-0DECC23AE1F7}.Debug|iPhone.Build.0 = Debug|Any CPU
		{C20422A6-BBC2-4584-BD46-0DECC23AE1F7}.Debug|iPhone.Deploy.0 = Debug|Any CPU
		{C20422A6-BBC2-4584-BD46-0DECC23AE1F7}.Debug|iPhoneSimulator.ActiveCfg = Debug|Any CPU
		{C20422A6-BBC2-4584-BD46-0DECC23AE1F7}.Debug|iPhoneSimulator.Build.0 = Debug|Any CPU
		{C20422A6-BBC2-4584-BD46-0DECC23AE1F7}.Debug|iPhoneSimulator.Deploy.0 = Debug|Any CPU
		{C20422A6-BBC2-4584-BD46-0DECC23AE1F7}.Debug|x64.ActiveCfg = Debug|Any CPU
		{C20422A6-BBC2-4584-BD46-0DECC23AE1F7}.Debug|x64.Build.0 = Debug|Any CPU
		{C20422A6-BBC2-4584-BD46-0DECC23AE1F7}.Debug|x64.Deploy.0 = Debug|Any CPU
		{C20422A6-BBC2-4584-BD46-0DECC23AE1F7}.Debug|x86.ActiveCfg = Debug|Any CPU
		{C20422A6-BBC2-4584-BD46-0DECC23AE1F7}.Debug|x86.Build.0 = Debug|Any CPU
		{C20422A6-BBC2-4584-BD46-0DECC23AE1F7}.Debug|x86.Deploy.0 = Debug|Any CPU
		{C20422A6-BBC2-4584-BD46-0DECC23AE1F7}.Release|Any CPU.ActiveCfg = Release|Any CPU
		{C20422A6-BBC2-4584-BD46-0DECC23AE1F7}.Release|Any CPU.Build.0 = Release|Any CPU
		{C20422A6-BBC2-4584-BD46-0DECC23AE1F7}.Release|Any CPU.Deploy.0 = Release|Any CPU
		{C20422A6-BBC2-4584-BD46-0DECC23AE1F7}.Release|ARM.ActiveCfg = Release|Any CPU
		{C20422A6-BBC2-4584-BD46-0DECC23AE1F7}.Release|ARM.Build.0 = Release|Any CPU
		{C20422A6-BBC2-4584-BD46-0DECC23AE1F7}.Release|ARM.Deploy.0 = Release|Any CPU
		{C20422A6-BBC2-4584-BD46-0DECC23AE1F7}.Release|iPhone.ActiveCfg = Release|Any CPU
		{C20422A6-BBC2-4584-BD46-0DECC23AE1F7}.Release|iPhone.Build.0 = Release|Any CPU
		{C20422A6-BBC2-4584-BD46-0DECC23AE1F7}.Release|iPhone.Deploy.0 = Release|Any CPU
		{C20422A6-BBC2-4584-BD46-0DECC23AE1F7}.Release|iPhoneSimulator.ActiveCfg = Release|Any CPU
		{C20422A6-BBC2-4584-BD46-0DECC23AE1F7}.Release|iPhoneSimulator.Build.0 = Release|Any CPU
		{C20422A6-BBC2-4584-BD46-0DECC23AE1F7}.Release|iPhoneSimulator.Deploy.0 = Release|Any CPU
		{C20422A6-BBC2-4584-BD46-0DECC23AE1F7}.Release|x64.ActiveCfg = Release|Any CPU
		{C20422A6-BBC2-4584-BD46-0DECC23AE1F7}.Release|x64.Build.0 = Release|Any CPU
		{C20422A6-BBC2-4584-BD46-0DECC23AE1F7}.Release|x64.Deploy.0 = Release|Any CPU
		{C20422A6-BBC2-4584-BD46-0DECC23AE1F7}.Release|x86.ActiveCfg = Release|Any CPU
		{C20422A6-BBC2-4584-BD46-0DECC23AE1F7}.Release|x86.Build.0 = Release|Any CPU
		{C20422A6-BBC2-4584-BD46-0DECC23AE1F7}.Release|x86.Deploy.0 = Release|Any CPU
		{D7A14513-3B88-4BFD-B44C-CE309F8BB4E0}.Ad-Hoc|Any CPU.ActiveCfg = Release|Any CPU
		{D7A14513-3B88-4BFD-B44C-CE309F8BB4E0}.Ad-Hoc|Any CPU.Build.0 = Release|Any CPU
		{D7A14513-3B88-4BFD-B44C-CE309F8BB4E0}.Ad-Hoc|ARM.ActiveCfg = Release|Any CPU
		{D7A14513-3B88-4BFD-B44C-CE309F8BB4E0}.Ad-Hoc|ARM.Build.0 = Release|Any CPU
		{D7A14513-3B88-4BFD-B44C-CE309F8BB4E0}.Ad-Hoc|iPhone.ActiveCfg = Release|Any CPU
		{D7A14513-3B88-4BFD-B44C-CE309F8BB4E0}.Ad-Hoc|iPhone.Build.0 = Release|Any CPU
		{D7A14513-3B88-4BFD-B44C-CE309F8BB4E0}.Ad-Hoc|iPhoneSimulator.ActiveCfg = Release|Any CPU
		{D7A14513-3B88-4BFD-B44C-CE309F8BB4E0}.Ad-Hoc|iPhoneSimulator.Build.0 = Release|Any CPU
		{D7A14513-3B88-4BFD-B44C-CE309F8BB4E0}.Ad-Hoc|x64.ActiveCfg = Release|Any CPU
		{D7A14513-3B88-4BFD-B44C-CE309F8BB4E0}.Ad-Hoc|x64.Build.0 = Release|Any CPU
		{D7A14513-3B88-4BFD-B44C-CE309F8BB4E0}.Ad-Hoc|x86.ActiveCfg = Release|Any CPU
		{D7A14513-3B88-4BFD-B44C-CE309F8BB4E0}.Ad-Hoc|x86.Build.0 = Release|Any CPU
		{D7A14513-3B88-4BFD-B44C-CE309F8BB4E0}.AppStore|Any CPU.ActiveCfg = Release|Any CPU
		{D7A14513-3B88-4BFD-B44C-CE309F8BB4E0}.AppStore|Any CPU.Build.0 = Release|Any CPU
		{D7A14513-3B88-4BFD-B44C-CE309F8BB4E0}.AppStore|ARM.ActiveCfg = Release|Any CPU
		{D7A14513-3B88-4BFD-B44C-CE309F8BB4E0}.AppStore|ARM.Build.0 = Release|Any CPU
		{D7A14513-3B88-4BFD-B44C-CE309F8BB4E0}.AppStore|iPhone.ActiveCfg = Release|Any CPU
		{D7A14513-3B88-4BFD-B44C-CE309F8BB4E0}.AppStore|iPhone.Build.0 = Release|Any CPU
		{D7A14513-3B88-4BFD-B44C-CE309F8BB4E0}.AppStore|iPhoneSimulator.ActiveCfg = Release|Any CPU
		{D7A14513-3B88-4BFD-B44C-CE309F8BB4E0}.AppStore|iPhoneSimulator.Build.0 = Release|Any CPU
		{D7A14513-3B88-4BFD-B44C-CE309F8BB4E0}.AppStore|x64.ActiveCfg = Release|Any CPU
		{D7A14513-3B88-4BFD-B44C-CE309F8BB4E0}.AppStore|x64.Build.0 = Release|Any CPU
		{D7A14513-3B88-4BFD-B44C-CE309F8BB4E0}.AppStore|x86.ActiveCfg = Release|Any CPU
		{D7A14513-3B88-4BFD-B44C-CE309F8BB4E0}.AppStore|x86.Build.0 = Release|Any CPU
		{D7A14513-3B88-4BFD-B44C-CE309F8BB4E0}.Debug|Any CPU.ActiveCfg = Debug|Any CPU
		{D7A14513-3B88-4BFD-B44C-CE309F8BB4E0}.Debug|Any CPU.Build.0 = Debug|Any CPU
		{D7A14513-3B88-4BFD-B44C-CE309F8BB4E0}.Debug|ARM.ActiveCfg = Debug|Any CPU
		{D7A14513-3B88-4BFD-B44C-CE309F8BB4E0}.Debug|ARM.Build.0 = Debug|Any CPU
		{D7A14513-3B88-4BFD-B44C-CE309F8BB4E0}.Debug|iPhone.ActiveCfg = Debug|Any CPU
		{D7A14513-3B88-4BFD-B44C-CE309F8BB4E0}.Debug|iPhone.Build.0 = Debug|Any CPU
		{D7A14513-3B88-4BFD-B44C-CE309F8BB4E0}.Debug|iPhoneSimulator.ActiveCfg = Debug|Any CPU
		{D7A14513-3B88-4BFD-B44C-CE309F8BB4E0}.Debug|iPhoneSimulator.Build.0 = Debug|Any CPU
		{D7A14513-3B88-4BFD-B44C-CE309F8BB4E0}.Debug|x64.ActiveCfg = Debug|Any CPU
		{D7A14513-3B88-4BFD-B44C-CE309F8BB4E0}.Debug|x64.Build.0 = Debug|Any CPU
		{D7A14513-3B88-4BFD-B44C-CE309F8BB4E0}.Debug|x86.ActiveCfg = Debug|Any CPU
		{D7A14513-3B88-4BFD-B44C-CE309F8BB4E0}.Debug|x86.Build.0 = Debug|Any CPU
		{D7A14513-3B88-4BFD-B44C-CE309F8BB4E0}.Release|Any CPU.ActiveCfg = Release|Any CPU
		{D7A14513-3B88-4BFD-B44C-CE309F8BB4E0}.Release|Any CPU.Build.0 = Release|Any CPU
		{D7A14513-3B88-4BFD-B44C-CE309F8BB4E0}.Release|ARM.ActiveCfg = Release|Any CPU
		{D7A14513-3B88-4BFD-B44C-CE309F8BB4E0}.Release|ARM.Build.0 = Release|Any CPU
		{D7A14513-3B88-4BFD-B44C-CE309F8BB4E0}.Release|iPhone.ActiveCfg = Release|Any CPU
		{D7A14513-3B88-4BFD-B44C-CE309F8BB4E0}.Release|iPhone.Build.0 = Release|Any CPU
		{D7A14513-3B88-4BFD-B44C-CE309F8BB4E0}.Release|iPhoneSimulator.ActiveCfg = Release|Any CPU
		{D7A14513-3B88-4BFD-B44C-CE309F8BB4E0}.Release|iPhoneSimulator.Build.0 = Release|Any CPU
		{D7A14513-3B88-4BFD-B44C-CE309F8BB4E0}.Release|x64.ActiveCfg = Release|Any CPU
		{D7A14513-3B88-4BFD-B44C-CE309F8BB4E0}.Release|x64.Build.0 = Release|Any CPU
		{D7A14513-3B88-4BFD-B44C-CE309F8BB4E0}.Release|x86.ActiveCfg = Release|Any CPU
		{D7A14513-3B88-4BFD-B44C-CE309F8BB4E0}.Release|x86.Build.0 = Release|Any CPU
		{A7C3A24B-3E64-4D69-9D9C-9C37CD8989D3}.Ad-Hoc|Any CPU.ActiveCfg = Release|x86
		{A7C3A24B-3E64-4D69-9D9C-9C37CD8989D3}.Ad-Hoc|Any CPU.Build.0 = Release|x86
		{A7C3A24B-3E64-4D69-9D9C-9C37CD8989D3}.Ad-Hoc|Any CPU.Deploy.0 = Release|x86
		{A7C3A24B-3E64-4D69-9D9C-9C37CD8989D3}.Ad-Hoc|ARM.ActiveCfg = Release|ARM
		{A7C3A24B-3E64-4D69-9D9C-9C37CD8989D3}.Ad-Hoc|ARM.Build.0 = Release|ARM
		{A7C3A24B-3E64-4D69-9D9C-9C37CD8989D3}.Ad-Hoc|ARM.Deploy.0 = Release|ARM
		{A7C3A24B-3E64-4D69-9D9C-9C37CD8989D3}.Ad-Hoc|iPhone.ActiveCfg = Release|x86
		{A7C3A24B-3E64-4D69-9D9C-9C37CD8989D3}.Ad-Hoc|iPhone.Build.0 = Release|x86
		{A7C3A24B-3E64-4D69-9D9C-9C37CD8989D3}.Ad-Hoc|iPhone.Deploy.0 = Release|x86
		{A7C3A24B-3E64-4D69-9D9C-9C37CD8989D3}.Ad-Hoc|iPhoneSimulator.ActiveCfg = Release|x86
		{A7C3A24B-3E64-4D69-9D9C-9C37CD8989D3}.Ad-Hoc|iPhoneSimulator.Build.0 = Release|x86
		{A7C3A24B-3E64-4D69-9D9C-9C37CD8989D3}.Ad-Hoc|iPhoneSimulator.Deploy.0 = Release|x86
		{A7C3A24B-3E64-4D69-9D9C-9C37CD8989D3}.Ad-Hoc|x64.ActiveCfg = Release|x64
		{A7C3A24B-3E64-4D69-9D9C-9C37CD8989D3}.Ad-Hoc|x64.Build.0 = Release|x64
		{A7C3A24B-3E64-4D69-9D9C-9C37CD8989D3}.Ad-Hoc|x64.Deploy.0 = Release|x64
		{A7C3A24B-3E64-4D69-9D9C-9C37CD8989D3}.Ad-Hoc|x86.ActiveCfg = Release|x86
		{A7C3A24B-3E64-4D69-9D9C-9C37CD8989D3}.Ad-Hoc|x86.Build.0 = Release|x86
		{A7C3A24B-3E64-4D69-9D9C-9C37CD8989D3}.Ad-Hoc|x86.Deploy.0 = Release|x86
		{A7C3A24B-3E64-4D69-9D9C-9C37CD8989D3}.AppStore|Any CPU.ActiveCfg = Release|x86
		{A7C3A24B-3E64-4D69-9D9C-9C37CD8989D3}.AppStore|Any CPU.Build.0 = Release|x86
		{A7C3A24B-3E64-4D69-9D9C-9C37CD8989D3}.AppStore|Any CPU.Deploy.0 = Release|x86
		{A7C3A24B-3E64-4D69-9D9C-9C37CD8989D3}.AppStore|ARM.ActiveCfg = Release|ARM
		{A7C3A24B-3E64-4D69-9D9C-9C37CD8989D3}.AppStore|ARM.Build.0 = Release|ARM
		{A7C3A24B-3E64-4D69-9D9C-9C37CD8989D3}.AppStore|ARM.Deploy.0 = Release|ARM
		{A7C3A24B-3E64-4D69-9D9C-9C37CD8989D3}.AppStore|iPhone.ActiveCfg = Release|x86
		{A7C3A24B-3E64-4D69-9D9C-9C37CD8989D3}.AppStore|iPhone.Build.0 = Release|x86
		{A7C3A24B-3E64-4D69-9D9C-9C37CD8989D3}.AppStore|iPhone.Deploy.0 = Release|x86
		{A7C3A24B-3E64-4D69-9D9C-9C37CD8989D3}.AppStore|iPhoneSimulator.ActiveCfg = Release|x86
		{A7C3A24B-3E64-4D69-9D9C-9C37CD8989D3}.AppStore|iPhoneSimulator.Build.0 = Release|x86
		{A7C3A24B-3E64-4D69-9D9C-9C37CD8989D3}.AppStore|iPhoneSimulator.Deploy.0 = Release|x86
		{A7C3A24B-3E64-4D69-9D9C-9C37CD8989D3}.AppStore|x64.ActiveCfg = Release|x64
		{A7C3A24B-3E64-4D69-9D9C-9C37CD8989D3}.AppStore|x64.Build.0 = Release|x64
		{A7C3A24B-3E64-4D69-9D9C-9C37CD8989D3}.AppStore|x64.Deploy.0 = Release|x64
		{A7C3A24B-3E64-4D69-9D9C-9C37CD8989D3}.AppStore|x86.ActiveCfg = Release|x86
		{A7C3A24B-3E64-4D69-9D9C-9C37CD8989D3}.AppStore|x86.Build.0 = Release|x86
		{A7C3A24B-3E64-4D69-9D9C-9C37CD8989D3}.AppStore|x86.Deploy.0 = Release|x86
		{A7C3A24B-3E64-4D69-9D9C-9C37CD8989D3}.Debug|Any CPU.ActiveCfg = Debug|x86
		{A7C3A24B-3E64-4D69-9D9C-9C37CD8989D3}.Debug|ARM.ActiveCfg = Debug|ARM
		{A7C3A24B-3E64-4D69-9D9C-9C37CD8989D3}.Debug|ARM.Build.0 = Debug|ARM
		{A7C3A24B-3E64-4D69-9D9C-9C37CD8989D3}.Debug|ARM.Deploy.0 = Debug|ARM
		{A7C3A24B-3E64-4D69-9D9C-9C37CD8989D3}.Debug|iPhone.ActiveCfg = Debug|x86
		{A7C3A24B-3E64-4D69-9D9C-9C37CD8989D3}.Debug|iPhoneSimulator.ActiveCfg = Debug|x86
		{A7C3A24B-3E64-4D69-9D9C-9C37CD8989D3}.Debug|x64.ActiveCfg = Debug|x64
		{A7C3A24B-3E64-4D69-9D9C-9C37CD8989D3}.Debug|x64.Build.0 = Debug|x64
		{A7C3A24B-3E64-4D69-9D9C-9C37CD8989D3}.Debug|x64.Deploy.0 = Debug|x64
		{A7C3A24B-3E64-4D69-9D9C-9C37CD8989D3}.Debug|x86.ActiveCfg = Debug|x86
		{A7C3A24B-3E64-4D69-9D9C-9C37CD8989D3}.Debug|x86.Build.0 = Debug|x86
		{A7C3A24B-3E64-4D69-9D9C-9C37CD8989D3}.Debug|x86.Deploy.0 = Debug|x86
		{A7C3A24B-3E64-4D69-9D9C-9C37CD8989D3}.Release|Any CPU.ActiveCfg = Release|x86
		{A7C3A24B-3E64-4D69-9D9C-9C37CD8989D3}.Release|ARM.ActiveCfg = Release|ARM
		{A7C3A24B-3E64-4D69-9D9C-9C37CD8989D3}.Release|ARM.Build.0 = Release|ARM
		{A7C3A24B-3E64-4D69-9D9C-9C37CD8989D3}.Release|ARM.Deploy.0 = Release|ARM
		{A7C3A24B-3E64-4D69-9D9C-9C37CD8989D3}.Release|iPhone.ActiveCfg = Release|x86
		{A7C3A24B-3E64-4D69-9D9C-9C37CD8989D3}.Release|iPhoneSimulator.ActiveCfg = Release|x86
		{A7C3A24B-3E64-4D69-9D9C-9C37CD8989D3}.Release|x64.ActiveCfg = Release|x64
		{A7C3A24B-3E64-4D69-9D9C-9C37CD8989D3}.Release|x64.Build.0 = Release|x64
		{A7C3A24B-3E64-4D69-9D9C-9C37CD8989D3}.Release|x64.Deploy.0 = Release|x64
		{A7C3A24B-3E64-4D69-9D9C-9C37CD8989D3}.Release|x86.ActiveCfg = Release|x86
		{A7C3A24B-3E64-4D69-9D9C-9C37CD8989D3}.Release|x86.Build.0 = Release|x86
		{A7C3A24B-3E64-4D69-9D9C-9C37CD8989D3}.Release|x86.Deploy.0 = Release|x86
		{1BC5CD95-0FCF-4683-B6E1-2690FB571D52}.Ad-Hoc|Any CPU.ActiveCfg = Ad-Hoc|iPhone
		{1BC5CD95-0FCF-4683-B6E1-2690FB571D52}.Ad-Hoc|ARM.ActiveCfg = Ad-Hoc|iPhone
		{1BC5CD95-0FCF-4683-B6E1-2690FB571D52}.Ad-Hoc|iPhone.ActiveCfg = Ad-Hoc|iPhone
		{1BC5CD95-0FCF-4683-B6E1-2690FB571D52}.Ad-Hoc|iPhone.Build.0 = Ad-Hoc|iPhone
		{1BC5CD95-0FCF-4683-B6E1-2690FB571D52}.Ad-Hoc|iPhoneSimulator.ActiveCfg = Ad-Hoc|iPhoneSimulator
		{1BC5CD95-0FCF-4683-B6E1-2690FB571D52}.Ad-Hoc|iPhoneSimulator.Build.0 = Ad-Hoc|iPhoneSimulator
		{1BC5CD95-0FCF-4683-B6E1-2690FB571D52}.Ad-Hoc|x64.ActiveCfg = Ad-Hoc|iPhone
		{1BC5CD95-0FCF-4683-B6E1-2690FB571D52}.Ad-Hoc|x86.ActiveCfg = Ad-Hoc|iPhone
		{1BC5CD95-0FCF-4683-B6E1-2690FB571D52}.AppStore|Any CPU.ActiveCfg = AppStore|iPhone
		{1BC5CD95-0FCF-4683-B6E1-2690FB571D52}.AppStore|ARM.ActiveCfg = AppStore|iPhone
		{1BC5CD95-0FCF-4683-B6E1-2690FB571D52}.AppStore|iPhone.ActiveCfg = AppStore|iPhone
		{1BC5CD95-0FCF-4683-B6E1-2690FB571D52}.AppStore|iPhone.Build.0 = AppStore|iPhone
		{1BC5CD95-0FCF-4683-B6E1-2690FB571D52}.AppStore|iPhoneSimulator.ActiveCfg = AppStore|iPhoneSimulator
		{1BC5CD95-0FCF-4683-B6E1-2690FB571D52}.AppStore|iPhoneSimulator.Build.0 = AppStore|iPhoneSimulator
		{1BC5CD95-0FCF-4683-B6E1-2690FB571D52}.AppStore|x64.ActiveCfg = AppStore|iPhone
		{1BC5CD95-0FCF-4683-B6E1-2690FB571D52}.AppStore|x86.ActiveCfg = AppStore|iPhone
		{1BC5CD95-0FCF-4683-B6E1-2690FB571D52}.Debug|Any CPU.ActiveCfg = Debug|iPhone
		{1BC5CD95-0FCF-4683-B6E1-2690FB571D52}.Debug|ARM.ActiveCfg = Debug|iPhone
		{1BC5CD95-0FCF-4683-B6E1-2690FB571D52}.Debug|iPhone.ActiveCfg = Debug|iPhone
		{1BC5CD95-0FCF-4683-B6E1-2690FB571D52}.Debug|iPhone.Build.0 = Debug|iPhone
		{1BC5CD95-0FCF-4683-B6E1-2690FB571D52}.Debug|iPhoneSimulator.ActiveCfg = Debug|iPhoneSimulator
		{1BC5CD95-0FCF-4683-B6E1-2690FB571D52}.Debug|iPhoneSimulator.Build.0 = Debug|iPhoneSimulator
		{1BC5CD95-0FCF-4683-B6E1-2690FB571D52}.Debug|x64.ActiveCfg = Debug|iPhone
		{1BC5CD95-0FCF-4683-B6E1-2690FB571D52}.Debug|x86.ActiveCfg = Debug|iPhone
		{1BC5CD95-0FCF-4683-B6E1-2690FB571D52}.Release|Any CPU.ActiveCfg = Release|iPhone
		{1BC5CD95-0FCF-4683-B6E1-2690FB571D52}.Release|ARM.ActiveCfg = Release|iPhone
		{1BC5CD95-0FCF-4683-B6E1-2690FB571D52}.Release|iPhone.ActiveCfg = Release|iPhone
		{1BC5CD95-0FCF-4683-B6E1-2690FB571D52}.Release|iPhone.Build.0 = Release|iPhone
		{1BC5CD95-0FCF-4683-B6E1-2690FB571D52}.Release|iPhoneSimulator.ActiveCfg = Release|iPhoneSimulator
		{1BC5CD95-0FCF-4683-B6E1-2690FB571D52}.Release|iPhoneSimulator.Build.0 = Release|iPhoneSimulator
		{1BC5CD95-0FCF-4683-B6E1-2690FB571D52}.Release|x64.ActiveCfg = Release|iPhone
		{1BC5CD95-0FCF-4683-B6E1-2690FB571D52}.Release|x86.ActiveCfg = Release|iPhone
	EndGlobalSection
	GlobalSection(SolutionProperties) = preSolution
		HideSolutionNode = FALSE
	EndGlobalSection
	GlobalSection(ExtensibilityGlobals) = postSolution
		SolutionGuid = {45CBCD5E-6AC3-4014-9BC5-33BE90FB82AD}
	EndGlobalSection
EndGlobal
