
Microsoft Visual Studio Solution File, Format Version 12.00
# Visual Studio 14
VisualStudioVersion = 14.0.25420.1
MinimumVisualStudioVersion = 10.0.40219.1
Project("{FAE04EC0-301F-11D3-BF4B-00C04F79EFBC}") = "App05.Android", "App05\App05.Android\App05.Android.csproj", "{3B4DE785-F154-4218-8316-ADB3229F46A2}"
EndProject
Project("{FAE04EC0-301F-11D3-BF4B-00C04F79EFBC}") = "App05", "App05\App05\App05.csproj", "{B830C975-F7EE-4228-BEAF-A624905CE0D6}"
EndProject
Project("{FAE04EC0-301F-11D3-BF4B-00C04F79EFBC}") = "App05.iOS", "App05\App05.iOS\App05.iOS.csproj", "{AABDA420-C432-4BB3-86BF-E2A316F795C8}"
EndProject
Global
	GlobalSection(SolutionConfigurationPlatforms) = preSolution
		Ad-Hoc|Any CPU = Ad-Hoc|Any CPU
		Ad-Hoc|iPhone = Ad-Hoc|iPhone
		Ad-Hoc|iPhoneSimulator = Ad-Hoc|iPhoneSimulator
		AppStore|Any CPU = AppStore|Any CPU
		AppStore|iPhone = AppStore|iPhone
		AppStore|iPhoneSimulator = AppStore|iPhoneSimulator
		Debug|Any CPU = Debug|Any CPU
		Debug|iPhone = Debug|iPhone
		Debug|iPhoneSimulator = Debug|iPhoneSimulator
		Release|Any CPU = Release|Any CPU
		Release|iPhone = Release|iPhone
		Release|iPhoneSimulator = Release|iPhoneSimulator
	EndGlobalSection
	GlobalSection(ProjectConfigurationPlatforms) = postSolution
		{3B4DE785-F154-4218-8316-ADB3229F46A2}.Ad-Hoc|Any CPU.ActiveCfg = Release|Any CPU
		{3B4DE785-F154-4218-8316-ADB3229F46A2}.Ad-Hoc|Any CPU.Build.0 = Release|Any CPU
		{3B4DE785-F154-4218-8316-ADB3229F46A2}.Ad-Hoc|Any CPU.Deploy.0 = Release|Any CPU
		{3B4DE785-F154-4218-8316-ADB3229F46A2}.Ad-Hoc|iPhone.ActiveCfg = Release|Any CPU
		{3B4DE785-F154-4218-8316-ADB3229F46A2}.Ad-Hoc|iPhone.Build.0 = Release|Any CPU
		{3B4DE785-F154-4218-8316-ADB3229F46A2}.Ad-Hoc|iPhone.Deploy.0 = Release|Any CPU
		{3B4DE785-F154-4218-8316-ADB3229F46A2}.Ad-Hoc|iPhoneSimulator.ActiveCfg = Release|Any CPU
		{3B4DE785-F154-4218-8316-ADB3229F46A2}.Ad-Hoc|iPhoneSimulator.Build.0 = Release|Any CPU
		{3B4DE785-F154-4218-8316-ADB3229F46A2}.Ad-Hoc|iPhoneSimulator.Deploy.0 = Release|Any CPU
		{3B4DE785-F154-4218-8316-ADB3229F46A2}.AppStore|Any CPU.ActiveCfg = Release|Any CPU
		{3B4DE785-F154-4218-8316-ADB3229F46A2}.AppStore|Any CPU.Build.0 = Release|Any CPU
		{3B4DE785-F154-4218-8316-ADB3229F46A2}.AppStore|Any CPU.Deploy.0 = Release|Any CPU
		{3B4DE785-F154-4218-8316-ADB3229F46A2}.AppStore|iPhone.ActiveCfg = Release|Any CPU
		{3B4DE785-F154-4218-8316-ADB3229F46A2}.AppStore|iPhone.Build.0 = Release|Any CPU
		{3B4DE785-F154-4218-8316-ADB3229F46A2}.AppStore|iPhone.Deploy.0 = Release|Any CPU
		{3B4DE785-F154-4218-8316-ADB3229F46A2}.AppStore|iPhoneSimulator.ActiveCfg = Release|Any CPU
		{3B4DE785-F154-4218-8316-ADB3229F46A2}.AppStore|iPhoneSimulator.Build.0 = Release|Any CPU
		{3B4DE785-F154-4218-8316-ADB3229F46A2}.AppStore|iPhoneSimulator.Deploy.0 = Release|Any CPU
		{3B4DE785-F154-4218-8316-ADB3229F46A2}.Debug|Any CPU.ActiveCfg = Debug|Any CPU
		{3B4DE785-F154-4218-8316-ADB3229F46A2}.Debug|Any CPU.Build.0 = Debug|Any CPU
		{3B4DE785-F154-4218-8316-ADB3229F46A2}.Debug|Any CPU.Deploy.0 = Debug|Any CPU
		{3B4DE785-F154-4218-8316-ADB3229F46A2}.Debug|iPhone.ActiveCfg = Debug|Any CPU
		{3B4DE785-F154-4218-8316-ADB3229F46A2}.Debug|iPhone.Build.0 = Debug|Any CPU
		{3B4DE785-F154-4218-8316-ADB3229F46A2}.Debug|iPhone.Deploy.0 = Debug|Any CPU
		{3B4DE785-F154-4218-8316-ADB3229F46A2}.Debug|iPhoneSimulator.ActiveCfg = Debug|Any CPU
		{3B4DE785-F154-4218-8316-ADB3229F46A2}.Debug|iPhoneSimulator.Build.0 = Debug|Any CPU
		{3B4DE785-F154-4218-8316-ADB3229F46A2}.Debug|iPhoneSimulator.Deploy.0 = Debug|Any CPU
		{3B4DE785-F154-4218-8316-ADB3229F46A2}.Release|Any CPU.ActiveCfg = Release|Any CPU
		{3B4DE785-F154-4218-8316-ADB3229F46A2}.Release|Any CPU.Build.0 = Release|Any CPU
		{3B4DE785-F154-4218-8316-ADB3229F46A2}.Release|Any CPU.Deploy.0 = Release|Any CPU
		{3B4DE785-F154-4218-8316-ADB3229F46A2}.Release|iPhone.ActiveCfg = Release|Any CPU
		{3B4DE785-F154-4218-8316-ADB3229F46A2}.Release|iPhone.Build.0 = Release|Any CPU
		{3B4DE785-F154-4218-8316-ADB3229F46A2}.Release|iPhone.Deploy.0 = Release|Any CPU
		{3B4DE785-F154-4218-8316-ADB3229F46A2}.Release|iPhoneSimulator.ActiveCfg = Release|Any CPU
		{3B4DE785-F154-4218-8316-ADB3229F46A2}.Release|iPhoneSimulator.Build.0 = Release|Any CPU
		{3B4DE785-F154-4218-8316-ADB3229F46A2}.Release|iPhoneSimulator.Deploy.0 = Release|Any CPU
		{B830C975-F7EE-4228-BEAF-A624905CE0D6}.Ad-Hoc|Any CPU.ActiveCfg = Release|Any CPU
		{B830C975-F7EE-4228-BEAF-A624905CE0D6}.Ad-Hoc|Any CPU.Build.0 = Release|Any CPU
		{B830C975-F7EE-4228-BEAF-A624905CE0D6}.Ad-Hoc|iPhone.ActiveCfg = Release|Any CPU
		{B830C975-F7EE-4228-BEAF-A624905CE0D6}.Ad-Hoc|iPhone.Build.0 = Release|Any CPU
		{B830C975-F7EE-4228-BEAF-A624905CE0D6}.Ad-Hoc|iPhoneSimulator.ActiveCfg = Release|Any CPU
		{B830C975-F7EE-4228-BEAF-A624905CE0D6}.Ad-Hoc|iPhoneSimulator.Build.0 = Release|Any CPU
		{B830C975-F7EE-4228-BEAF-A624905CE0D6}.AppStore|Any CPU.ActiveCfg = Release|Any CPU
		{B830C975-F7EE-4228-BEAF-A624905CE0D6}.AppStore|Any CPU.Build.0 = Release|Any CPU
		{B830C975-F7EE-4228-BEAF-A624905CE0D6}.AppStore|iPhone.ActiveCfg = Release|Any CPU
		{B830C975-F7EE-4228-BEAF-A624905CE0D6}.AppStore|iPhone.Build.0 = Release|Any CPU
		{B830C975-F7EE-4228-BEAF-A624905CE0D6}.AppStore|iPhoneSimulator.ActiveCfg = Release|Any CPU
		{B830C975-F7EE-4228-BEAF-A624905CE0D6}.AppStore|iPhoneSimulator.Build.0 = Release|Any CPU
		{B830C975-F7EE-4228-BEAF-A624905CE0D6}.Debug|Any CPU.ActiveCfg = Debug|Any CPU
		{B830C975-F7EE-4228-BEAF-A624905CE0D6}.Debug|Any CPU.Build.0 = Debug|Any CPU
		{B830C975-F7EE-4228-BEAF-A624905CE0D6}.Debug|iPhone.ActiveCfg = Debug|Any CPU
		{B830C975-F7EE-4228-BEAF-A624905CE0D6}.Debug|iPhone.Build.0 = Debug|Any CPU
		{B830C975-F7EE-4228-BEAF-A624905CE0D6}.Debug|iPhoneSimulator.ActiveCfg = Debug|Any CPU
		{B830C975-F7EE-4228-BEAF-A624905CE0D6}.Debug|iPhoneSimulator.Build.0 = Debug|Any CPU
		{B830C975-F7EE-4228-BEAF-A624905CE0D6}.Release|Any CPU.ActiveCfg = Release|Any CPU
		{B830C975-F7EE-4228-BEAF-A624905CE0D6}.Release|Any CPU.Build.0 = Release|Any CPU
		{B830C975-F7EE-4228-BEAF-A624905CE0D6}.Release|iPhone.ActiveCfg = Release|Any CPU
		{B830C975-F7EE-4228-BEAF-A624905CE0D6}.Release|iPhone.Build.0 = Release|Any CPU
		{B830C975-F7EE-4228-BEAF-A624905CE0D6}.Release|iPhoneSimulator.ActiveCfg = Release|Any CPU
		{B830C975-F7EE-4228-BEAF-A624905CE0D6}.Release|iPhoneSimulator.Build.0 = Release|Any CPU
		{AABDA420-C432-4BB3-86BF-E2A316F795C8}.Ad-Hoc|Any CPU.ActiveCfg = Ad-Hoc|iPhone
		{AABDA420-C432-4BB3-86BF-E2A316F795C8}.Ad-Hoc|iPhone.ActiveCfg = Ad-Hoc|iPhone
		{AABDA420-C432-4BB3-86BF-E2A316F795C8}.Ad-Hoc|iPhone.Build.0 = Ad-Hoc|iPhone
		{AABDA420-C432-4BB3-86BF-E2A316F795C8}.Ad-Hoc|iPhoneSimulator.ActiveCfg = Ad-Hoc|iPhoneSimulator
		{AABDA420-C432-4BB3-86BF-E2A316F795C8}.Ad-Hoc|iPhoneSimulator.Build.0 = Ad-Hoc|iPhoneSimulator
		{AABDA420-C432-4BB3-86BF-E2A316F795C8}.AppStore|Any CPU.ActiveCfg = AppStore|iPhone
		{AABDA420-C432-4BB3-86BF-E2A316F795C8}.AppStore|iPhone.ActiveCfg = AppStore|iPhone
		{AABDA420-C432-4BB3-86BF-E2A316F795C8}.AppStore|iPhone.Build.0 = AppStore|iPhone
		{AABDA420-C432-4BB3-86BF-E2A316F795C8}.AppStore|iPhoneSimulator.ActiveCfg = AppStore|iPhoneSimulator
		{AABDA420-C432-4BB3-86BF-E2A316F795C8}.AppStore|iPhoneSimulator.Build.0 = AppStore|iPhoneSimulator
		{AABDA420-C432-4BB3-86BF-E2A316F795C8}.Debug|Any CPU.ActiveCfg = Debug|iPhone
		{AABDA420-C432-4BB3-86BF-E2A316F795C8}.Debug|iPhone.ActiveCfg = Debug|iPhone
		{AABDA420-C432-4BB3-86BF-E2A316F795C8}.Debug|iPhone.Build.0 = Debug|iPhone
		{AABDA420-C432-4BB3-86BF-E2A316F795C8}.Debug|iPhoneSimulator.ActiveCfg = Debug|iPhoneSimulator
		{AABDA420-C432-4BB3-86BF-E2A316F795C8}.Debug|iPhoneSimulator.Build.0 = Debug|iPhoneSimulator
		{AABDA420-C432-4BB3-86BF-E2A316F795C8}.Release|Any CPU.ActiveCfg = Release|iPhone
		{AABDA420-C432-4BB3-86BF-E2A316F795C8}.Release|iPhone.ActiveCfg = Release|iPhone
		{AABDA420-C432-4BB3-86BF-E2A316F795C8}.Release|iPhone.Build.0 = Release|iPhone
		{AABDA420-C432-4BB3-86BF-E2A316F795C8}.Release|iPhoneSimulator.ActiveCfg = Release|iPhoneSimulator
		{AABDA420-C432-4BB3-86BF-E2A316F795C8}.Release|iPhoneSimulator.Build.0 = Release|iPhoneSimulator
	EndGlobalSection
	GlobalSection(SolutionProperties) = preSolution
		HideSolutionNode = FALSE
	EndGlobalSection
EndGlobal
