
Microsoft Visual Studio Solution File, Format Version 12.00
# Visual Studio 14
VisualStudioVersion = 14.0.25420.1
MinimumVisualStudioVersion = 10.0.40219.1
Project("{FAE04EC0-301F-11D3-BF4B-00C04F79EFBC}") = "Nav.Android", "Nav\Nav.Android\Nav.Android.csproj", "{0BA953B9-5650-4E12-87E3-067BD721424E}"
EndProject
Project("{FAE04EC0-301F-11D3-BF4B-00C04F79EFBC}") = "Nav", "Nav\Nav\Nav.csproj", "{789B01E0-BD69-4505-801E-DCC999D29C41}"
EndProject
Project("{FAE04EC0-301F-11D3-BF4B-00C04F79EFBC}") = "Nav.UWP", "Nav\Nav.UWP\Nav.UWP.csproj", "{70F76AB7-523F-4923-B51B-F00BDEBEBDC9}"
EndProject
Project("{FAE04EC0-301F-11D3-BF4B-00C04F79EFBC}") = "Nav.iOS", "Nav\Nav.iOS\Nav.iOS.csproj", "{3806E762-393B-4BA3-B3F3-5C7DEF4A0B0C}"
EndProject
Global
	GlobalSection(SolutionConfigurationPlatforms) = preSolution
		Ad-Hoc|Any CPU = Ad-Hoc|Any CPU
		Ad-Hoc|ARM = Ad-Hoc|ARM
		Ad-Hoc|iPhone = Ad-Hoc|iPhone
		Ad-Hoc|iPhoneSimulator = Ad-Hoc|iPhoneSimulator
		Ad-Hoc|x64 = Ad-Hoc|x64
		Ad-Hoc|x86 = Ad-Hoc|x86
		AppStore|Any CPU = AppStore|Any CPU
		AppStore|ARM = AppStore|ARM
		AppStore|iPhone = AppStore|iPhone
		AppStore|iPhoneSimulator = AppStore|iPhoneSimulator
		AppStore|x64 = AppStore|x64
		AppStore|x86 = AppStore|x86
		Debug|Any CPU = Debug|Any CPU
		Debug|ARM = Debug|ARM
		Debug|iPhone = Debug|iPhone
		Debug|iPhoneSimulator = Debug|iPhoneSimulator
		Debug|x64 = Debug|x64
		Debug|x86 = Debug|x86
		Release|Any CPU = Release|Any CPU
		Release|ARM = Release|ARM
		Release|iPhone = Release|iPhone
		Release|iPhoneSimulator = Release|iPhoneSimulator
		Release|x64 = Release|x64
		Release|x86 = Release|x86
	EndGlobalSection
	GlobalSection(ProjectConfigurationPlatforms) = postSolution
		{0BA953B9-5650-4E12-87E3-067BD721424E}.Ad-Hoc|Any CPU.ActiveCfg = Release|Any CPU
		{0BA953B9-5650-4E12-87E3-067BD721424E}.Ad-Hoc|Any CPU.Build.0 = Release|Any CPU
		{0BA953B9-5650-4E12-87E3-067BD721424E}.Ad-Hoc|Any CPU.Deploy.0 = Release|Any CPU
		{0BA953B9-5650-4E12-87E3-067BD721424E}.Ad-Hoc|ARM.ActiveCfg = Release|Any CPU
		{0BA953B9-5650-4E12-87E3-067BD721424E}.Ad-Hoc|ARM.Build.0 = Release|Any CPU
		{0BA953B9-5650-4E12-87E3-067BD721424E}.Ad-Hoc|ARM.Deploy.0 = Release|Any CPU
		{0BA953B9-5650-4E12-87E3-067BD721424E}.Ad-Hoc|iPhone.ActiveCfg = Release|Any CPU
		{0BA953B9-5650-4E12-87E3-067BD721424E}.Ad-Hoc|iPhone.Build.0 = Release|Any CPU
		{0BA953B9-5650-4E12-87E3-067BD721424E}.Ad-Hoc|iPhone.Deploy.0 = Release|Any CPU
		{0BA953B9-5650-4E12-87E3-067BD721424E}.Ad-Hoc|iPhoneSimulator.ActiveCfg = Release|Any CPU
		{0BA953B9-5650-4E12-87E3-067BD721424E}.Ad-Hoc|iPhoneSimulator.Build.0 = Release|Any CPU
		{0BA953B9-5650-4E12-87E3-067BD721424E}.Ad-Hoc|iPhoneSimulator.Deploy.0 = Release|Any CPU
		{0BA953B9-5650-4E12-87E3-067BD721424E}.Ad-Hoc|x64.ActiveCfg = Release|Any CPU
		{0BA953B9-5650-4E12-87E3-067BD721424E}.Ad-Hoc|x64.Build.0 = Release|Any CPU
		{0BA953B9-5650-4E12-87E3-067BD721424E}.Ad-Hoc|x64.Deploy.0 = Release|Any CPU
		{0BA953B9-5650-4E12-87E3-067BD721424E}.Ad-Hoc|x86.ActiveCfg = Release|Any CPU
		{0BA953B9-5650-4E12-87E3-067BD721424E}.Ad-Hoc|x86.Build.0 = Release|Any CPU
		{0BA953B9-5650-4E12-87E3-067BD721424E}.Ad-Hoc|x86.Deploy.0 = Release|Any CPU
		{0BA953B9-5650-4E12-87E3-067BD721424E}.AppStore|Any CPU.ActiveCfg = Release|Any CPU
		{0BA953B9-5650-4E12-87E3-067BD721424E}.AppStore|Any CPU.Build.0 = Release|Any CPU
		{0BA953B9-5650-4E12-87E3-067BD721424E}.AppStore|Any CPU.Deploy.0 = Release|Any CPU
		{0BA953B9-5650-4E12-87E3-067BD721424E}.AppStore|ARM.ActiveCfg = Release|Any CPU
		{0BA953B9-5650-4E12-87E3-067BD721424E}.AppStore|ARM.Build.0 = Release|Any CPU
		{0BA953B9-5650-4E12-87E3-067BD721424E}.AppStore|ARM.Deploy.0 = Release|Any CPU
		{0BA953B9-5650-4E12-87E3-067BD721424E}.AppStore|iPhone.ActiveCfg = Release|Any CPU
		{0BA953B9-5650-4E12-87E3-067BD721424E}.AppStore|iPhone.Build.0 = Release|Any CPU
		{0BA953B9-5650-4E12-87E3-067BD721424E}.AppStore|iPhone.Deploy.0 = Release|Any CPU
		{0BA953B9-5650-4E12-87E3-067BD721424E}.AppStore|iPhoneSimulator.ActiveCfg = Release|Any CPU
		{0BA953B9-5650-4E12-87E3-067BD721424E}.AppStore|iPhoneSimulator.Build.0 = Release|Any CPU
		{0BA953B9-5650-4E12-87E3-067BD721424E}.AppStore|iPhoneSimulator.Deploy.0 = Release|Any CPU
		{0BA953B9-5650-4E12-87E3-067BD721424E}.AppStore|x64.ActiveCfg = Release|Any CPU
		{0BA953B9-5650-4E12-87E3-067BD721424E}.AppStore|x64.Build.0 = Release|Any CPU
		{0BA953B9-5650-4E12-87E3-067BD721424E}.AppStore|x64.Deploy.0 = Release|Any CPU
		{0BA953B9-5650-4E12-87E3-067BD721424E}.AppStore|x86.ActiveCfg = Release|Any CPU
		{0BA953B9-5650-4E12-87E3-067BD721424E}.AppStore|x86.Build.0 = Release|Any CPU
		{0BA953B9-5650-4E12-87E3-067BD721424E}.AppStore|x86.Deploy.0 = Release|Any CPU
		{0BA953B9-5650-4E12-87E3-067BD721424E}.Debug|Any CPU.ActiveCfg = Debug|Any CPU
		{0BA953B9-5650-4E12-87E3-067BD721424E}.Debug|Any CPU.Build.0 = Debug|Any CPU
		{0BA953B9-5650-4E12-87E3-067BD721424E}.Debug|Any CPU.Deploy.0 = Debug|Any CPU
		{0BA953B9-5650-4E12-87E3-067BD721424E}.Debug|ARM.ActiveCfg = Debug|Any CPU
		{0BA953B9-5650-4E12-87E3-067BD721424E}.Debug|ARM.Build.0 = Debug|Any CPU
		{0BA953B9-5650-4E12-87E3-067BD721424E}.Debug|ARM.Deploy.0 = Debug|Any CPU
		{0BA953B9-5650-4E12-87E3-067BD721424E}.Debug|iPhone.ActiveCfg = Debug|Any CPU
		{0BA953B9-5650-4E12-87E3-067BD721424E}.Debug|iPhone.Build.0 = Debug|Any CPU
		{0BA953B9-5650-4E12-87E3-067BD721424E}.Debug|iPhone.Deploy.0 = Debug|Any CPU
		{0BA953B9-5650-4E12-87E3-067BD721424E}.Debug|iPhoneSimulator.ActiveCfg = Debug|Any CPU
		{0BA953B9-5650-4E12-87E3-067BD721424E}.Debug|iPhoneSimulator.Build.0 = Debug|Any CPU
		{0BA953B9-5650-4E12-87E3-067BD721424E}.Debug|iPhoneSimulator.Deploy.0 = Debug|Any CPU
		{0BA953B9-5650-4E12-87E3-067BD721424E}.Debug|x64.ActiveCfg = Debug|Any CPU
		{0BA953B9-5650-4E12-87E3-067BD721424E}.Debug|x64.Build.0 = Debug|Any CPU
		{0BA953B9-5650-4E12-87E3-067BD721424E}.Debug|x64.Deploy.0 = Debug|Any CPU
		{0BA953B9-5650-4E12-87E3-067BD721424E}.Debug|x86.ActiveCfg = Debug|Any CPU
		{0BA953B9-5650-4E12-87E3-067BD721424E}.Debug|x86.Build.0 = Debug|Any CPU
		{0BA953B9-5650-4E12-87E3-067BD721424E}.Debug|x86.Deploy.0 = Debug|Any CPU
		{0BA953B9-5650-4E12-87E3-067BD721424E}.Release|Any CPU.ActiveCfg = Release|Any CPU
		{0BA953B9-5650-4E12-87E3-067BD721424E}.Release|Any CPU.Build.0 = Release|Any CPU
		{0BA953B9-5650-4E12-87E3-067BD721424E}.Release|Any CPU.Deploy.0 = Release|Any CPU
		{0BA953B9-5650-4E12-87E3-067BD721424E}.Release|ARM.ActiveCfg = Release|Any CPU
		{0BA953B9-5650-4E12-87E3-067BD721424E}.Release|ARM.Build.0 = Release|Any CPU
		{0BA953B9-5650-4E12-87E3-067BD721424E}.Release|ARM.Deploy.0 = Release|Any CPU
		{0BA953B9-5650-4E12-87E3-067BD721424E}.Release|iPhone.ActiveCfg = Release|Any CPU
		{0BA953B9-5650-4E12-87E3-067BD721424E}.Release|iPhone.Build.0 = Release|Any CPU
		{0BA953B9-5650-4E12-87E3-067BD721424E}.Release|iPhone.Deploy.0 = Release|Any CPU
		{0BA953B9-5650-4E12-87E3-067BD721424E}.Release|iPhoneSimulator.ActiveCfg = Release|Any CPU
		{0BA953B9-5650-4E12-87E3-067BD721424E}.Release|iPhoneSimulator.Build.0 = Release|Any CPU
		{0BA953B9-5650-4E12-87E3-067BD721424E}.Release|iPhoneSimulator.Deploy.0 = Release|Any CPU
		{0BA953B9-5650-4E12-87E3-067BD721424E}.Release|x64.ActiveCfg = Release|Any CPU
		{0BA953B9-5650-4E12-87E3-067BD721424E}.Release|x64.Build.0 = Release|Any CPU
		{0BA953B9-5650-4E12-87E3-067BD721424E}.Release|x64.Deploy.0 = Release|Any CPU
		{0BA953B9-5650-4E12-87E3-067BD721424E}.Release|x86.ActiveCfg = Release|Any CPU
		{0BA953B9-5650-4E12-87E3-067BD721424E}.Release|x86.Build.0 = Release|Any CPU
		{0BA953B9-5650-4E12-87E3-067BD721424E}.Release|x86.Deploy.0 = Release|Any CPU
		{789B01E0-BD69-4505-801E-DCC999D29C41}.Ad-Hoc|Any CPU.ActiveCfg = Release|Any CPU
		{789B01E0-BD69-4505-801E-DCC999D29C41}.Ad-Hoc|Any CPU.Build.0 = Release|Any CPU
		{789B01E0-BD69-4505-801E-DCC999D29C41}.Ad-Hoc|ARM.ActiveCfg = Release|Any CPU
		{789B01E0-BD69-4505-801E-DCC999D29C41}.Ad-Hoc|ARM.Build.0 = Release|Any CPU
		{789B01E0-BD69-4505-801E-DCC999D29C41}.Ad-Hoc|iPhone.ActiveCfg = Release|Any CPU
		{789B01E0-BD69-4505-801E-DCC999D29C41}.Ad-Hoc|iPhone.Build.0 = Release|Any CPU
		{789B01E0-BD69-4505-801E-DCC999D29C41}.Ad-Hoc|iPhoneSimulator.ActiveCfg = Release|Any CPU
		{789B01E0-BD69-4505-801E-DCC999D29C41}.Ad-Hoc|iPhoneSimulator.Build.0 = Release|Any CPU
		{789B01E0-BD69-4505-801E-DCC999D29C41}.Ad-Hoc|x64.ActiveCfg = Release|Any CPU
		{789B01E0-BD69-4505-801E-DCC999D29C41}.Ad-Hoc|x64.Build.0 = Release|Any CPU
		{789B01E0-BD69-4505-801E-DCC999D29C41}.Ad-Hoc|x86.ActiveCfg = Release|Any CPU
		{789B01E0-BD69-4505-801E-DCC999D29C41}.Ad-Hoc|x86.Build.0 = Release|Any CPU
		{789B01E0-BD69-4505-801E-DCC999D29C41}.AppStore|Any CPU.ActiveCfg = Release|Any CPU
		{789B01E0-BD69-4505-801E-DCC999D29C41}.AppStore|Any CPU.Build.0 = Release|Any CPU
		{789B01E0-BD69-4505-801E-DCC999D29C41}.AppStore|ARM.ActiveCfg = Release|Any CPU
		{789B01E0-BD69-4505-801E-DCC999D29C41}.AppStore|ARM.Build.0 = Release|Any CPU
		{789B01E0-BD69-4505-801E-DCC999D29C41}.AppStore|iPhone.ActiveCfg = Release|Any CPU
		{789B01E0-BD69-4505-801E-DCC999D29C41}.AppStore|iPhone.Build.0 = Release|Any CPU
		{789B01E0-BD69-4505-801E-DCC999D29C41}.AppStore|iPhoneSimulator.ActiveCfg = Release|Any CPU
		{789B01E0-BD69-4505-801E-DCC999D29C41}.AppStore|iPhoneSimulator.Build.0 = Release|Any CPU
		{789B01E0-BD69-4505-801E-DCC999D29C41}.AppStore|x64.ActiveCfg = Release|Any CPU
		{789B01E0-BD69-4505-801E-DCC999D29C41}.AppStore|x64.Build.0 = Release|Any CPU
		{789B01E0-BD69-4505-801E-DCC999D29C41}.AppStore|x86.ActiveCfg = Release|Any CPU
		{789B01E0-BD69-4505-801E-DCC999D29C41}.AppStore|x86.Build.0 = Release|Any CPU
		{789B01E0-BD69-4505-801E-DCC999D29C41}.Debug|Any CPU.ActiveCfg = Debug|Any CPU
		{789B01E0-BD69-4505-801E-DCC999D29C41}.Debug|Any CPU.Build.0 = Debug|Any CPU
		{789B01E0-BD69-4505-801E-DCC999D29C41}.Debug|ARM.ActiveCfg = Debug|Any CPU
		{789B01E0-BD69-4505-801E-DCC999D29C41}.Debug|ARM.Build.0 = Debug|Any CPU
		{789B01E0-BD69-4505-801E-DCC999D29C41}.Debug|iPhone.ActiveCfg = Debug|Any CPU
		{789B01E0-BD69-4505-801E-DCC999D29C41}.Debug|iPhone.Build.0 = Debug|Any CPU
		{789B01E0-BD69-4505-801E-DCC999D29C41}.Debug|iPhoneSimulator.ActiveCfg = Debug|Any CPU
		{789B01E0-BD69-4505-801E-DCC999D29C41}.Debug|iPhoneSimulator.Build.0 = Debug|Any CPU
		{789B01E0-BD69-4505-801E-DCC999D29C41}.Debug|x64.ActiveCfg = Debug|Any CPU
		{789B01E0-BD69-4505-801E-DCC999D29C41}.Debug|x64.Build.0 = Debug|Any CPU
		{789B01E0-BD69-4505-801E-DCC999D29C41}.Debug|x86.ActiveCfg = Debug|Any CPU
		{789B01E0-BD69-4505-801E-DCC999D29C41}.Debug|x86.Build.0 = Debug|Any CPU
		{789B01E0-BD69-4505-801E-DCC999D29C41}.Release|Any CPU.ActiveCfg = Release|Any CPU
		{789B01E0-BD69-4505-801E-DCC999D29C41}.Release|Any CPU.Build.0 = Release|Any CPU
		{789B01E0-BD69-4505-801E-DCC999D29C41}.Release|ARM.ActiveCfg = Release|Any CPU
		{789B01E0-BD69-4505-801E-DCC999D29C41}.Release|ARM.Build.0 = Release|Any CPU
		{789B01E0-BD69-4505-801E-DCC999D29C41}.Release|iPhone.ActiveCfg = Release|Any CPU
		{789B01E0-BD69-4505-801E-DCC999D29C41}.Release|iPhone.Build.0 = Release|Any CPU
		{789B01E0-BD69-4505-801E-DCC999D29C41}.Release|iPhoneSimulator.ActiveCfg = Release|Any CPU
		{789B01E0-BD69-4505-801E-DCC999D29C41}.Release|iPhoneSimulator.Build.0 = Release|Any CPU
		{789B01E0-BD69-4505-801E-DCC999D29C41}.Release|x64.ActiveCfg = Release|Any CPU
		{789B01E0-BD69-4505-801E-DCC999D29C41}.Release|x64.Build.0 = Release|Any CPU
		{789B01E0-BD69-4505-801E-DCC999D29C41}.Release|x86.ActiveCfg = Release|Any CPU
		{789B01E0-BD69-4505-801E-DCC999D29C41}.Release|x86.Build.0 = Release|Any CPU
		{70F76AB7-523F-4923-B51B-F00BDEBEBDC9}.Ad-Hoc|Any CPU.ActiveCfg = Release|x86
		{70F76AB7-523F-4923-B51B-F00BDEBEBDC9}.Ad-Hoc|Any CPU.Build.0 = Release|x86
		{70F76AB7-523F-4923-B51B-F00BDEBEBDC9}.Ad-Hoc|Any CPU.Deploy.0 = Release|x86
		{70F76AB7-523F-4923-B51B-F00BDEBEBDC9}.Ad-Hoc|ARM.ActiveCfg = Release|ARM
		{70F76AB7-523F-4923-B51B-F00BDEBEBDC9}.Ad-Hoc|ARM.Build.0 = Release|ARM
		{70F76AB7-523F-4923-B51B-F00BDEBEBDC9}.Ad-Hoc|ARM.Deploy.0 = Release|ARM
		{70F76AB7-523F-4923-B51B-F00BDEBEBDC9}.Ad-Hoc|iPhone.ActiveCfg = Release|x86
		{70F76AB7-523F-4923-B51B-F00BDEBEBDC9}.Ad-Hoc|iPhone.Build.0 = Release|x86
		{70F76AB7-523F-4923-B51B-F00BDEBEBDC9}.Ad-Hoc|iPhone.Deploy.0 = Release|x86
		{70F76AB7-523F-4923-B51B-F00BDEBEBDC9}.Ad-Hoc|iPhoneSimulator.ActiveCfg = Release|x86
		{70F76AB7-523F-4923-B51B-F00BDEBEBDC9}.Ad-Hoc|iPhoneSimulator.Build.0 = Release|x86
		{70F76AB7-523F-4923-B51B-F00BDEBEBDC9}.Ad-Hoc|iPhoneSimulator.Deploy.0 = Release|x86
		{70F76AB7-523F-4923-B51B-F00BDEBEBDC9}.Ad-Hoc|x64.ActiveCfg = Release|x64
		{70F76AB7-523F-4923-B51B-F00BDEBEBDC9}.Ad-Hoc|x64.Build.0 = Release|x64
		{70F76AB7-523F-4923-B51B-F00BDEBEBDC9}.Ad-Hoc|x64.Deploy.0 = Release|x64
		{70F76AB7-523F-4923-B51B-F00BDEBEBDC9}.Ad-Hoc|x86.ActiveCfg = Release|x86
		{70F76AB7-523F-4923-B51B-F00BDEBEBDC9}.Ad-Hoc|x86.Build.0 = Release|x86
		{70F76AB7-523F-4923-B51B-F00BDEBEBDC9}.Ad-Hoc|x86.Deploy.0 = Release|x86
		{70F76AB7-523F-4923-B51B-F00BDEBEBDC9}.AppStore|Any CPU.ActiveCfg = Release|x86
		{70F76AB7-523F-4923-B51B-F00BDEBEBDC9}.AppStore|Any CPU.Build.0 = Release|x86
		{70F76AB7-523F-4923-B51B-F00BDEBEBDC9}.AppStore|Any CPU.Deploy.0 = Release|x86
		{70F76AB7-523F-4923-B51B-F00BDEBEBDC9}.AppStore|ARM.ActiveCfg = Release|ARM
		{70F76AB7-523F-4923-B51B-F00BDEBEBDC9}.AppStore|ARM.Build.0 = Release|ARM
		{70F76AB7-523F-4923-B51B-F00BDEBEBDC9}.AppStore|ARM.Deploy.0 = Release|ARM
		{70F76AB7-523F-4923-B51B-F00BDEBEBDC9}.AppStore|iPhone.ActiveCfg = Release|x86
		{70F76AB7-523F-4923-B51B-F00BDEBEBDC9}.AppStore|iPhone.Build.0 = Release|x86
		{70F76AB7-523F-4923-B51B-F00BDEBEBDC9}.AppStore|iPhone.Deploy.0 = Release|x86
		{70F76AB7-523F-4923-B51B-F00BDEBEBDC9}.AppStore|iPhoneSimulator.ActiveCfg = Release|x86
		{70F76AB7-523F-4923-B51B-F00BDEBEBDC9}.AppStore|iPhoneSimulator.Build.0 = Release|x86
		{70F76AB7-523F-4923-B51B-F00BDEBEBDC9}.AppStore|iPhoneSimulator.Deploy.0 = Release|x86
		{70F76AB7-523F-4923-B51B-F00BDEBEBDC9}.AppStore|x64.ActiveCfg = Release|x64
		{70F76AB7-523F-4923-B51B-F00BDEBEBDC9}.AppStore|x64.Build.0 = Release|x64
		{70F76AB7-523F-4923-B51B-F00BDEBEBDC9}.AppStore|x64.Deploy.0 = Release|x64
		{70F76AB7-523F-4923-B51B-F00BDEBEBDC9}.AppStore|x86.ActiveCfg = Release|x86
		{70F76AB7-523F-4923-B51B-F00BDEBEBDC9}.AppStore|x86.Build.0 = Release|x86
		{70F76AB7-523F-4923-B51B-F00BDEBEBDC9}.AppStore|x86.Deploy.0 = Release|x86
		{70F76AB7-523F-4923-B51B-F00BDEBEBDC9}.Debug|Any CPU.ActiveCfg = Debug|x86
		{70F76AB7-523F-4923-B51B-F00BDEBEBDC9}.Debug|ARM.ActiveCfg = Debug|ARM
		{70F76AB7-523F-4923-B51B-F00BDEBEBDC9}.Debug|ARM.Build.0 = Debug|ARM
		{70F76AB7-523F-4923-B51B-F00BDEBEBDC9}.Debug|ARM.Deploy.0 = Debug|ARM
		{70F76AB7-523F-4923-B51B-F00BDEBEBDC9}.Debug|iPhone.ActiveCfg = Debug|x86
		{70F76AB7-523F-4923-B51B-F00BDEBEBDC9}.Debug|iPhoneSimulator.ActiveCfg = Debug|x86
		{70F76AB7-523F-4923-B51B-F00BDEBEBDC9}.Debug|x64.ActiveCfg = Debug|x64
		{70F76AB7-523F-4923-B51B-F00BDEBEBDC9}.Debug|x64.Build.0 = Debug|x64
		{70F76AB7-523F-4923-B51B-F00BDEBEBDC9}.Debug|x64.Deploy.0 = Debug|x64
		{70F76AB7-523F-4923-B51B-F00BDEBEBDC9}.Debug|x86.ActiveCfg = Debug|x86
		{70F76AB7-523F-4923-B51B-F00BDEBEBDC9}.Debug|x86.Build.0 = Debug|x86
		{70F76AB7-523F-4923-B51B-F00BDEBEBDC9}.Debug|x86.Deploy.0 = Debug|x86
		{70F76AB7-523F-4923-B51B-F00BDEBEBDC9}.Release|Any CPU.ActiveCfg = Release|x86
		{70F76AB7-523F-4923-B51B-F00BDEBEBDC9}.Release|ARM.ActiveCfg = Release|ARM
		{70F76AB7-523F-4923-B51B-F00BDEBEBDC9}.Release|ARM.Build.0 = Release|ARM
		{70F76AB7-523F-4923-B51B-F00BDEBEBDC9}.Release|ARM.Deploy.0 = Release|ARM
		{70F76AB7-523F-4923-B51B-F00BDEBEBDC9}.Release|iPhone.ActiveCfg = Release|x86
		{70F76AB7-523F-4923-B51B-F00BDEBEBDC9}.Release|iPhoneSimulator.ActiveCfg = Release|x86
		{70F76AB7-523F-4923-B51B-F00BDEBEBDC9}.Release|x64.ActiveCfg = Release|x64
		{70F76AB7-523F-4923-B51B-F00BDEBEBDC9}.Release|x64.Build.0 = Release|x64
		{70F76AB7-523F-4923-B51B-F00BDEBEBDC9}.Release|x64.Deploy.0 = Release|x64
		{70F76AB7-523F-4923-B51B-F00BDEBEBDC9}.Release|x86.ActiveCfg = Release|x86
		{70F76AB7-523F-4923-B51B-F00BDEBEBDC9}.Release|x86.Build.0 = Release|x86
		{70F76AB7-523F-4923-B51B-F00BDEBEBDC9}.Release|x86.Deploy.0 = Release|x86
		{3806E762-393B-4BA3-B3F3-5C7DEF4A0B0C}.Ad-Hoc|Any CPU.ActiveCfg = Ad-Hoc|iPhone
		{3806E762-393B-4BA3-B3F3-5C7DEF4A0B0C}.Ad-Hoc|ARM.ActiveCfg = Ad-Hoc|iPhone
		{3806E762-393B-4BA3-B3F3-5C7DEF4A0B0C}.Ad-Hoc|iPhone.ActiveCfg = Ad-Hoc|iPhone
		{3806E762-393B-4BA3-B3F3-5C7DEF4A0B0C}.Ad-Hoc|iPhone.Build.0 = Ad-Hoc|iPhone
		{3806E762-393B-4BA3-B3F3-5C7DEF4A0B0C}.Ad-Hoc|iPhoneSimulator.ActiveCfg = Ad-Hoc|iPhoneSimulator
		{3806E762-393B-4BA3-B3F3-5C7DEF4A0B0C}.Ad-Hoc|iPhoneSimulator.Build.0 = Ad-Hoc|iPhoneSimulator
		{3806E762-393B-4BA3-B3F3-5C7DEF4A0B0C}.Ad-Hoc|x64.ActiveCfg = Ad-Hoc|iPhone
		{3806E762-393B-4BA3-B3F3-5C7DEF4A0B0C}.Ad-Hoc|x86.ActiveCfg = Ad-Hoc|iPhone
		{3806E762-393B-4BA3-B3F3-5C7DEF4A0B0C}.AppStore|Any CPU.ActiveCfg = AppStore|iPhone
		{3806E762-393B-4BA3-B3F3-5C7DEF4A0B0C}.AppStore|ARM.ActiveCfg = AppStore|iPhone
		{3806E762-393B-4BA3-B3F3-5C7DEF4A0B0C}.AppStore|iPhone.ActiveCfg = AppStore|iPhone
		{3806E762-393B-4BA3-B3F3-5C7DEF4A0B0C}.AppStore|iPhone.Build.0 = AppStore|iPhone
		{3806E762-393B-4BA3-B3F3-5C7DEF4A0B0C}.AppStore|iPhoneSimulator.ActiveCfg = AppStore|iPhoneSimulator
		{3806E762-393B-4BA3-B3F3-5C7DEF4A0B0C}.AppStore|iPhoneSimulator.Build.0 = AppStore|iPhoneSimulator
		{3806E762-393B-4BA3-B3F3-5C7DEF4A0B0C}.AppStore|x64.ActiveCfg = AppStore|iPhone
		{3806E762-393B-4BA3-B3F3-5C7DEF4A0B0C}.AppStore|x86.ActiveCfg = AppStore|iPhone
		{3806E762-393B-4BA3-B3F3-5C7DEF4A0B0C}.Debug|Any CPU.ActiveCfg = Debug|iPhone
		{3806E762-393B-4BA3-B3F3-5C7DEF4A0B0C}.Debug|ARM.ActiveCfg = Debug|iPhone
		{3806E762-393B-4BA3-B3F3-5C7DEF4A0B0C}.Debug|iPhone.ActiveCfg = Debug|iPhone
		{3806E762-393B-4BA3-B3F3-5C7DEF4A0B0C}.Debug|iPhone.Build.0 = Debug|iPhone
		{3806E762-393B-4BA3-B3F3-5C7DEF4A0B0C}.Debug|iPhoneSimulator.ActiveCfg = Debug|iPhoneSimulator
		{3806E762-393B-4BA3-B3F3-5C7DEF4A0B0C}.Debug|iPhoneSimulator.Build.0 = Debug|iPhoneSimulator
		{3806E762-393B-4BA3-B3F3-5C7DEF4A0B0C}.Debug|x64.ActiveCfg = Debug|iPhone
		{3806E762-393B-4BA3-B3F3-5C7DEF4A0B0C}.Debug|x86.ActiveCfg = Debug|iPhone
		{3806E762-393B-4BA3-B3F3-5C7DEF4A0B0C}.Release|Any CPU.ActiveCfg = Release|iPhone
		{3806E762-393B-4BA3-B3F3-5C7DEF4A0B0C}.Release|ARM.ActiveCfg = Release|iPhone
		{3806E762-393B-4BA3-B3F3-5C7DEF4A0B0C}.Release|iPhone.ActiveCfg = Release|iPhone
		{3806E762-393B-4BA3-B3F3-5C7DEF4A0B0C}.Release|iPhone.Build.0 = Release|iPhone
		{3806E762-393B-4BA3-B3F3-5C7DEF4A0B0C}.Release|iPhoneSimulator.ActiveCfg = Release|iPhoneSimulator
		{3806E762-393B-4BA3-B3F3-5C7DEF4A0B0C}.Release|iPhoneSimulator.Build.0 = Release|iPhoneSimulator
		{3806E762-393B-4BA3-B3F3-5C7DEF4A0B0C}.Release|x64.ActiveCfg = Release|iPhone
		{3806E762-393B-4BA3-B3F3-5C7DEF4A0B0C}.Release|x86.ActiveCfg = Release|iPhone
	EndGlobalSection
	GlobalSection(SolutionProperties) = preSolution
		HideSolutionNode = FALSE
	EndGlobalSection
EndGlobal
