
Microsoft Visual Studio Solution File, Format Version 12.00
# Visual Studio 15
VisualStudioVersion = 15.0.26730.12
MinimumVisualStudioVersion = 10.0.40219.1
Project("{FAE04EC0-301F-11D3-BF4B-00C04F79EFBC}") = "App10.Android", "App10\App10.Android\App10.Android.csproj", "{CFD4C476-85F0-4A56-98B7-76973B133836}"
EndProject
Project("{FAE04EC0-301F-11D3-BF4B-00C04F79EFBC}") = "App10", "App10\App10\App10.csproj", "{B7CC60AA-C7BA-415B-ABF3-8D3A9EACBAFA}"
EndProject
Project("{FAE04EC0-301F-11D3-BF4B-00C04F79EFBC}") = "App10.UWP", "App10\App10.UWP\App10.UWP.csproj", "{48ABB6C7-8F72-42CC-B376-FBE1C3BFDB6A}"
EndProject
Project("{FAE04EC0-301F-11D3-BF4B-00C04F79EFBC}") = "App10.iOS", "App10\App10.iOS\App10.iOS.csproj", "{5BE2D95A-F0A8-4EB7-81E3-3D826D7DC88E}"
EndProject
Global
	GlobalSection(SolutionConfigurationPlatforms) = preSolution
		Ad-Hoc|Any CPU = Ad-Hoc|Any CPU
		Ad-Hoc|ARM = Ad-Hoc|ARM
		Ad-Hoc|iPhone = Ad-Hoc|iPhone
		Ad-Hoc|iPhoneSimulator = Ad-Hoc|iPhoneSimulator
		Ad-Hoc|x64 = Ad-Hoc|x64
		Ad-Hoc|x86 = Ad-Hoc|x86
		AppStore|Any CPU = AppStore|Any CPU
		AppStore|ARM = AppStore|ARM
		AppStore|iPhone = AppStore|iPhone
		AppStore|iPhoneSimulator = AppStore|iPhoneSimulator
		AppStore|x64 = AppStore|x64
		AppStore|x86 = AppStore|x86
		Debug|Any CPU = Debug|Any CPU
		Debug|ARM = Debug|ARM
		Debug|iPhone = Debug|iPhone
		Debug|iPhoneSimulator = Debug|iPhoneSimulator
		Debug|x64 = Debug|x64
		Debug|x86 = Debug|x86
		Release|Any CPU = Release|Any CPU
		Release|ARM = Release|ARM
		Release|iPhone = Release|iPhone
		Release|iPhoneSimulator = Release|iPhoneSimulator
		Release|x64 = Release|x64
		Release|x86 = Release|x86
	EndGlobalSection
	GlobalSection(ProjectConfigurationPlatforms) = postSolution
		{CFD4C476-85F0-4A56-98B7-76973B133836}.Ad-Hoc|Any CPU.ActiveCfg = Release|Any CPU
		{CFD4C476-85F0-4A56-98B7-76973B133836}.Ad-Hoc|Any CPU.Build.0 = Release|Any CPU
		{CFD4C476-85F0-4A56-98B7-76973B133836}.Ad-Hoc|Any CPU.Deploy.0 = Release|Any CPU
		{CFD4C476-85F0-4A56-98B7-76973B133836}.Ad-Hoc|ARM.ActiveCfg = Release|Any CPU
		{CFD4C476-85F0-4A56-98B7-76973B133836}.Ad-Hoc|ARM.Build.0 = Release|Any CPU
		{CFD4C476-85F0-4A56-98B7-76973B133836}.Ad-Hoc|ARM.Deploy.0 = Release|Any CPU
		{CFD4C476-85F0-4A56-98B7-76973B133836}.Ad-Hoc|iPhone.ActiveCfg = Release|Any CPU
		{CFD4C476-85F0-4A56-98B7-76973B133836}.Ad-Hoc|iPhone.Build.0 = Release|Any CPU
		{CFD4C476-85F0-4A56-98B7-76973B133836}.Ad-Hoc|iPhone.Deploy.0 = Release|Any CPU
		{CFD4C476-85F0-4A56-98B7-76973B133836}.Ad-Hoc|iPhoneSimulator.ActiveCfg = Release|Any CPU
		{CFD4C476-85F0-4A56-98B7-76973B133836}.Ad-Hoc|iPhoneSimulator.Build.0 = Release|Any CPU
		{CFD4C476-85F0-4A56-98B7-76973B133836}.Ad-Hoc|iPhoneSimulator.Deploy.0 = Release|Any CPU
		{CFD4C476-85F0-4A56-98B7-76973B133836}.Ad-Hoc|x64.ActiveCfg = Release|Any CPU
		{CFD4C476-85F0-4A56-98B7-76973B133836}.Ad-Hoc|x64.Build.0 = Release|Any CPU
		{CFD4C476-85F0-4A56-98B7-76973B133836}.Ad-Hoc|x64.Deploy.0 = Release|Any CPU
		{CFD4C476-85F0-4A56-98B7-76973B133836}.Ad-Hoc|x86.ActiveCfg = Release|Any CPU
		{CFD4C476-85F0-4A56-98B7-76973B133836}.Ad-Hoc|x86.Build.0 = Release|Any CPU
		{CFD4C476-85F0-4A56-98B7-76973B133836}.Ad-Hoc|x86.Deploy.0 = Release|Any CPU
		{CFD4C476-85F0-4A56-98B7-76973B133836}.AppStore|Any CPU.ActiveCfg = Release|Any CPU
		{CFD4C476-85F0-4A56-98B7-76973B133836}.AppStore|Any CPU.Build.0 = Release|Any CPU
		{CFD4C476-85F0-4A56-98B7-76973B133836}.AppStore|Any CPU.Deploy.0 = Release|Any CPU
		{CFD4C476-85F0-4A56-98B7-76973B133836}.AppStore|ARM.ActiveCfg = Release|Any CPU
		{CFD4C476-85F0-4A56-98B7-76973B133836}.AppStore|ARM.Build.0 = Release|Any CPU
		{CFD4C476-85F0-4A56-98B7-76973B133836}.AppStore|ARM.Deploy.0 = Release|Any CPU
		{CFD4C476-85F0-4A56-98B7-76973B133836}.AppStore|iPhone.ActiveCfg = Release|Any CPU
		{CFD4C476-85F0-4A56-98B7-76973B133836}.AppStore|iPhone.Build.0 = Release|Any CPU
		{CFD4C476-85F0-4A56-98B7-76973B133836}.AppStore|iPhone.Deploy.0 = Release|Any CPU
		{CFD4C476-85F0-4A56-98B7-76973B133836}.AppStore|iPhoneSimulator.ActiveCfg = Release|Any CPU
		{CFD4C476-85F0-4A56-98B7-76973B133836}.AppStore|iPhoneSimulator.Build.0 = Release|Any CPU
		{CFD4C476-85F0-4A56-98B7-76973B133836}.AppStore|iPhoneSimulator.Deploy.0 = Release|Any CPU
		{CFD4C476-85F0-4A56-98B7-76973B133836}.AppStore|x64.ActiveCfg = Release|Any CPU
		{CFD4C476-85F0-4A56-98B7-76973B133836}.AppStore|x64.Build.0 = Release|Any CPU
		{CFD4C476-85F0-4A56-98B7-76973B133836}.AppStore|x64.Deploy.0 = Release|Any CPU
		{CFD4C476-85F0-4A56-98B7-76973B133836}.AppStore|x86.ActiveCfg = Release|Any CPU
		{CFD4C476-85F0-4A56-98B7-76973B133836}.AppStore|x86.Build.0 = Release|Any CPU
		{CFD4C476-85F0-4A56-98B7-76973B133836}.AppStore|x86.Deploy.0 = Release|Any CPU
		{CFD4C476-85F0-4A56-98B7-76973B133836}.Debug|Any CPU.ActiveCfg = Debug|Any CPU
		{CFD4C476-85F0-4A56-98B7-76973B133836}.Debug|Any CPU.Build.0 = Debug|Any CPU
		{CFD4C476-85F0-4A56-98B7-76973B133836}.Debug|Any CPU.Deploy.0 = Debug|Any CPU
		{CFD4C476-85F0-4A56-98B7-76973B133836}.Debug|ARM.ActiveCfg = Debug|Any CPU
		{CFD4C476-85F0-4A56-98B7-76973B133836}.Debug|ARM.Build.0 = Debug|Any CPU
		{CFD4C476-85F0-4A56-98B7-76973B133836}.Debug|ARM.Deploy.0 = Debug|Any CPU
		{CFD4C476-85F0-4A56-98B7-76973B133836}.Debug|iPhone.ActiveCfg = Debug|Any CPU
		{CFD4C476-85F0-4A56-98B7-76973B133836}.Debug|iPhone.Build.0 = Debug|Any CPU
		{CFD4C476-85F0-4A56-98B7-76973B133836}.Debug|iPhone.Deploy.0 = Debug|Any CPU
		{CFD4C476-85F0-4A56-98B7-76973B133836}.Debug|iPhoneSimulator.ActiveCfg = Debug|Any CPU
		{CFD4C476-85F0-4A56-98B7-76973B133836}.Debug|iPhoneSimulator.Build.0 = Debug|Any CPU
		{CFD4C476-85F0-4A56-98B7-76973B133836}.Debug|iPhoneSimulator.Deploy.0 = Debug|Any CPU
		{CFD4C476-85F0-4A56-98B7-76973B133836}.Debug|x64.ActiveCfg = Debug|Any CPU
		{CFD4C476-85F0-4A56-98B7-76973B133836}.Debug|x64.Build.0 = Debug|Any CPU
		{CFD4C476-85F0-4A56-98B7-76973B133836}.Debug|x64.Deploy.0 = Debug|Any CPU
		{CFD4C476-85F0-4A56-98B7-76973B133836}.Debug|x86.ActiveCfg = Debug|Any CPU
		{CFD4C476-85F0-4A56-98B7-76973B133836}.Debug|x86.Build.0 = Debug|Any CPU
		{CFD4C476-85F0-4A56-98B7-76973B133836}.Debug|x86.Deploy.0 = Debug|Any CPU
		{CFD4C476-85F0-4A56-98B7-76973B133836}.Release|Any CPU.ActiveCfg = Release|Any CPU
		{CFD4C476-85F0-4A56-98B7-76973B133836}.Release|Any CPU.Build.0 = Release|Any CPU
		{CFD4C476-85F0-4A56-98B7-76973B133836}.Release|Any CPU.Deploy.0 = Release|Any CPU
		{CFD4C476-85F0-4A56-98B7-76973B133836}.Release|ARM.ActiveCfg = Release|Any CPU
		{CFD4C476-85F0-4A56-98B7-76973B133836}.Release|ARM.Build.0 = Release|Any CPU
		{CFD4C476-85F0-4A56-98B7-76973B133836}.Release|ARM.Deploy.0 = Release|Any CPU
		{CFD4C476-85F0-4A56-98B7-76973B133836}.Release|iPhone.ActiveCfg = Release|Any CPU
		{CFD4C476-85F0-4A56-98B7-76973B133836}.Release|iPhone.Build.0 = Release|Any CPU
		{CFD4C476-85F0-4A56-98B7-76973B133836}.Release|iPhone.Deploy.0 = Release|Any CPU
		{CFD4C476-85F0-4A56-98B7-76973B133836}.Release|iPhoneSimulator.ActiveCfg = Release|Any CPU
		{CFD4C476-85F0-4A56-98B7-76973B133836}.Release|iPhoneSimulator.Build.0 = Release|Any CPU
		{CFD4C476-85F0-4A56-98B7-76973B133836}.Release|iPhoneSimulator.Deploy.0 = Release|Any CPU
		{CFD4C476-85F0-4A56-98B7-76973B133836}.Release|x64.ActiveCfg = Release|Any CPU
		{CFD4C476-85F0-4A56-98B7-76973B133836}.Release|x64.Build.0 = Release|Any CPU
		{CFD4C476-85F0-4A56-98B7-76973B133836}.Release|x64.Deploy.0 = Release|Any CPU
		{CFD4C476-85F0-4A56-98B7-76973B133836}.Release|x86.ActiveCfg = Release|Any CPU
		{CFD4C476-85F0-4A56-98B7-76973B133836}.Release|x86.Build.0 = Release|Any CPU
		{CFD4C476-85F0-4A56-98B7-76973B133836}.Release|x86.Deploy.0 = Release|Any CPU
		{B7CC60AA-C7BA-415B-ABF3-8D3A9EACBAFA}.Ad-Hoc|Any CPU.ActiveCfg = Release|Any CPU
		{B7CC60AA-C7BA-415B-ABF3-8D3A9EACBAFA}.Ad-Hoc|Any CPU.Build.0 = Release|Any CPU
		{B7CC60AA-C7BA-415B-ABF3-8D3A9EACBAFA}.Ad-Hoc|ARM.ActiveCfg = Release|Any CPU
		{B7CC60AA-C7BA-415B-ABF3-8D3A9EACBAFA}.Ad-Hoc|ARM.Build.0 = Release|Any CPU
		{B7CC60AA-C7BA-415B-ABF3-8D3A9EACBAFA}.Ad-Hoc|iPhone.ActiveCfg = Release|Any CPU
		{B7CC60AA-C7BA-415B-ABF3-8D3A9EACBAFA}.Ad-Hoc|iPhone.Build.0 = Release|Any CPU
		{B7CC60AA-C7BA-415B-ABF3-8D3A9EACBAFA}.Ad-Hoc|iPhoneSimulator.ActiveCfg = Release|Any CPU
		{B7CC60AA-C7BA-415B-ABF3-8D3A9EACBAFA}.Ad-Hoc|iPhoneSimulator.Build.0 = Release|Any CPU
		{B7CC60AA-C7BA-415B-ABF3-8D3A9EACBAFA}.Ad-Hoc|x64.ActiveCfg = Release|Any CPU
		{B7CC60AA-C7BA-415B-ABF3-8D3A9EACBAFA}.Ad-Hoc|x64.Build.0 = Release|Any CPU
		{B7CC60AA-C7BA-415B-ABF3-8D3A9EACBAFA}.Ad-Hoc|x86.ActiveCfg = Release|Any CPU
		{B7CC60AA-C7BA-415B-ABF3-8D3A9EACBAFA}.Ad-Hoc|x86.Build.0 = Release|Any CPU
		{B7CC60AA-C7BA-415B-ABF3-8D3A9EACBAFA}.AppStore|Any CPU.ActiveCfg = Release|Any CPU
		{B7CC60AA-C7BA-415B-ABF3-8D3A9EACBAFA}.AppStore|Any CPU.Build.0 = Release|Any CPU
		{B7CC60AA-C7BA-415B-ABF3-8D3A9EACBAFA}.AppStore|ARM.ActiveCfg = Release|Any CPU
		{B7CC60AA-C7BA-415B-ABF3-8D3A9EACBAFA}.AppStore|ARM.Build.0 = Release|Any CPU
		{B7CC60AA-C7BA-415B-ABF3-8D3A9EACBAFA}.AppStore|iPhone.ActiveCfg = Release|Any CPU
		{B7CC60AA-C7BA-415B-ABF3-8D3A9EACBAFA}.AppStore|iPhone.Build.0 = Release|Any CPU
		{B7CC60AA-C7BA-415B-ABF3-8D3A9EACBAFA}.AppStore|iPhoneSimulator.ActiveCfg = Release|Any CPU
		{B7CC60AA-C7BA-415B-ABF3-8D3A9EACBAFA}.AppStore|iPhoneSimulator.Build.0 = Release|Any CPU
		{B7CC60AA-C7BA-415B-ABF3-8D3A9EACBAFA}.AppStore|x64.ActiveCfg = Release|Any CPU
		{B7CC60AA-C7BA-415B-ABF3-8D3A9EACBAFA}.AppStore|x64.Build.0 = Release|Any CPU
		{B7CC60AA-C7BA-415B-ABF3-8D3A9EACBAFA}.AppStore|x86.ActiveCfg = Release|Any CPU
		{B7CC60AA-C7BA-415B-ABF3-8D3A9EACBAFA}.AppStore|x86.Build.0 = Release|Any CPU
		{B7CC60AA-C7BA-415B-ABF3-8D3A9EACBAFA}.Debug|Any CPU.ActiveCfg = Debug|Any CPU
		{B7CC60AA-C7BA-415B-ABF3-8D3A9EACBAFA}.Debug|Any CPU.Build.0 = Debug|Any CPU
		{B7CC60AA-C7BA-415B-ABF3-8D3A9EACBAFA}.Debug|ARM.ActiveCfg = Debug|Any CPU
		{B7CC60AA-C7BA-415B-ABF3-8D3A9EACBAFA}.Debug|ARM.Build.0 = Debug|Any CPU
		{B7CC60AA-C7BA-415B-ABF3-8D3A9EACBAFA}.Debug|iPhone.ActiveCfg = Debug|Any CPU
		{B7CC60AA-C7BA-415B-ABF3-8D3A9EACBAFA}.Debug|iPhone.Build.0 = Debug|Any CPU
		{B7CC60AA-C7BA-415B-ABF3-8D3A9EACBAFA}.Debug|iPhoneSimulator.ActiveCfg = Debug|Any CPU
		{B7CC60AA-C7BA-415B-ABF3-8D3A9EACBAFA}.Debug|iPhoneSimulator.Build.0 = Debug|Any CPU
		{B7CC60AA-C7BA-415B-ABF3-8D3A9EACBAFA}.Debug|x64.ActiveCfg = Debug|Any CPU
		{B7CC60AA-C7BA-415B-ABF3-8D3A9EACBAFA}.Debug|x64.Build.0 = Debug|Any CPU
		{B7CC60AA-C7BA-415B-ABF3-8D3A9EACBAFA}.Debug|x86.ActiveCfg = Debug|Any CPU
		{B7CC60AA-C7BA-415B-ABF3-8D3A9EACBAFA}.Debug|x86.Build.0 = Debug|Any CPU
		{B7CC60AA-C7BA-415B-ABF3-8D3A9EACBAFA}.Release|Any CPU.ActiveCfg = Release|Any CPU
		{B7CC60AA-C7BA-415B-ABF3-8D3A9EACBAFA}.Release|Any CPU.Build.0 = Release|Any CPU
		{B7CC60AA-C7BA-415B-ABF3-8D3A9EACBAFA}.Release|ARM.ActiveCfg = Release|Any CPU
		{B7CC60AA-C7BA-415B-ABF3-8D3A9EACBAFA}.Release|ARM.Build.0 = Release|Any CPU
		{B7CC60AA-C7BA-415B-ABF3-8D3A9EACBAFA}.Release|iPhone.ActiveCfg = Release|Any CPU
		{B7CC60AA-C7BA-415B-ABF3-8D3A9EACBAFA}.Release|iPhone.Build.0 = Release|Any CPU
		{B7CC60AA-C7BA-415B-ABF3-8D3A9EACBAFA}.Release|iPhoneSimulator.ActiveCfg = Release|Any CPU
		{B7CC60AA-C7BA-415B-ABF3-8D3A9EACBAFA}.Release|iPhoneSimulator.Build.0 = Release|Any CPU
		{B7CC60AA-C7BA-415B-ABF3-8D3A9EACBAFA}.Release|x64.ActiveCfg = Release|Any CPU
		{B7CC60AA-C7BA-415B-ABF3-8D3A9EACBAFA}.Release|x64.Build.0 = Release|Any CPU
		{B7CC60AA-C7BA-415B-ABF3-8D3A9EACBAFA}.Release|x86.ActiveCfg = Release|Any CPU
		{B7CC60AA-C7BA-415B-ABF3-8D3A9EACBAFA}.Release|x86.Build.0 = Release|Any CPU
		{48ABB6C7-8F72-42CC-B376-FBE1C3BFDB6A}.Ad-Hoc|Any CPU.ActiveCfg = Release|x86
		{48ABB6C7-8F72-42CC-B376-FBE1C3BFDB6A}.Ad-Hoc|Any CPU.Build.0 = Release|x86
		{48ABB6C7-8F72-42CC-B376-FBE1C3BFDB6A}.Ad-Hoc|Any CPU.Deploy.0 = Release|x86
		{48ABB6C7-8F72-42CC-B376-FBE1C3BFDB6A}.Ad-Hoc|ARM.ActiveCfg = Release|ARM
		{48ABB6C7-8F72-42CC-B376-FBE1C3BFDB6A}.Ad-Hoc|ARM.Build.0 = Release|ARM
		{48ABB6C7-8F72-42CC-B376-FBE1C3BFDB6A}.Ad-Hoc|ARM.Deploy.0 = Release|ARM
		{48ABB6C7-8F72-42CC-B376-FBE1C3BFDB6A}.Ad-Hoc|iPhone.ActiveCfg = Release|x86
		{48ABB6C7-8F72-42CC-B376-FBE1C3BFDB6A}.Ad-Hoc|iPhone.Build.0 = Release|x86
		{48ABB6C7-8F72-42CC-B376-FBE1C3BFDB6A}.Ad-Hoc|iPhone.Deploy.0 = Release|x86
		{48ABB6C7-8F72-42CC-B376-FBE1C3BFDB6A}.Ad-Hoc|iPhoneSimulator.ActiveCfg = Release|x86
		{48ABB6C7-8F72-42CC-B376-FBE1C3BFDB6A}.Ad-Hoc|iPhoneSimulator.Build.0 = Release|x86
		{48ABB6C7-8F72-42CC-B376-FBE1C3BFDB6A}.Ad-Hoc|iPhoneSimulator.Deploy.0 = Release|x86
		{48ABB6C7-8F72-42CC-B376-FBE1C3BFDB6A}.Ad-Hoc|x64.ActiveCfg = Release|x64
		{48ABB6C7-8F72-42CC-B376-FBE1C3BFDB6A}.Ad-Hoc|x64.Build.0 = Release|x64
		{48ABB6C7-8F72-42CC-B376-FBE1C3BFDB6A}.Ad-Hoc|x64.Deploy.0 = Release|x64
		{48ABB6C7-8F72-42CC-B376-FBE1C3BFDB6A}.Ad-Hoc|x86.ActiveCfg = Release|x86
		{48ABB6C7-8F72-42CC-B376-FBE1C3BFDB6A}.Ad-Hoc|x86.Build.0 = Release|x86
		{48ABB6C7-8F72-42CC-B376-FBE1C3BFDB6A}.Ad-Hoc|x86.Deploy.0 = Release|x86
		{48ABB6C7-8F72-42CC-B376-FBE1C3BFDB6A}.AppStore|Any CPU.ActiveCfg = Release|x86
		{48ABB6C7-8F72-42CC-B376-FBE1C3BFDB6A}.AppStore|Any CPU.Build.0 = Release|x86
		{48ABB6C7-8F72-42CC-B376-FBE1C3BFDB6A}.AppStore|Any CPU.Deploy.0 = Release|x86
		{48ABB6C7-8F72-42CC-B376-FBE1C3BFDB6A}.AppStore|ARM.ActiveCfg = Release|ARM
		{48ABB6C7-8F72-42CC-B376-FBE1C3BFDB6A}.AppStore|ARM.Build.0 = Release|ARM
		{48ABB6C7-8F72-42CC-B376-FBE1C3BFDB6A}.AppStore|ARM.Deploy.0 = Release|ARM
		{48ABB6C7-8F72-42CC-B376-FBE1C3BFDB6A}.AppStore|iPhone.ActiveCfg = Release|x86
		{48ABB6C7-8F72-42CC-B376-FBE1C3BFDB6A}.AppStore|iPhone.Build.0 = Release|x86
		{48ABB6C7-8F72-42CC-B376-FBE1C3BFDB6A}.AppStore|iPhone.Deploy.0 = Release|x86
		{48ABB6C7-8F72-42CC-B376-FBE1C3BFDB6A}.AppStore|iPhoneSimulator.ActiveCfg = Release|x86
		{48ABB6C7-8F72-42CC-B376-FBE1C3BFDB6A}.AppStore|iPhoneSimulator.Build.0 = Release|x86
		{48ABB6C7-8F72-42CC-B376-FBE1C3BFDB6A}.AppStore|iPhoneSimulator.Deploy.0 = Release|x86
		{48ABB6C7-8F72-42CC-B376-FBE1C3BFDB6A}.AppStore|x64.ActiveCfg = Release|x64
		{48ABB6C7-8F72-42CC-B376-FBE1C3BFDB6A}.AppStore|x64.Build.0 = Release|x64
		{48ABB6C7-8F72-42CC-B376-FBE1C3BFDB6A}.AppStore|x64.Deploy.0 = Release|x64
		{48ABB6C7-8F72-42CC-B376-FBE1C3BFDB6A}.AppStore|x86.ActiveCfg = Release|x86
		{48ABB6C7-8F72-42CC-B376-FBE1C3BFDB6A}.AppStore|x86.Build.0 = Release|x86
		{48ABB6C7-8F72-42CC-B376-FBE1C3BFDB6A}.AppStore|x86.Deploy.0 = Release|x86
		{48ABB6C7-8F72-42CC-B376-FBE1C3BFDB6A}.Debug|Any CPU.ActiveCfg = Debug|x86
		{48ABB6C7-8F72-42CC-B376-FBE1C3BFDB6A}.Debug|ARM.ActiveCfg = Debug|ARM
		{48ABB6C7-8F72-42CC-B376-FBE1C3BFDB6A}.Debug|ARM.Build.0 = Debug|ARM
		{48ABB6C7-8F72-42CC-B376-FBE1C3BFDB6A}.Debug|ARM.Deploy.0 = Debug|ARM
		{48ABB6C7-8F72-42CC-B376-FBE1C3BFDB6A}.Debug|iPhone.ActiveCfg = Debug|x86
		{48ABB6C7-8F72-42CC-B376-FBE1C3BFDB6A}.Debug|iPhoneSimulator.ActiveCfg = Debug|x86
		{48ABB6C7-8F72-42CC-B376-FBE1C3BFDB6A}.Debug|x64.ActiveCfg = Debug|x64
		{48ABB6C7-8F72-42CC-B376-FBE1C3BFDB6A}.Debug|x64.Build.0 = Debug|x64
		{48ABB6C7-8F72-42CC-B376-FBE1C3BFDB6A}.Debug|x64.Deploy.0 = Debug|x64
		{48ABB6C7-8F72-42CC-B376-FBE1C3BFDB6A}.Debug|x86.ActiveCfg = Debug|x86
		{48ABB6C7-8F72-42CC-B376-FBE1C3BFDB6A}.Debug|x86.Build.0 = Debug|x86
		{48ABB6C7-8F72-42CC-B376-FBE1C3BFDB6A}.Debug|x86.Deploy.0 = Debug|x86
		{48ABB6C7-8F72-42CC-B376-FBE1C3BFDB6A}.Release|Any CPU.ActiveCfg = Release|x86
		{48ABB6C7-8F72-42CC-B376-FBE1C3BFDB6A}.Release|ARM.ActiveCfg = Release|ARM
		{48ABB6C7-8F72-42CC-B376-FBE1C3BFDB6A}.Release|ARM.Build.0 = Release|ARM
		{48ABB6C7-8F72-42CC-B376-FBE1C3BFDB6A}.Release|ARM.Deploy.0 = Release|ARM
		{48ABB6C7-8F72-42CC-B376-FBE1C3BFDB6A}.Release|iPhone.ActiveCfg = Release|x86
		{48ABB6C7-8F72-42CC-B376-FBE1C3BFDB6A}.Release|iPhoneSimulator.ActiveCfg = Release|x86
		{48ABB6C7-8F72-42CC-B376-FBE1C3BFDB6A}.Release|x64.ActiveCfg = Release|x64
		{48ABB6C7-8F72-42CC-B376-FBE1C3BFDB6A}.Release|x64.Build.0 = Release|x64
		{48ABB6C7-8F72-42CC-B376-FBE1C3BFDB6A}.Release|x64.Deploy.0 = Release|x64
		{48ABB6C7-8F72-42CC-B376-FBE1C3BFDB6A}.Release|x86.ActiveCfg = Release|x86
		{48ABB6C7-8F72-42CC-B376-FBE1C3BFDB6A}.Release|x86.Build.0 = Release|x86
		{48ABB6C7-8F72-42CC-B376-FBE1C3BFDB6A}.Release|x86.Deploy.0 = Release|x86
		{5BE2D95A-F0A8-4EB7-81E3-3D826D7DC88E}.Ad-Hoc|Any CPU.ActiveCfg = Ad-Hoc|iPhone
		{5BE2D95A-F0A8-4EB7-81E3-3D826D7DC88E}.Ad-Hoc|ARM.ActiveCfg = Ad-Hoc|iPhone
		{5BE2D95A-F0A8-4EB7-81E3-3D826D7DC88E}.Ad-Hoc|iPhone.ActiveCfg = Ad-Hoc|iPhone
		{5BE2D95A-F0A8-4EB7-81E3-3D826D7DC88E}.Ad-Hoc|iPhone.Build.0 = Ad-Hoc|iPhone
		{5BE2D95A-F0A8-4EB7-81E3-3D826D7DC88E}.Ad-Hoc|iPhoneSimulator.ActiveCfg = Ad-Hoc|iPhoneSimulator
		{5BE2D95A-F0A8-4EB7-81E3-3D826D7DC88E}.Ad-Hoc|iPhoneSimulator.Build.0 = Ad-Hoc|iPhoneSimulator
		{5BE2D95A-F0A8-4EB7-81E3-3D826D7DC88E}.Ad-Hoc|x64.ActiveCfg = Ad-Hoc|iPhone
		{5BE2D95A-F0A8-4EB7-81E3-3D826D7DC88E}.Ad-Hoc|x86.ActiveCfg = Ad-Hoc|iPhone
		{5BE2D95A-F0A8-4EB7-81E3-3D826D7DC88E}.AppStore|Any CPU.ActiveCfg = AppStore|iPhone
		{5BE2D95A-F0A8-4EB7-81E3-3D826D7DC88E}.AppStore|ARM.ActiveCfg = AppStore|iPhone
		{5BE2D95A-F0A8-4EB7-81E3-3D826D7DC88E}.AppStore|iPhone.ActiveCfg = AppStore|iPhone
		{5BE2D95A-F0A8-4EB7-81E3-3D826D7DC88E}.AppStore|iPhone.Build.0 = AppStore|iPhone
		{5BE2D95A-F0A8-4EB7-81E3-3D826D7DC88E}.AppStore|iPhoneSimulator.ActiveCfg = AppStore|iPhoneSimulator
		{5BE2D95A-F0A8-4EB7-81E3-3D826D7DC88E}.AppStore|iPhoneSimulator.Build.0 = AppStore|iPhoneSimulator
		{5BE2D95A-F0A8-4EB7-81E3-3D826D7DC88E}.AppStore|x64.ActiveCfg = AppStore|iPhone
		{5BE2D95A-F0A8-4EB7-81E3-3D826D7DC88E}.AppStore|x86.ActiveCfg = AppStore|iPhone
		{5BE2D95A-F0A8-4EB7-81E3-3D826D7DC88E}.Debug|Any CPU.ActiveCfg = Debug|iPhone
		{5BE2D95A-F0A8-4EB7-81E3-3D826D7DC88E}.Debug|ARM.ActiveCfg = Debug|iPhone
		{5BE2D95A-F0A8-4EB7-81E3-3D826D7DC88E}.Debug|iPhone.ActiveCfg = Debug|iPhone
		{5BE2D95A-F0A8-4EB7-81E3-3D826D7DC88E}.Debug|iPhone.Build.0 = Debug|iPhone
		{5BE2D95A-F0A8-4EB7-81E3-3D826D7DC88E}.Debug|iPhoneSimulator.ActiveCfg = Debug|iPhoneSimulator
		{5BE2D95A-F0A8-4EB7-81E3-3D826D7DC88E}.Debug|iPhoneSimulator.Build.0 = Debug|iPhoneSimulator
		{5BE2D95A-F0A8-4EB7-81E3-3D826D7DC88E}.Debug|x64.ActiveCfg = Debug|iPhone
		{5BE2D95A-F0A8-4EB7-81E3-3D826D7DC88E}.Debug|x86.ActiveCfg = Debug|iPhone
		{5BE2D95A-F0A8-4EB7-81E3-3D826D7DC88E}.Release|Any CPU.ActiveCfg = Release|iPhone
		{5BE2D95A-F0A8-4EB7-81E3-3D826D7DC88E}.Release|ARM.ActiveCfg = Release|iPhone
		{5BE2D95A-F0A8-4EB7-81E3-3D826D7DC88E}.Release|iPhone.ActiveCfg = Release|iPhone
		{5BE2D95A-F0A8-4EB7-81E3-3D826D7DC88E}.Release|iPhone.Build.0 = Release|iPhone
		{5BE2D95A-F0A8-4EB7-81E3-3D826D7DC88E}.Release|iPhoneSimulator.ActiveCfg = Release|iPhoneSimulator
		{5BE2D95A-F0A8-4EB7-81E3-3D826D7DC88E}.Release|iPhoneSimulator.Build.0 = Release|iPhoneSimulator
		{5BE2D95A-F0A8-4EB7-81E3-3D826D7DC88E}.Release|x64.ActiveCfg = Release|iPhone
		{5BE2D95A-F0A8-4EB7-81E3-3D826D7DC88E}.Release|x86.ActiveCfg = Release|iPhone
	EndGlobalSection
	GlobalSection(SolutionProperties) = preSolution
		HideSolutionNode = FALSE
	EndGlobalSection
	GlobalSection(ExtensibilityGlobals) = postSolution
		SolutionGuid = {1D5C2F77-B490-46E9-91E9-A46C7FE5E2AA}
	EndGlobalSection
EndGlobal
