
Microsoft Visual Studio Solution File, Format Version 12.00
# Visual Studio 14
VisualStudioVersion = 14.0.25123.0
MinimumVisualStudioVersion = 10.0.40219.1
Project("{FAE04EC0-301F-11D3-BF4B-00C04F79EFBC}") = "Projeto05.Droid", "Projeto05\Projeto05.Droid\Projeto05.Droid.csproj", "{FAC83574-9EBA-4F64-8E96-DD80BCD8CAB9}"
EndProject
Project("{FAE04EC0-301F-11D3-BF4B-00C04F79EFBC}") = "Projeto05.iOS", "Projeto05\Projeto05.iOS\Projeto05.iOS.csproj", "{96ACEDC8-A137-438D-8FB4-CB7D57CCEF7D}"
EndProject
Project("{FAE04EC0-301F-11D3-BF4B-00C04F79EFBC}") = "Projeto05.WinPhone", "Projeto05\Projeto05.WinPhone\Projeto05.WinPhone.csproj", "{59A69E4E-863F-4DB3-9FEF-C5C44B8A94CD}"
EndProject
Project("{FAE04EC0-301F-11D3-BF4B-00C04F79EFBC}") = "Projeto05.UWP", "Projeto05\Projeto05.UWP\Projeto05.UWP.csproj", "{11EC3CF7-529F-42D6-820D-2513B06F109C}"
EndProject
Project("{FAE04EC0-301F-11D3-BF4B-00C04F79EFBC}") = "Projeto05.Windows", "Projeto05\Projeto05.Windows\Projeto05.Windows.csproj", "{316D9311-F0F1-42DA-BED8-67E0E2E7186D}"
EndProject
Project("{FAE04EC0-301F-11D3-BF4B-00C04F79EFBC}") = "Projeto05", "Projeto05\Projeto05\Projeto05.csproj", "{E305F652-0818-4E77-A604-45AA4294E20E}"
EndProject
Global
	GlobalSection(SolutionConfigurationPlatforms) = preSolution
		Ad-Hoc|Any CPU = Ad-Hoc|Any CPU
		Ad-Hoc|ARM = Ad-Hoc|ARM
		Ad-Hoc|iPhone = Ad-Hoc|iPhone
		Ad-Hoc|iPhoneSimulator = Ad-Hoc|iPhoneSimulator
		Ad-Hoc|x64 = Ad-Hoc|x64
		Ad-Hoc|x86 = Ad-Hoc|x86
		AppStore|Any CPU = AppStore|Any CPU
		AppStore|ARM = AppStore|ARM
		AppStore|iPhone = AppStore|iPhone
		AppStore|iPhoneSimulator = AppStore|iPhoneSimulator
		AppStore|x64 = AppStore|x64
		AppStore|x86 = AppStore|x86
		Debug|Any CPU = Debug|Any CPU
		Debug|ARM = Debug|ARM
		Debug|iPhone = Debug|iPhone
		Debug|iPhoneSimulator = Debug|iPhoneSimulator
		Debug|x64 = Debug|x64
		Debug|x86 = Debug|x86
		Release|Any CPU = Release|Any CPU
		Release|ARM = Release|ARM
		Release|iPhone = Release|iPhone
		Release|iPhoneSimulator = Release|iPhoneSimulator
		Release|x64 = Release|x64
		Release|x86 = Release|x86
	EndGlobalSection
	GlobalSection(ProjectConfigurationPlatforms) = postSolution
		{FAC83574-9EBA-4F64-8E96-DD80BCD8CAB9}.Ad-Hoc|Any CPU.ActiveCfg = Release|Any CPU
		{FAC83574-9EBA-4F64-8E96-DD80BCD8CAB9}.Ad-Hoc|Any CPU.Build.0 = Release|Any CPU
		{FAC83574-9EBA-4F64-8E96-DD80BCD8CAB9}.Ad-Hoc|Any CPU.Deploy.0 = Release|Any CPU
		{FAC83574-9EBA-4F64-8E96-DD80BCD8CAB9}.Ad-Hoc|ARM.ActiveCfg = Release|Any CPU
		{FAC83574-9EBA-4F64-8E96-DD80BCD8CAB9}.Ad-Hoc|ARM.Build.0 = Release|Any CPU
		{FAC83574-9EBA-4F64-8E96-DD80BCD8CAB9}.Ad-Hoc|ARM.Deploy.0 = Release|Any CPU
		{FAC83574-9EBA-4F64-8E96-DD80BCD8CAB9}.Ad-Hoc|iPhone.ActiveCfg = Release|Any CPU
		{FAC83574-9EBA-4F64-8E96-DD80BCD8CAB9}.Ad-Hoc|iPhone.Build.0 = Release|Any CPU
		{FAC83574-9EBA-4F64-8E96-DD80BCD8CAB9}.Ad-Hoc|iPhone.Deploy.0 = Release|Any CPU
		{FAC83574-9EBA-4F64-8E96-DD80BCD8CAB9}.Ad-Hoc|iPhoneSimulator.ActiveCfg = Release|Any CPU
		{FAC83574-9EBA-4F64-8E96-DD80BCD8CAB9}.Ad-Hoc|iPhoneSimulator.Build.0 = Release|Any CPU
		{FAC83574-9EBA-4F64-8E96-DD80BCD8CAB9}.Ad-Hoc|iPhoneSimulator.Deploy.0 = Release|Any CPU
		{FAC83574-9EBA-4F64-8E96-DD80BCD8CAB9}.Ad-Hoc|x64.ActiveCfg = Release|Any CPU
		{FAC83574-9EBA-4F64-8E96-DD80BCD8CAB9}.Ad-Hoc|x64.Build.0 = Release|Any CPU
		{FAC83574-9EBA-4F64-8E96-DD80BCD8CAB9}.Ad-Hoc|x64.Deploy.0 = Release|Any CPU
		{FAC83574-9EBA-4F64-8E96-DD80BCD8CAB9}.Ad-Hoc|x86.ActiveCfg = Release|Any CPU
		{FAC83574-9EBA-4F64-8E96-DD80BCD8CAB9}.Ad-Hoc|x86.Build.0 = Release|Any CPU
		{FAC83574-9EBA-4F64-8E96-DD80BCD8CAB9}.Ad-Hoc|x86.Deploy.0 = Release|Any CPU
		{FAC83574-9EBA-4F64-8E96-DD80BCD8CAB9}.AppStore|Any CPU.ActiveCfg = Release|Any CPU
		{FAC83574-9EBA-4F64-8E96-DD80BCD8CAB9}.AppStore|Any CPU.Build.0 = Release|Any CPU
		{FAC83574-9EBA-4F64-8E96-DD80BCD8CAB9}.AppStore|Any CPU.Deploy.0 = Release|Any CPU
		{FAC83574-9EBA-4F64-8E96-DD80BCD8CAB9}.AppStore|ARM.ActiveCfg = Release|Any CPU
		{FAC83574-9EBA-4F64-8E96-DD80BCD8CAB9}.AppStore|ARM.Build.0 = Release|Any CPU
		{FAC83574-9EBA-4F64-8E96-DD80BCD8CAB9}.AppStore|ARM.Deploy.0 = Release|Any CPU
		{FAC83574-9EBA-4F64-8E96-DD80BCD8CAB9}.AppStore|iPhone.ActiveCfg = Release|Any CPU
		{FAC83574-9EBA-4F64-8E96-DD80BCD8CAB9}.AppStore|iPhone.Build.0 = Release|Any CPU
		{FAC83574-9EBA-4F64-8E96-DD80BCD8CAB9}.AppStore|iPhone.Deploy.0 = Release|Any CPU
		{FAC83574-9EBA-4F64-8E96-DD80BCD8CAB9}.AppStore|iPhoneSimulator.ActiveCfg = Release|Any CPU
		{FAC83574-9EBA-4F64-8E96-DD80BCD8CAB9}.AppStore|iPhoneSimulator.Build.0 = Release|Any CPU
		{FAC83574-9EBA-4F64-8E96-DD80BCD8CAB9}.AppStore|iPhoneSimulator.Deploy.0 = Release|Any CPU
		{FAC83574-9EBA-4F64-8E96-DD80BCD8CAB9}.AppStore|x64.ActiveCfg = Release|Any CPU
		{FAC83574-9EBA-4F64-8E96-DD80BCD8CAB9}.AppStore|x64.Build.0 = Release|Any CPU
		{FAC83574-9EBA-4F64-8E96-DD80BCD8CAB9}.AppStore|x64.Deploy.0 = Release|Any CPU
		{FAC83574-9EBA-4F64-8E96-DD80BCD8CAB9}.AppStore|x86.ActiveCfg = Release|Any CPU
		{FAC83574-9EBA-4F64-8E96-DD80BCD8CAB9}.AppStore|x86.Build.0 = Release|Any CPU
		{FAC83574-9EBA-4F64-8E96-DD80BCD8CAB9}.AppStore|x86.Deploy.0 = Release|Any CPU
		{FAC83574-9EBA-4F64-8E96-DD80BCD8CAB9}.Debug|Any CPU.ActiveCfg = Debug|Any CPU
		{FAC83574-9EBA-4F64-8E96-DD80BCD8CAB9}.Debug|Any CPU.Build.0 = Debug|Any CPU
		{FAC83574-9EBA-4F64-8E96-DD80BCD8CAB9}.Debug|Any CPU.Deploy.0 = Debug|Any CPU
		{FAC83574-9EBA-4F64-8E96-DD80BCD8CAB9}.Debug|ARM.ActiveCfg = Debug|Any CPU
		{FAC83574-9EBA-4F64-8E96-DD80BCD8CAB9}.Debug|ARM.Build.0 = Debug|Any CPU
		{FAC83574-9EBA-4F64-8E96-DD80BCD8CAB9}.Debug|ARM.Deploy.0 = Debug|Any CPU
		{FAC83574-9EBA-4F64-8E96-DD80BCD8CAB9}.Debug|iPhone.ActiveCfg = Debug|Any CPU
		{FAC83574-9EBA-4F64-8E96-DD80BCD8CAB9}.Debug|iPhone.Build.0 = Debug|Any CPU
		{FAC83574-9EBA-4F64-8E96-DD80BCD8CAB9}.Debug|iPhone.Deploy.0 = Debug|Any CPU
		{FAC83574-9EBA-4F64-8E96-DD80BCD8CAB9}.Debug|iPhoneSimulator.ActiveCfg = Debug|Any CPU
		{FAC83574-9EBA-4F64-8E96-DD80BCD8CAB9}.Debug|iPhoneSimulator.Build.0 = Debug|Any CPU
		{FAC83574-9EBA-4F64-8E96-DD80BCD8CAB9}.Debug|iPhoneSimulator.Deploy.0 = Debug|Any CPU
		{FAC83574-9EBA-4F64-8E96-DD80BCD8CAB9}.Debug|x64.ActiveCfg = Debug|Any CPU
		{FAC83574-9EBA-4F64-8E96-DD80BCD8CAB9}.Debug|x64.Build.0 = Debug|Any CPU
		{FAC83574-9EBA-4F64-8E96-DD80BCD8CAB9}.Debug|x64.Deploy.0 = Debug|Any CPU
		{FAC83574-9EBA-4F64-8E96-DD80BCD8CAB9}.Debug|x86.ActiveCfg = Debug|Any CPU
		{FAC83574-9EBA-4F64-8E96-DD80BCD8CAB9}.Debug|x86.Build.0 = Debug|Any CPU
		{FAC83574-9EBA-4F64-8E96-DD80BCD8CAB9}.Debug|x86.Deploy.0 = Debug|Any CPU
		{FAC83574-9EBA-4F64-8E96-DD80BCD8CAB9}.Release|Any CPU.ActiveCfg = Release|Any CPU
		{FAC83574-9EBA-4F64-8E96-DD80BCD8CAB9}.Release|Any CPU.Build.0 = Release|Any CPU
		{FAC83574-9EBA-4F64-8E96-DD80BCD8CAB9}.Release|Any CPU.Deploy.0 = Release|Any CPU
		{FAC83574-9EBA-4F64-8E96-DD80BCD8CAB9}.Release|ARM.ActiveCfg = Release|Any CPU
		{FAC83574-9EBA-4F64-8E96-DD80BCD8CAB9}.Release|ARM.Build.0 = Release|Any CPU
		{FAC83574-9EBA-4F64-8E96-DD80BCD8CAB9}.Release|ARM.Deploy.0 = Release|Any CPU
		{FAC83574-9EBA-4F64-8E96-DD80BCD8CAB9}.Release|iPhone.ActiveCfg = Release|Any CPU
		{FAC83574-9EBA-4F64-8E96-DD80BCD8CAB9}.Release|iPhone.Build.0 = Release|Any CPU
		{FAC83574-9EBA-4F64-8E96-DD80BCD8CAB9}.Release|iPhone.Deploy.0 = Release|Any CPU
		{FAC83574-9EBA-4F64-8E96-DD80BCD8CAB9}.Release|iPhoneSimulator.ActiveCfg = Release|Any CPU
		{FAC83574-9EBA-4F64-8E96-DD80BCD8CAB9}.Release|iPhoneSimulator.Build.0 = Release|Any CPU
		{FAC83574-9EBA-4F64-8E96-DD80BCD8CAB9}.Release|iPhoneSimulator.Deploy.0 = Release|Any CPU
		{FAC83574-9EBA-4F64-8E96-DD80BCD8CAB9}.Release|x64.ActiveCfg = Release|Any CPU
		{FAC83574-9EBA-4F64-8E96-DD80BCD8CAB9}.Release|x64.Build.0 = Release|Any CPU
		{FAC83574-9EBA-4F64-8E96-DD80BCD8CAB9}.Release|x64.Deploy.0 = Release|Any CPU
		{FAC83574-9EBA-4F64-8E96-DD80BCD8CAB9}.Release|x86.ActiveCfg = Release|Any CPU
		{FAC83574-9EBA-4F64-8E96-DD80BCD8CAB9}.Release|x86.Build.0 = Release|Any CPU
		{FAC83574-9EBA-4F64-8E96-DD80BCD8CAB9}.Release|x86.Deploy.0 = Release|Any CPU
		{96ACEDC8-A137-438D-8FB4-CB7D57CCEF7D}.Ad-Hoc|Any CPU.ActiveCfg = Ad-Hoc|iPhone
		{96ACEDC8-A137-438D-8FB4-CB7D57CCEF7D}.Ad-Hoc|ARM.ActiveCfg = Ad-Hoc|iPhone
		{96ACEDC8-A137-438D-8FB4-CB7D57CCEF7D}.Ad-Hoc|iPhone.ActiveCfg = Ad-Hoc|iPhone
		{96ACEDC8-A137-438D-8FB4-CB7D57CCEF7D}.Ad-Hoc|iPhone.Build.0 = Ad-Hoc|iPhone
		{96ACEDC8-A137-438D-8FB4-CB7D57CCEF7D}.Ad-Hoc|iPhoneSimulator.ActiveCfg = Ad-Hoc|iPhoneSimulator
		{96ACEDC8-A137-438D-8FB4-CB7D57CCEF7D}.Ad-Hoc|iPhoneSimulator.Build.0 = Ad-Hoc|iPhoneSimulator
		{96ACEDC8-A137-438D-8FB4-CB7D57CCEF7D}.Ad-Hoc|x64.ActiveCfg = Ad-Hoc|iPhone
		{96ACEDC8-A137-438D-8FB4-CB7D57CCEF7D}.Ad-Hoc|x86.ActiveCfg = Ad-Hoc|iPhone
		{96ACEDC8-A137-438D-8FB4-CB7D57CCEF7D}.AppStore|Any CPU.ActiveCfg = AppStore|iPhone
		{96ACEDC8-A137-438D-8FB4-CB7D57CCEF7D}.AppStore|ARM.ActiveCfg = AppStore|iPhone
		{96ACEDC8-A137-438D-8FB4-CB7D57CCEF7D}.AppStore|iPhone.ActiveCfg = AppStore|iPhone
		{96ACEDC8-A137-438D-8FB4-CB7D57CCEF7D}.AppStore|iPhone.Build.0 = AppStore|iPhone
		{96ACEDC8-A137-438D-8FB4-CB7D57CCEF7D}.AppStore|iPhoneSimulator.ActiveCfg = AppStore|iPhoneSimulator
		{96ACEDC8-A137-438D-8FB4-CB7D57CCEF7D}.AppStore|iPhoneSimulator.Build.0 = AppStore|iPhoneSimulator
		{96ACEDC8-A137-438D-8FB4-CB7D57CCEF7D}.AppStore|x64.ActiveCfg = AppStore|iPhone
		{96ACEDC8-A137-438D-8FB4-CB7D57CCEF7D}.AppStore|x86.ActiveCfg = AppStore|iPhone
		{96ACEDC8-A137-438D-8FB4-CB7D57CCEF7D}.Debug|Any CPU.ActiveCfg = Debug|iPhone
		{96ACEDC8-A137-438D-8FB4-CB7D57CCEF7D}.Debug|ARM.ActiveCfg = Debug|iPhone
		{96ACEDC8-A137-438D-8FB4-CB7D57CCEF7D}.Debug|iPhone.ActiveCfg = Debug|iPhone
		{96ACEDC8-A137-438D-8FB4-CB7D57CCEF7D}.Debug|iPhone.Build.0 = Debug|iPhone
		{96ACEDC8-A137-438D-8FB4-CB7D57CCEF7D}.Debug|iPhoneSimulator.ActiveCfg = Debug|iPhoneSimulator
		{96ACEDC8-A137-438D-8FB4-CB7D57CCEF7D}.Debug|iPhoneSimulator.Build.0 = Debug|iPhoneSimulator
		{96ACEDC8-A137-438D-8FB4-CB7D57CCEF7D}.Debug|x64.ActiveCfg = Debug|iPhone
		{96ACEDC8-A137-438D-8FB4-CB7D57CCEF7D}.Debug|x86.ActiveCfg = Debug|iPhone
		{96ACEDC8-A137-438D-8FB4-CB7D57CCEF7D}.Release|Any CPU.ActiveCfg = Release|iPhone
		{96ACEDC8-A137-438D-8FB4-CB7D57CCEF7D}.Release|ARM.ActiveCfg = Release|iPhone
		{96ACEDC8-A137-438D-8FB4-CB7D57CCEF7D}.Release|iPhone.ActiveCfg = Release|iPhone
		{96ACEDC8-A137-438D-8FB4-CB7D57CCEF7D}.Release|iPhone.Build.0 = Release|iPhone
		{96ACEDC8-A137-438D-8FB4-CB7D57CCEF7D}.Release|iPhoneSimulator.ActiveCfg = Release|iPhoneSimulator
		{96ACEDC8-A137-438D-8FB4-CB7D57CCEF7D}.Release|iPhoneSimulator.Build.0 = Release|iPhoneSimulator
		{96ACEDC8-A137-438D-8FB4-CB7D57CCEF7D}.Release|x64.ActiveCfg = Release|iPhone
		{96ACEDC8-A137-438D-8FB4-CB7D57CCEF7D}.Release|x86.ActiveCfg = Release|iPhone
		{59A69E4E-863F-4DB3-9FEF-C5C44B8A94CD}.Ad-Hoc|Any CPU.ActiveCfg = Release|Any CPU
		{59A69E4E-863F-4DB3-9FEF-C5C44B8A94CD}.Ad-Hoc|Any CPU.Build.0 = Release|Any CPU
		{59A69E4E-863F-4DB3-9FEF-C5C44B8A94CD}.Ad-Hoc|Any CPU.Deploy.0 = Release|Any CPU
		{59A69E4E-863F-4DB3-9FEF-C5C44B8A94CD}.Ad-Hoc|ARM.ActiveCfg = Release|ARM
		{59A69E4E-863F-4DB3-9FEF-C5C44B8A94CD}.Ad-Hoc|ARM.Build.0 = Release|ARM
		{59A69E4E-863F-4DB3-9FEF-C5C44B8A94CD}.Ad-Hoc|ARM.Deploy.0 = Release|ARM
		{59A69E4E-863F-4DB3-9FEF-C5C44B8A94CD}.Ad-Hoc|iPhone.ActiveCfg = Release|Any CPU
		{59A69E4E-863F-4DB3-9FEF-C5C44B8A94CD}.Ad-Hoc|iPhone.Build.0 = Release|Any CPU
		{59A69E4E-863F-4DB3-9FEF-C5C44B8A94CD}.Ad-Hoc|iPhone.Deploy.0 = Release|Any CPU
		{59A69E4E-863F-4DB3-9FEF-C5C44B8A94CD}.Ad-Hoc|iPhoneSimulator.ActiveCfg = Release|Any CPU
		{59A69E4E-863F-4DB3-9FEF-C5C44B8A94CD}.Ad-Hoc|iPhoneSimulator.Build.0 = Release|Any CPU
		{59A69E4E-863F-4DB3-9FEF-C5C44B8A94CD}.Ad-Hoc|iPhoneSimulator.Deploy.0 = Release|Any CPU
		{59A69E4E-863F-4DB3-9FEF-C5C44B8A94CD}.Ad-Hoc|x64.ActiveCfg = Release|Any CPU
		{59A69E4E-863F-4DB3-9FEF-C5C44B8A94CD}.Ad-Hoc|x64.Build.0 = Release|Any CPU
		{59A69E4E-863F-4DB3-9FEF-C5C44B8A94CD}.Ad-Hoc|x64.Deploy.0 = Release|Any CPU
		{59A69E4E-863F-4DB3-9FEF-C5C44B8A94CD}.Ad-Hoc|x86.ActiveCfg = Release|x86
		{59A69E4E-863F-4DB3-9FEF-C5C44B8A94CD}.Ad-Hoc|x86.Build.0 = Release|x86
		{59A69E4E-863F-4DB3-9FEF-C5C44B8A94CD}.Ad-Hoc|x86.Deploy.0 = Release|x86
		{59A69E4E-863F-4DB3-9FEF-C5C44B8A94CD}.AppStore|Any CPU.ActiveCfg = Release|Any CPU
		{59A69E4E-863F-4DB3-9FEF-C5C44B8A94CD}.AppStore|Any CPU.Build.0 = Release|Any CPU
		{59A69E4E-863F-4DB3-9FEF-C5C44B8A94CD}.AppStore|Any CPU.Deploy.0 = Release|Any CPU
		{59A69E4E-863F-4DB3-9FEF-C5C44B8A94CD}.AppStore|ARM.ActiveCfg = Release|ARM
		{59A69E4E-863F-4DB3-9FEF-C5C44B8A94CD}.AppStore|ARM.Build.0 = Release|ARM
		{59A69E4E-863F-4DB3-9FEF-C5C44B8A94CD}.AppStore|ARM.Deploy.0 = Release|ARM
		{59A69E4E-863F-4DB3-9FEF-C5C44B8A94CD}.AppStore|iPhone.ActiveCfg = Release|Any CPU
		{59A69E4E-863F-4DB3-9FEF-C5C44B8A94CD}.AppStore|iPhone.Build.0 = Release|Any CPU
		{59A69E4E-863F-4DB3-9FEF-C5C44B8A94CD}.AppStore|iPhone.Deploy.0 = Release|Any CPU
		{59A69E4E-863F-4DB3-9FEF-C5C44B8A94CD}.AppStore|iPhoneSimulator.ActiveCfg = Release|Any CPU
		{59A69E4E-863F-4DB3-9FEF-C5C44B8A94CD}.AppStore|iPhoneSimulator.Build.0 = Release|Any CPU
		{59A69E4E-863F-4DB3-9FEF-C5C44B8A94CD}.AppStore|iPhoneSimulator.Deploy.0 = Release|Any CPU
		{59A69E4E-863F-4DB3-9FEF-C5C44B8A94CD}.AppStore|x64.ActiveCfg = Release|Any CPU
		{59A69E4E-863F-4DB3-9FEF-C5C44B8A94CD}.AppStore|x64.Build.0 = Release|Any CPU
		{59A69E4E-863F-4DB3-9FEF-C5C44B8A94CD}.AppStore|x64.Deploy.0 = Release|Any CPU
		{59A69E4E-863F-4DB3-9FEF-C5C44B8A94CD}.AppStore|x86.ActiveCfg = Release|x86
		{59A69E4E-863F-4DB3-9FEF-C5C44B8A94CD}.AppStore|x86.Build.0 = Release|x86
		{59A69E4E-863F-4DB3-9FEF-C5C44B8A94CD}.AppStore|x86.Deploy.0 = Release|x86
		{59A69E4E-863F-4DB3-9FEF-C5C44B8A94CD}.Debug|Any CPU.ActiveCfg = Debug|Any CPU
		{59A69E4E-863F-4DB3-9FEF-C5C44B8A94CD}.Debug|Any CPU.Build.0 = Debug|Any CPU
		{59A69E4E-863F-4DB3-9FEF-C5C44B8A94CD}.Debug|Any CPU.Deploy.0 = Debug|Any CPU
		{59A69E4E-863F-4DB3-9FEF-C5C44B8A94CD}.Debug|ARM.ActiveCfg = Debug|ARM
		{59A69E4E-863F-4DB3-9FEF-C5C44B8A94CD}.Debug|ARM.Build.0 = Debug|ARM
		{59A69E4E-863F-4DB3-9FEF-C5C44B8A94CD}.Debug|ARM.Deploy.0 = Debug|ARM
		{59A69E4E-863F-4DB3-9FEF-C5C44B8A94CD}.Debug|iPhone.ActiveCfg = Debug|Any CPU
		{59A69E4E-863F-4DB3-9FEF-C5C44B8A94CD}.Debug|iPhone.Build.0 = Debug|Any CPU
		{59A69E4E-863F-4DB3-9FEF-C5C44B8A94CD}.Debug|iPhone.Deploy.0 = Debug|Any CPU
		{59A69E4E-863F-4DB3-9FEF-C5C44B8A94CD}.Debug|iPhoneSimulator.ActiveCfg = Debug|Any CPU
		{59A69E4E-863F-4DB3-9FEF-C5C44B8A94CD}.Debug|iPhoneSimulator.Build.0 = Debug|Any CPU
		{59A69E4E-863F-4DB3-9FEF-C5C44B8A94CD}.Debug|iPhoneSimulator.Deploy.0 = Debug|Any CPU
		{59A69E4E-863F-4DB3-9FEF-C5C44B8A94CD}.Debug|x64.ActiveCfg = Debug|Any CPU
		{59A69E4E-863F-4DB3-9FEF-C5C44B8A94CD}.Debug|x64.Build.0 = Debug|Any CPU
		{59A69E4E-863F-4DB3-9FEF-C5C44B8A94CD}.Debug|x64.Deploy.0 = Debug|Any CPU
		{59A69E4E-863F-4DB3-9FEF-C5C44B8A94CD}.Debug|x86.ActiveCfg = Debug|x86
		{59A69E4E-863F-4DB3-9FEF-C5C44B8A94CD}.Debug|x86.Build.0 = Debug|x86
		{59A69E4E-863F-4DB3-9FEF-C5C44B8A94CD}.Debug|x86.Deploy.0 = Debug|x86
		{59A69E4E-863F-4DB3-9FEF-C5C44B8A94CD}.Release|Any CPU.ActiveCfg = Release|Any CPU
		{59A69E4E-863F-4DB3-9FEF-C5C44B8A94CD}.Release|Any CPU.Build.0 = Release|Any CPU
		{59A69E4E-863F-4DB3-9FEF-C5C44B8A94CD}.Release|Any CPU.Deploy.0 = Release|Any CPU
		{59A69E4E-863F-4DB3-9FEF-C5C44B8A94CD}.Release|ARM.ActiveCfg = Release|ARM
		{59A69E4E-863F-4DB3-9FEF-C5C44B8A94CD}.Release|ARM.Build.0 = Release|ARM
		{59A69E4E-863F-4DB3-9FEF-C5C44B8A94CD}.Release|ARM.Deploy.0 = Release|ARM
		{59A69E4E-863F-4DB3-9FEF-C5C44B8A94CD}.Release|iPhone.ActiveCfg = Release|Any CPU
		{59A69E4E-863F-4DB3-9FEF-C5C44B8A94CD}.Release|iPhone.Build.0 = Release|Any CPU
		{59A69E4E-863F-4DB3-9FEF-C5C44B8A94CD}.Release|iPhone.Deploy.0 = Release|Any CPU
		{59A69E4E-863F-4DB3-9FEF-C5C44B8A94CD}.Release|iPhoneSimulator.ActiveCfg = Release|Any CPU
		{59A69E4E-863F-4DB3-9FEF-C5C44B8A94CD}.Release|iPhoneSimulator.Build.0 = Release|Any CPU
		{59A69E4E-863F-4DB3-9FEF-C5C44B8A94CD}.Release|iPhoneSimulator.Deploy.0 = Release|Any CPU
		{59A69E4E-863F-4DB3-9FEF-C5C44B8A94CD}.Release|x64.ActiveCfg = Release|Any CPU
		{59A69E4E-863F-4DB3-9FEF-C5C44B8A94CD}.Release|x64.Build.0 = Release|Any CPU
		{59A69E4E-863F-4DB3-9FEF-C5C44B8A94CD}.Release|x64.Deploy.0 = Release|Any CPU
		{59A69E4E-863F-4DB3-9FEF-C5C44B8A94CD}.Release|x86.ActiveCfg = Release|x86
		{59A69E4E-863F-4DB3-9FEF-C5C44B8A94CD}.Release|x86.Build.0 = Release|x86
		{59A69E4E-863F-4DB3-9FEF-C5C44B8A94CD}.Release|x86.Deploy.0 = Release|x86
		{11EC3CF7-529F-42D6-820D-2513B06F109C}.Ad-Hoc|Any CPU.ActiveCfg = Release|x86
		{11EC3CF7-529F-42D6-820D-2513B06F109C}.Ad-Hoc|Any CPU.Build.0 = Release|x86
		{11EC3CF7-529F-42D6-820D-2513B06F109C}.Ad-Hoc|Any CPU.Deploy.0 = Release|x86
		{11EC3CF7-529F-42D6-820D-2513B06F109C}.Ad-Hoc|ARM.ActiveCfg = Release|ARM
		{11EC3CF7-529F-42D6-820D-2513B06F109C}.Ad-Hoc|ARM.Build.0 = Release|ARM
		{11EC3CF7-529F-42D6-820D-2513B06F109C}.Ad-Hoc|ARM.Deploy.0 = Release|ARM
		{11EC3CF7-529F-42D6-820D-2513B06F109C}.Ad-Hoc|iPhone.ActiveCfg = Release|x86
		{11EC3CF7-529F-42D6-820D-2513B06F109C}.Ad-Hoc|iPhone.Build.0 = Release|x86
		{11EC3CF7-529F-42D6-820D-2513B06F109C}.Ad-Hoc|iPhone.Deploy.0 = Release|x86
		{11EC3CF7-529F-42D6-820D-2513B06F109C}.Ad-Hoc|iPhoneSimulator.ActiveCfg = Release|x86
		{11EC3CF7-529F-42D6-820D-2513B06F109C}.Ad-Hoc|iPhoneSimulator.Build.0 = Release|x86
		{11EC3CF7-529F-42D6-820D-2513B06F109C}.Ad-Hoc|iPhoneSimulator.Deploy.0 = Release|x86
		{11EC3CF7-529F-42D6-820D-2513B06F109C}.Ad-Hoc|x64.ActiveCfg = Release|x64
		{11EC3CF7-529F-42D6-820D-2513B06F109C}.Ad-Hoc|x64.Build.0 = Release|x64
		{11EC3CF7-529F-42D6-820D-2513B06F109C}.Ad-Hoc|x64.Deploy.0 = Release|x64
		{11EC3CF7-529F-42D6-820D-2513B06F109C}.Ad-Hoc|x86.ActiveCfg = Release|x86
		{11EC3CF7-529F-42D6-820D-2513B06F109C}.Ad-Hoc|x86.Build.0 = Release|x86
		{11EC3CF7-529F-42D6-820D-2513B06F109C}.Ad-Hoc|x86.Deploy.0 = Release|x86
		{11EC3CF7-529F-42D6-820D-2513B06F109C}.AppStore|Any CPU.ActiveCfg = Release|x86
		{11EC3CF7-529F-42D6-820D-2513B06F109C}.AppStore|Any CPU.Build.0 = Release|x86
		{11EC3CF7-529F-42D6-820D-2513B06F109C}.AppStore|Any CPU.Deploy.0 = Release|x86
		{11EC3CF7-529F-42D6-820D-2513B06F109C}.AppStore|ARM.ActiveCfg = Release|ARM
		{11EC3CF7-529F-42D6-820D-2513B06F109C}.AppStore|ARM.Build.0 = Release|ARM
		{11EC3CF7-529F-42D6-820D-2513B06F109C}.AppStore|ARM.Deploy.0 = Release|ARM
		{11EC3CF7-529F-42D6-820D-2513B06F109C}.AppStore|iPhone.ActiveCfg = Release|x86
		{11EC3CF7-529F-42D6-820D-2513B06F109C}.AppStore|iPhone.Build.0 = Release|x86
		{11EC3CF7-529F-42D6-820D-2513B06F109C}.AppStore|iPhone.Deploy.0 = Release|x86
		{11EC3CF7-529F-42D6-820D-2513B06F109C}.AppStore|iPhoneSimulator.ActiveCfg = Release|x86
		{11EC3CF7-529F-42D6-820D-2513B06F109C}.AppStore|iPhoneSimulator.Build.0 = Release|x86
		{11EC3CF7-529F-42D6-820D-2513B06F109C}.AppStore|iPhoneSimulator.Deploy.0 = Release|x86
		{11EC3CF7-529F-42D6-820D-2513B06F109C}.AppStore|x64.ActiveCfg = Release|x64
		{11EC3CF7-529F-42D6-820D-2513B06F109C}.AppStore|x64.Build.0 = Release|x64
		{11EC3CF7-529F-42D6-820D-2513B06F109C}.AppStore|x64.Deploy.0 = Release|x64
		{11EC3CF7-529F-42D6-820D-2513B06F109C}.AppStore|x86.ActiveCfg = Release|x86
		{11EC3CF7-529F-42D6-820D-2513B06F109C}.AppStore|x86.Build.0 = Release|x86
		{11EC3CF7-529F-42D6-820D-2513B06F109C}.AppStore|x86.Deploy.0 = Release|x86
		{11EC3CF7-529F-42D6-820D-2513B06F109C}.Debug|Any CPU.ActiveCfg = Debug|x86
		{11EC3CF7-529F-42D6-820D-2513B06F109C}.Debug|Any CPU.Build.0 = Debug|x86
		{11EC3CF7-529F-42D6-820D-2513B06F109C}.Debug|Any CPU.Deploy.0 = Debug|x86
		{11EC3CF7-529F-42D6-820D-2513B06F109C}.Debug|ARM.ActiveCfg = Debug|ARM
		{11EC3CF7-529F-42D6-820D-2513B06F109C}.Debug|ARM.Build.0 = Debug|ARM
		{11EC3CF7-529F-42D6-820D-2513B06F109C}.Debug|ARM.Deploy.0 = Debug|ARM
		{11EC3CF7-529F-42D6-820D-2513B06F109C}.Debug|iPhone.ActiveCfg = Debug|x86
		{11EC3CF7-529F-42D6-820D-2513B06F109C}.Debug|iPhoneSimulator.ActiveCfg = Debug|x86
		{11EC3CF7-529F-42D6-820D-2513B06F109C}.Debug|x64.ActiveCfg = Debug|x64
		{11EC3CF7-529F-42D6-820D-2513B06F109C}.Debug|x64.Build.0 = Debug|x64
		{11EC3CF7-529F-42D6-820D-2513B06F109C}.Debug|x64.Deploy.0 = Debug|x64
		{11EC3CF7-529F-42D6-820D-2513B06F109C}.Debug|x86.ActiveCfg = Debug|x86
		{11EC3CF7-529F-42D6-820D-2513B06F109C}.Debug|x86.Build.0 = Debug|x86
		{11EC3CF7-529F-42D6-820D-2513B06F109C}.Debug|x86.Deploy.0 = Debug|x86
		{11EC3CF7-529F-42D6-820D-2513B06F109C}.Release|Any CPU.ActiveCfg = Release|x86
		{11EC3CF7-529F-42D6-820D-2513B06F109C}.Release|Any CPU.Build.0 = Release|x86
		{11EC3CF7-529F-42D6-820D-2513B06F109C}.Release|Any CPU.Deploy.0 = Release|x86
		{11EC3CF7-529F-42D6-820D-2513B06F109C}.Release|ARM.ActiveCfg = Release|ARM
		{11EC3CF7-529F-42D6-820D-2513B06F109C}.Release|ARM.Build.0 = Release|ARM
		{11EC3CF7-529F-42D6-820D-2513B06F109C}.Release|ARM.Deploy.0 = Release|ARM
		{11EC3CF7-529F-42D6-820D-2513B06F109C}.Release|iPhone.ActiveCfg = Release|x86
		{11EC3CF7-529F-42D6-820D-2513B06F109C}.Release|iPhoneSimulator.ActiveCfg = Release|x86
		{11EC3CF7-529F-42D6-820D-2513B06F109C}.Release|x64.ActiveCfg = Release|x64
		{11EC3CF7-529F-42D6-820D-2513B06F109C}.Release|x64.Build.0 = Release|x64
		{11EC3CF7-529F-42D6-820D-2513B06F109C}.Release|x64.Deploy.0 = Release|x64
		{11EC3CF7-529F-42D6-820D-2513B06F109C}.Release|x86.ActiveCfg = Release|x86
		{11EC3CF7-529F-42D6-820D-2513B06F109C}.Release|x86.Build.0 = Release|x86
		{11EC3CF7-529F-42D6-820D-2513B06F109C}.Release|x86.Deploy.0 = Release|x86
		{316D9311-F0F1-42DA-BED8-67E0E2E7186D}.Ad-Hoc|Any CPU.ActiveCfg = Release|Any CPU
		{316D9311-F0F1-42DA-BED8-67E0E2E7186D}.Ad-Hoc|Any CPU.Build.0 = Release|Any CPU
		{316D9311-F0F1-42DA-BED8-67E0E2E7186D}.Ad-Hoc|Any CPU.Deploy.0 = Release|Any CPU
		{316D9311-F0F1-42DA-BED8-67E0E2E7186D}.Ad-Hoc|ARM.ActiveCfg = Release|ARM
		{316D9311-F0F1-42DA-BED8-67E0E2E7186D}.Ad-Hoc|ARM.Build.0 = Release|ARM
		{316D9311-F0F1-42DA-BED8-67E0E2E7186D}.Ad-Hoc|ARM.Deploy.0 = Release|ARM
		{316D9311-F0F1-42DA-BED8-67E0E2E7186D}.Ad-Hoc|iPhone.ActiveCfg = Release|Any CPU
		{316D9311-F0F1-42DA-BED8-67E0E2E7186D}.Ad-Hoc|iPhone.Build.0 = Release|Any CPU
		{316D9311-F0F1-42DA-BED8-67E0E2E7186D}.Ad-Hoc|iPhone.Deploy.0 = Release|Any CPU
		{316D9311-F0F1-42DA-BED8-67E0E2E7186D}.Ad-Hoc|iPhoneSimulator.ActiveCfg = Release|Any CPU
		{316D9311-F0F1-42DA-BED8-67E0E2E7186D}.Ad-Hoc|iPhoneSimulator.Build.0 = Release|Any CPU
		{316D9311-F0F1-42DA-BED8-67E0E2E7186D}.Ad-Hoc|iPhoneSimulator.Deploy.0 = Release|Any CPU
		{316D9311-F0F1-42DA-BED8-67E0E2E7186D}.Ad-Hoc|x64.ActiveCfg = Release|x64
		{316D9311-F0F1-42DA-BED8-67E0E2E7186D}.Ad-Hoc|x64.Build.0 = Release|x64
		{316D9311-F0F1-42DA-BED8-67E0E2E7186D}.Ad-Hoc|x64.Deploy.0 = Release|x64
		{316D9311-F0F1-42DA-BED8-67E0E2E7186D}.Ad-Hoc|x86.ActiveCfg = Release|x86
		{316D9311-F0F1-42DA-BED8-67E0E2E7186D}.Ad-Hoc|x86.Build.0 = Release|x86
		{316D9311-F0F1-42DA-BED8-67E0E2E7186D}.Ad-Hoc|x86.Deploy.0 = Release|x86
		{316D9311-F0F1-42DA-BED8-67E0E2E7186D}.AppStore|Any CPU.ActiveCfg = Release|Any CPU
		{316D9311-F0F1-42DA-BED8-67E0E2E7186D}.AppStore|Any CPU.Build.0 = Release|Any CPU
		{316D9311-F0F1-42DA-BED8-67E0E2E7186D}.AppStore|Any CPU.Deploy.0 = Release|Any CPU
		{316D9311-F0F1-42DA-BED8-67E0E2E7186D}.AppStore|ARM.ActiveCfg = Release|ARM
		{316D9311-F0F1-42DA-BED8-67E0E2E7186D}.AppStore|ARM.Build.0 = Release|ARM
		{316D9311-F0F1-42DA-BED8-67E0E2E7186D}.AppStore|ARM.Deploy.0 = Release|ARM
		{316D9311-F0F1-42DA-BED8-67E0E2E7186D}.AppStore|iPhone.ActiveCfg = Release|Any CPU
		{316D9311-F0F1-42DA-BED8-67E0E2E7186D}.AppStore|iPhone.Build.0 = Release|Any CPU
		{316D9311-F0F1-42DA-BED8-67E0E2E7186D}.AppStore|iPhone.Deploy.0 = Release|Any CPU
		{316D9311-F0F1-42DA-BED8-67E0E2E7186D}.AppStore|iPhoneSimulator.ActiveCfg = Release|Any CPU
		{316D9311-F0F1-42DA-BED8-67E0E2E7186D}.AppStore|iPhoneSimulator.Build.0 = Release|Any CPU
		{316D9311-F0F1-42DA-BED8-67E0E2E7186D}.AppStore|iPhoneSimulator.Deploy.0 = Release|Any CPU
		{316D9311-F0F1-42DA-BED8-67E0E2E7186D}.AppStore|x64.ActiveCfg = Release|x64
		{316D9311-F0F1-42DA-BED8-67E0E2E7186D}.AppStore|x64.Build.0 = Release|x64
		{316D9311-F0F1-42DA-BED8-67E0E2E7186D}.AppStore|x64.Deploy.0 = Release|x64
		{316D9311-F0F1-42DA-BED8-67E0E2E7186D}.AppStore|x86.ActiveCfg = Release|x86
		{316D9311-F0F1-42DA-BED8-67E0E2E7186D}.AppStore|x86.Build.0 = Release|x86
		{316D9311-F0F1-42DA-BED8-67E0E2E7186D}.AppStore|x86.Deploy.0 = Release|x86
		{316D9311-F0F1-42DA-BED8-67E0E2E7186D}.Debug|Any CPU.ActiveCfg = Debug|Any CPU
		{316D9311-F0F1-42DA-BED8-67E0E2E7186D}.Debug|Any CPU.Build.0 = Debug|Any CPU
		{316D9311-F0F1-42DA-BED8-67E0E2E7186D}.Debug|Any CPU.Deploy.0 = Debug|Any CPU
		{316D9311-F0F1-42DA-BED8-67E0E2E7186D}.Debug|ARM.ActiveCfg = Debug|ARM
		{316D9311-F0F1-42DA-BED8-67E0E2E7186D}.Debug|ARM.Build.0 = Debug|ARM
		{316D9311-F0F1-42DA-BED8-67E0E2E7186D}.Debug|ARM.Deploy.0 = Debug|ARM
		{316D9311-F0F1-42DA-BED8-67E0E2E7186D}.Debug|iPhone.ActiveCfg = Debug|Any CPU
		{316D9311-F0F1-42DA-BED8-67E0E2E7186D}.Debug|iPhone.Build.0 = Debug|Any CPU
		{316D9311-F0F1-42DA-BED8-67E0E2E7186D}.Debug|iPhone.Deploy.0 = Debug|Any CPU
		{316D9311-F0F1-42DA-BED8-67E0E2E7186D}.Debug|iPhoneSimulator.ActiveCfg = Debug|Any CPU
		{316D9311-F0F1-42DA-BED8-67E0E2E7186D}.Debug|iPhoneSimulator.Build.0 = Debug|Any CPU
		{316D9311-F0F1-42DA-BED8-67E0E2E7186D}.Debug|iPhoneSimulator.Deploy.0 = Debug|Any CPU
		{316D9311-F0F1-42DA-BED8-67E0E2E7186D}.Debug|x64.ActiveCfg = Debug|x64
		{316D9311-F0F1-42DA-BED8-67E0E2E7186D}.Debug|x64.Build.0 = Debug|x64
		{316D9311-F0F1-42DA-BED8-67E0E2E7186D}.Debug|x64.Deploy.0 = Debug|x64
		{316D9311-F0F1-42DA-BED8-67E0E2E7186D}.Debug|x86.ActiveCfg = Debug|x86
		{316D9311-F0F1-42DA-BED8-67E0E2E7186D}.Debug|x86.Build.0 = Debug|x86
		{316D9311-F0F1-42DA-BED8-67E0E2E7186D}.Debug|x86.Deploy.0 = Debug|x86
		{316D9311-F0F1-42DA-BED8-67E0E2E7186D}.Release|Any CPU.ActiveCfg = Release|Any CPU
		{316D9311-F0F1-42DA-BED8-67E0E2E7186D}.Release|Any CPU.Build.0 = Release|Any CPU
		{316D9311-F0F1-42DA-BED8-67E0E2E7186D}.Release|Any CPU.Deploy.0 = Release|Any CPU
		{316D9311-F0F1-42DA-BED8-67E0E2E7186D}.Release|ARM.ActiveCfg = Release|ARM
		{316D9311-F0F1-42DA-BED8-67E0E2E7186D}.Release|ARM.Build.0 = Release|ARM
		{316D9311-F0F1-42DA-BED8-67E0E2E7186D}.Release|ARM.Deploy.0 = Release|ARM
		{316D9311-F0F1-42DA-BED8-67E0E2E7186D}.Release|iPhone.ActiveCfg = Release|Any CPU
		{316D9311-F0F1-42DA-BED8-67E0E2E7186D}.Release|iPhone.Build.0 = Release|Any CPU
		{316D9311-F0F1-42DA-BED8-67E0E2E7186D}.Release|iPhone.Deploy.0 = Release|Any CPU
		{316D9311-F0F1-42DA-BED8-67E0E2E7186D}.Release|iPhoneSimulator.ActiveCfg = Release|Any CPU
		{316D9311-F0F1-42DA-BED8-67E0E2E7186D}.Release|iPhoneSimulator.Build.0 = Release|Any CPU
		{316D9311-F0F1-42DA-BED8-67E0E2E7186D}.Release|iPhoneSimulator.Deploy.0 = Release|Any CPU
		{316D9311-F0F1-42DA-BED8-67E0E2E7186D}.Release|x64.ActiveCfg = Release|x64
		{316D9311-F0F1-42DA-BED8-67E0E2E7186D}.Release|x64.Build.0 = Release|x64
		{316D9311-F0F1-42DA-BED8-67E0E2E7186D}.Release|x64.Deploy.0 = Release|x64
		{316D9311-F0F1-42DA-BED8-67E0E2E7186D}.Release|x86.ActiveCfg = Release|x86
		{316D9311-F0F1-42DA-BED8-67E0E2E7186D}.Release|x86.Build.0 = Release|x86
		{316D9311-F0F1-42DA-BED8-67E0E2E7186D}.Release|x86.Deploy.0 = Release|x86
		{E305F652-0818-4E77-A604-45AA4294E20E}.Ad-Hoc|Any CPU.ActiveCfg = Release|Any CPU
		{E305F652-0818-4E77-A604-45AA4294E20E}.Ad-Hoc|Any CPU.Build.0 = Release|Any CPU
		{E305F652-0818-4E77-A604-45AA4294E20E}.Ad-Hoc|ARM.ActiveCfg = Release|Any CPU
		{E305F652-0818-4E77-A604-45AA4294E20E}.Ad-Hoc|ARM.Build.0 = Release|Any CPU
		{E305F652-0818-4E77-A604-45AA4294E20E}.Ad-Hoc|iPhone.ActiveCfg = Release|Any CPU
		{E305F652-0818-4E77-A604-45AA4294E20E}.Ad-Hoc|iPhone.Build.0 = Release|Any CPU
		{E305F652-0818-4E77-A604-45AA4294E20E}.Ad-Hoc|iPhoneSimulator.ActiveCfg = Release|Any CPU
		{E305F652-0818-4E77-A604-45AA4294E20E}.Ad-Hoc|iPhoneSimulator.Build.0 = Release|Any CPU
		{E305F652-0818-4E77-A604-45AA4294E20E}.Ad-Hoc|x64.ActiveCfg = Release|Any CPU
		{E305F652-0818-4E77-A604-45AA4294E20E}.Ad-Hoc|x64.Build.0 = Release|Any CPU
		{E305F652-0818-4E77-A604-45AA4294E20E}.Ad-Hoc|x86.ActiveCfg = Release|Any CPU
		{E305F652-0818-4E77-A604-45AA4294E20E}.Ad-Hoc|x86.Build.0 = Release|Any CPU
		{E305F652-0818-4E77-A604-45AA4294E20E}.AppStore|Any CPU.ActiveCfg = Release|Any CPU
		{E305F652-0818-4E77-A604-45AA4294E20E}.AppStore|Any CPU.Build.0 = Release|Any CPU
		{E305F652-0818-4E77-A604-45AA4294E20E}.AppStore|ARM.ActiveCfg = Release|Any CPU
		{E305F652-0818-4E77-A604-45AA4294E20E}.AppStore|ARM.Build.0 = Release|Any CPU
		{E305F652-0818-4E77-A604-45AA4294E20E}.AppStore|iPhone.ActiveCfg = Release|Any CPU
		{E305F652-0818-4E77-A604-45AA4294E20E}.AppStore|iPhone.Build.0 = Release|Any CPU
		{E305F652-0818-4E77-A604-45AA4294E20E}.AppStore|iPhoneSimulator.ActiveCfg = Release|Any CPU
		{E305F652-0818-4E77-A604-45AA4294E20E}.AppStore|iPhoneSimulator.Build.0 = Release|Any CPU
		{E305F652-0818-4E77-A604-45AA4294E20E}.AppStore|x64.ActiveCfg = Release|Any CPU
		{E305F652-0818-4E77-A604-45AA4294E20E}.AppStore|x64.Build.0 = Release|Any CPU
		{E305F652-0818-4E77-A604-45AA4294E20E}.AppStore|x86.ActiveCfg = Release|Any CPU
		{E305F652-0818-4E77-A604-45AA4294E20E}.AppStore|x86.Build.0 = Release|Any CPU
		{E305F652-0818-4E77-A604-45AA4294E20E}.Debug|Any CPU.ActiveCfg = Debug|Any CPU
		{E305F652-0818-4E77-A604-45AA4294E20E}.Debug|Any CPU.Build.0 = Debug|Any CPU
		{E305F652-0818-4E77-A604-45AA4294E20E}.Debug|ARM.ActiveCfg = Debug|Any CPU
		{E305F652-0818-4E77-A604-45AA4294E20E}.Debug|ARM.Build.0 = Debug|Any CPU
		{E305F652-0818-4E77-A604-45AA4294E20E}.Debug|iPhone.ActiveCfg = Debug|Any CPU
		{E305F652-0818-4E77-A604-45AA4294E20E}.Debug|iPhone.Build.0 = Debug|Any CPU
		{E305F652-0818-4E77-A604-45AA4294E20E}.Debug|iPhoneSimulator.ActiveCfg = Debug|Any CPU
		{E305F652-0818-4E77-A604-45AA4294E20E}.Debug|iPhoneSimulator.Build.0 = Debug|Any CPU
		{E305F652-0818-4E77-A604-45AA4294E20E}.Debug|x64.ActiveCfg = Debug|Any CPU
		{E305F652-0818-4E77-A604-45AA4294E20E}.Debug|x64.Build.0 = Debug|Any CPU
		{E305F652-0818-4E77-A604-45AA4294E20E}.Debug|x86.ActiveCfg = Debug|Any CPU
		{E305F652-0818-4E77-A604-45AA4294E20E}.Debug|x86.Build.0 = Debug|Any CPU
		{E305F652-0818-4E77-A604-45AA4294E20E}.Release|Any CPU.ActiveCfg = Release|Any CPU
		{E305F652-0818-4E77-A604-45AA4294E20E}.Release|Any CPU.Build.0 = Release|Any CPU
		{E305F652-0818-4E77-A604-45AA4294E20E}.Release|ARM.ActiveCfg = Release|Any CPU
		{E305F652-0818-4E77-A604-45AA4294E20E}.Release|ARM.Build.0 = Release|Any CPU
		{E305F652-0818-4E77-A604-45AA4294E20E}.Release|iPhone.ActiveCfg = Release|Any CPU
		{E305F652-0818-4E77-A604-45AA4294E20E}.Release|iPhone.Build.0 = Release|Any CPU
		{E305F652-0818-4E77-A604-45AA4294E20E}.Release|iPhoneSimulator.ActiveCfg = Release|Any CPU
		{E305F652-0818-4E77-A604-45AA4294E20E}.Release|iPhoneSimulator.Build.0 = Release|Any CPU
		{E305F652-0818-4E77-A604-45AA4294E20E}.Release|x64.ActiveCfg = Release|Any CPU
		{E305F652-0818-4E77-A604-45AA4294E20E}.Release|x64.Build.0 = Release|Any CPU
		{E305F652-0818-4E77-A604-45AA4294E20E}.Release|x86.ActiveCfg = Release|Any CPU
		{E305F652-0818-4E77-A604-45AA4294E20E}.Release|x86.Build.0 = Release|Any CPU
	EndGlobalSection
	GlobalSection(SolutionProperties) = preSolution
		HideSolutionNode = FALSE
	EndGlobalSection
EndGlobal
