
Microsoft Visual Studio Solution File, Format Version 12.00
# Visual Studio 14
VisualStudioVersion = 14.0.25123.0
MinimumVisualStudioVersion = 10.0.40219.1
Project("{FAE04EC0-301F-11D3-BF4B-00C04F79EFBC}") = "Projeto04.Droid", "Projeto04\Projeto04.Droid\Projeto04.Droid.csproj", "{6E9D9EA9-ED57-4C43-A0F0-3396190E8EC9}"
EndProject
Project("{FAE04EC0-301F-11D3-BF4B-00C04F79EFBC}") = "Projeto04.iOS", "Projeto04\Projeto04.iOS\Projeto04.iOS.csproj", "{0E849AEE-DF25-4B41-AD74-5A2EEF823984}"
EndProject
Project("{FAE04EC0-301F-11D3-BF4B-00C04F79EFBC}") = "Projeto04.UWP", "Projeto04\Projeto04.UWP\Projeto04.UWP.csproj", "{0A1B8F21-2EE0-4EED-B457-DCB1D90C8856}"
EndProject
Project("{FAE04EC0-301F-11D3-BF4B-00C04F79EFBC}") = "Projeto04", "Projeto04\Projeto04\Projeto04.csproj", "{9C94FB4E-7108-4744-A0F0-D63C59B8312A}"
EndProject
Global
	GlobalSection(SolutionConfigurationPlatforms) = preSolution
		Ad-Hoc|Any CPU = Ad-Hoc|Any CPU
		Ad-Hoc|ARM = Ad-Hoc|ARM
		Ad-Hoc|iPhone = Ad-Hoc|iPhone
		Ad-Hoc|iPhoneSimulator = Ad-Hoc|iPhoneSimulator
		Ad-Hoc|x64 = Ad-Hoc|x64
		Ad-Hoc|x86 = Ad-Hoc|x86
		AppStore|Any CPU = AppStore|Any CPU
		AppStore|ARM = AppStore|ARM
		AppStore|iPhone = AppStore|iPhone
		AppStore|iPhoneSimulator = AppStore|iPhoneSimulator
		AppStore|x64 = AppStore|x64
		AppStore|x86 = AppStore|x86
		Debug|Any CPU = Debug|Any CPU
		Debug|ARM = Debug|ARM
		Debug|iPhone = Debug|iPhone
		Debug|iPhoneSimulator = Debug|iPhoneSimulator
		Debug|x64 = Debug|x64
		Debug|x86 = Debug|x86
		Release|Any CPU = Release|Any CPU
		Release|ARM = Release|ARM
		Release|iPhone = Release|iPhone
		Release|iPhoneSimulator = Release|iPhoneSimulator
		Release|x64 = Release|x64
		Release|x86 = Release|x86
	EndGlobalSection
	GlobalSection(ProjectConfigurationPlatforms) = postSolution
		{6E9D9EA9-ED57-4C43-A0F0-3396190E8EC9}.Ad-Hoc|Any CPU.ActiveCfg = Release|Any CPU
		{6E9D9EA9-ED57-4C43-A0F0-3396190E8EC9}.Ad-Hoc|Any CPU.Build.0 = Release|Any CPU
		{6E9D9EA9-ED57-4C43-A0F0-3396190E8EC9}.Ad-Hoc|Any CPU.Deploy.0 = Release|Any CPU
		{6E9D9EA9-ED57-4C43-A0F0-3396190E8EC9}.Ad-Hoc|ARM.ActiveCfg = Release|Any CPU
		{6E9D9EA9-ED57-4C43-A0F0-3396190E8EC9}.Ad-Hoc|ARM.Build.0 = Release|Any CPU
		{6E9D9EA9-ED57-4C43-A0F0-3396190E8EC9}.Ad-Hoc|ARM.Deploy.0 = Release|Any CPU
		{6E9D9EA9-ED57-4C43-A0F0-3396190E8EC9}.Ad-Hoc|iPhone.ActiveCfg = Release|Any CPU
		{6E9D9EA9-ED57-4C43-A0F0-3396190E8EC9}.Ad-Hoc|iPhone.Build.0 = Release|Any CPU
		{6E9D9EA9-ED57-4C43-A0F0-3396190E8EC9}.Ad-Hoc|iPhone.Deploy.0 = Release|Any CPU
		{6E9D9EA9-ED57-4C43-A0F0-3396190E8EC9}.Ad-Hoc|iPhoneSimulator.ActiveCfg = Release|Any CPU
		{6E9D9EA9-ED57-4C43-A0F0-3396190E8EC9}.Ad-Hoc|iPhoneSimulator.Build.0 = Release|Any CPU
		{6E9D9EA9-ED57-4C43-A0F0-3396190E8EC9}.Ad-Hoc|iPhoneSimulator.Deploy.0 = Release|Any CPU
		{6E9D9EA9-ED57-4C43-A0F0-3396190E8EC9}.Ad-Hoc|x64.ActiveCfg = Release|Any CPU
		{6E9D9EA9-ED57-4C43-A0F0-3396190E8EC9}.Ad-Hoc|x64.Build.0 = Release|Any CPU
		{6E9D9EA9-ED57-4C43-A0F0-3396190E8EC9}.Ad-Hoc|x64.Deploy.0 = Release|Any CPU
		{6E9D9EA9-ED57-4C43-A0F0-3396190E8EC9}.Ad-Hoc|x86.ActiveCfg = Release|Any CPU
		{6E9D9EA9-ED57-4C43-A0F0-3396190E8EC9}.Ad-Hoc|x86.Build.0 = Release|Any CPU
		{6E9D9EA9-ED57-4C43-A0F0-3396190E8EC9}.Ad-Hoc|x86.Deploy.0 = Release|Any CPU
		{6E9D9EA9-ED57-4C43-A0F0-3396190E8EC9}.AppStore|Any CPU.ActiveCfg = Release|Any CPU
		{6E9D9EA9-ED57-4C43-A0F0-3396190E8EC9}.AppStore|Any CPU.Build.0 = Release|Any CPU
		{6E9D9EA9-ED57-4C43-A0F0-3396190E8EC9}.AppStore|Any CPU.Deploy.0 = Release|Any CPU
		{6E9D9EA9-ED57-4C43-A0F0-3396190E8EC9}.AppStore|ARM.ActiveCfg = Release|Any CPU
		{6E9D9EA9-ED57-4C43-A0F0-3396190E8EC9}.AppStore|ARM.Build.0 = Release|Any CPU
		{6E9D9EA9-ED57-4C43-A0F0-3396190E8EC9}.AppStore|ARM.Deploy.0 = Release|Any CPU
		{6E9D9EA9-ED57-4C43-A0F0-3396190E8EC9}.AppStore|iPhone.ActiveCfg = Release|Any CPU
		{6E9D9EA9-ED57-4C43-A0F0-3396190E8EC9}.AppStore|iPhone.Build.0 = Release|Any CPU
		{6E9D9EA9-ED57-4C43-A0F0-3396190E8EC9}.AppStore|iPhone.Deploy.0 = Release|Any CPU
		{6E9D9EA9-ED57-4C43-A0F0-3396190E8EC9}.AppStore|iPhoneSimulator.ActiveCfg = Release|Any CPU
		{6E9D9EA9-ED57-4C43-A0F0-3396190E8EC9}.AppStore|iPhoneSimulator.Build.0 = Release|Any CPU
		{6E9D9EA9-ED57-4C43-A0F0-3396190E8EC9}.AppStore|iPhoneSimulator.Deploy.0 = Release|Any CPU
		{6E9D9EA9-ED57-4C43-A0F0-3396190E8EC9}.AppStore|x64.ActiveCfg = Release|Any CPU
		{6E9D9EA9-ED57-4C43-A0F0-3396190E8EC9}.AppStore|x64.Build.0 = Release|Any CPU
		{6E9D9EA9-ED57-4C43-A0F0-3396190E8EC9}.AppStore|x64.Deploy.0 = Release|Any CPU
		{6E9D9EA9-ED57-4C43-A0F0-3396190E8EC9}.AppStore|x86.ActiveCfg = Release|Any CPU
		{6E9D9EA9-ED57-4C43-A0F0-3396190E8EC9}.AppStore|x86.Build.0 = Release|Any CPU
		{6E9D9EA9-ED57-4C43-A0F0-3396190E8EC9}.AppStore|x86.Deploy.0 = Release|Any CPU
		{6E9D9EA9-ED57-4C43-A0F0-3396190E8EC9}.Debug|Any CPU.ActiveCfg = Debug|Any CPU
		{6E9D9EA9-ED57-4C43-A0F0-3396190E8EC9}.Debug|Any CPU.Build.0 = Debug|Any CPU
		{6E9D9EA9-ED57-4C43-A0F0-3396190E8EC9}.Debug|Any CPU.Deploy.0 = Debug|Any CPU
		{6E9D9EA9-ED57-4C43-A0F0-3396190E8EC9}.Debug|ARM.ActiveCfg = Debug|Any CPU
		{6E9D9EA9-ED57-4C43-A0F0-3396190E8EC9}.Debug|ARM.Build.0 = Debug|Any CPU
		{6E9D9EA9-ED57-4C43-A0F0-3396190E8EC9}.Debug|ARM.Deploy.0 = Debug|Any CPU
		{6E9D9EA9-ED57-4C43-A0F0-3396190E8EC9}.Debug|iPhone.ActiveCfg = Debug|Any CPU
		{6E9D9EA9-ED57-4C43-A0F0-3396190E8EC9}.Debug|iPhone.Build.0 = Debug|Any CPU
		{6E9D9EA9-ED57-4C43-A0F0-3396190E8EC9}.Debug|iPhone.Deploy.0 = Debug|Any CPU
		{6E9D9EA9-ED57-4C43-A0F0-3396190E8EC9}.Debug|iPhoneSimulator.ActiveCfg = Debug|Any CPU
		{6E9D9EA9-ED57-4C43-A0F0-3396190E8EC9}.Debug|iPhoneSimulator.Build.0 = Debug|Any CPU
		{6E9D9EA9-ED57-4C43-A0F0-3396190E8EC9}.Debug|iPhoneSimulator.Deploy.0 = Debug|Any CPU
		{6E9D9EA9-ED57-4C43-A0F0-3396190E8EC9}.Debug|x64.ActiveCfg = Debug|Any CPU
		{6E9D9EA9-ED57-4C43-A0F0-3396190E8EC9}.Debug|x64.Build.0 = Debug|Any CPU
		{6E9D9EA9-ED57-4C43-A0F0-3396190E8EC9}.Debug|x64.Deploy.0 = Debug|Any CPU
		{6E9D9EA9-ED57-4C43-A0F0-3396190E8EC9}.Debug|x86.ActiveCfg = Debug|Any CPU
		{6E9D9EA9-ED57-4C43-A0F0-3396190E8EC9}.Debug|x86.Build.0 = Debug|Any CPU
		{6E9D9EA9-ED57-4C43-A0F0-3396190E8EC9}.Debug|x86.Deploy.0 = Debug|Any CPU
		{6E9D9EA9-ED57-4C43-A0F0-3396190E8EC9}.Release|Any CPU.ActiveCfg = Release|Any CPU
		{6E9D9EA9-ED57-4C43-A0F0-3396190E8EC9}.Release|Any CPU.Build.0 = Release|Any CPU
		{6E9D9EA9-ED57-4C43-A0F0-3396190E8EC9}.Release|Any CPU.Deploy.0 = Release|Any CPU
		{6E9D9EA9-ED57-4C43-A0F0-3396190E8EC9}.Release|ARM.ActiveCfg = Release|Any CPU
		{6E9D9EA9-ED57-4C43-A0F0-3396190E8EC9}.Release|ARM.Build.0 = Release|Any CPU
		{6E9D9EA9-ED57-4C43-A0F0-3396190E8EC9}.Release|ARM.Deploy.0 = Release|Any CPU
		{6E9D9EA9-ED57-4C43-A0F0-3396190E8EC9}.Release|iPhone.ActiveCfg = Release|Any CPU
		{6E9D9EA9-ED57-4C43-A0F0-3396190E8EC9}.Release|iPhone.Build.0 = Release|Any CPU
		{6E9D9EA9-ED57-4C43-A0F0-3396190E8EC9}.Release|iPhone.Deploy.0 = Release|Any CPU
		{6E9D9EA9-ED57-4C43-A0F0-3396190E8EC9}.Release|iPhoneSimulator.ActiveCfg = Release|Any CPU
		{6E9D9EA9-ED57-4C43-A0F0-3396190E8EC9}.Release|iPhoneSimulator.Build.0 = Release|Any CPU
		{6E9D9EA9-ED57-4C43-A0F0-3396190E8EC9}.Release|iPhoneSimulator.Deploy.0 = Release|Any CPU
		{6E9D9EA9-ED57-4C43-A0F0-3396190E8EC9}.Release|x64.ActiveCfg = Release|Any CPU
		{6E9D9EA9-ED57-4C43-A0F0-3396190E8EC9}.Release|x64.Build.0 = Release|Any CPU
		{6E9D9EA9-ED57-4C43-A0F0-3396190E8EC9}.Release|x64.Deploy.0 = Release|Any CPU
		{6E9D9EA9-ED57-4C43-A0F0-3396190E8EC9}.Release|x86.ActiveCfg = Release|Any CPU
		{6E9D9EA9-ED57-4C43-A0F0-3396190E8EC9}.Release|x86.Build.0 = Release|Any CPU
		{6E9D9EA9-ED57-4C43-A0F0-3396190E8EC9}.Release|x86.Deploy.0 = Release|Any CPU
		{0E849AEE-DF25-4B41-AD74-5A2EEF823984}.Ad-Hoc|Any CPU.ActiveCfg = Ad-Hoc|iPhone
		{0E849AEE-DF25-4B41-AD74-5A2EEF823984}.Ad-Hoc|ARM.ActiveCfg = Ad-Hoc|iPhone
		{0E849AEE-DF25-4B41-AD74-5A2EEF823984}.Ad-Hoc|iPhone.ActiveCfg = Ad-Hoc|iPhone
		{0E849AEE-DF25-4B41-AD74-5A2EEF823984}.Ad-Hoc|iPhone.Build.0 = Ad-Hoc|iPhone
		{0E849AEE-DF25-4B41-AD74-5A2EEF823984}.Ad-Hoc|iPhoneSimulator.ActiveCfg = Ad-Hoc|iPhoneSimulator
		{0E849AEE-DF25-4B41-AD74-5A2EEF823984}.Ad-Hoc|iPhoneSimulator.Build.0 = Ad-Hoc|iPhoneSimulator
		{0E849AEE-DF25-4B41-AD74-5A2EEF823984}.Ad-Hoc|x64.ActiveCfg = Ad-Hoc|iPhone
		{0E849AEE-DF25-4B41-AD74-5A2EEF823984}.Ad-Hoc|x86.ActiveCfg = Ad-Hoc|iPhone
		{0E849AEE-DF25-4B41-AD74-5A2EEF823984}.AppStore|Any CPU.ActiveCfg = AppStore|iPhone
		{0E849AEE-DF25-4B41-AD74-5A2EEF823984}.AppStore|ARM.ActiveCfg = AppStore|iPhone
		{0E849AEE-DF25-4B41-AD74-5A2EEF823984}.AppStore|iPhone.ActiveCfg = AppStore|iPhone
		{0E849AEE-DF25-4B41-AD74-5A2EEF823984}.AppStore|iPhone.Build.0 = AppStore|iPhone
		{0E849AEE-DF25-4B41-AD74-5A2EEF823984}.AppStore|iPhoneSimulator.ActiveCfg = AppStore|iPhoneSimulator
		{0E849AEE-DF25-4B41-AD74-5A2EEF823984}.AppStore|iPhoneSimulator.Build.0 = AppStore|iPhoneSimulator
		{0E849AEE-DF25-4B41-AD74-5A2EEF823984}.AppStore|x64.ActiveCfg = AppStore|iPhone
		{0E849AEE-DF25-4B41-AD74-5A2EEF823984}.AppStore|x86.ActiveCfg = AppStore|iPhone
		{0E849AEE-DF25-4B41-AD74-5A2EEF823984}.Debug|Any CPU.ActiveCfg = Debug|iPhone
		{0E849AEE-DF25-4B41-AD74-5A2EEF823984}.Debug|ARM.ActiveCfg = Debug|iPhone
		{0E849AEE-DF25-4B41-AD74-5A2EEF823984}.Debug|iPhone.ActiveCfg = Debug|iPhone
		{0E849AEE-DF25-4B41-AD74-5A2EEF823984}.Debug|iPhone.Build.0 = Debug|iPhone
		{0E849AEE-DF25-4B41-AD74-5A2EEF823984}.Debug|iPhoneSimulator.ActiveCfg = Debug|iPhoneSimulator
		{0E849AEE-DF25-4B41-AD74-5A2EEF823984}.Debug|iPhoneSimulator.Build.0 = Debug|iPhoneSimulator
		{0E849AEE-DF25-4B41-AD74-5A2EEF823984}.Debug|x64.ActiveCfg = Debug|iPhone
		{0E849AEE-DF25-4B41-AD74-5A2EEF823984}.Debug|x86.ActiveCfg = Debug|iPhone
		{0E849AEE-DF25-4B41-AD74-5A2EEF823984}.Release|Any CPU.ActiveCfg = Release|iPhone
		{0E849AEE-DF25-4B41-AD74-5A2EEF823984}.Release|ARM.ActiveCfg = Release|iPhone
		{0E849AEE-DF25-4B41-AD74-5A2EEF823984}.Release|iPhone.ActiveCfg = Release|iPhone
		{0E849AEE-DF25-4B41-AD74-5A2EEF823984}.Release|iPhone.Build.0 = Release|iPhone
		{0E849AEE-DF25-4B41-AD74-5A2EEF823984}.Release|iPhoneSimulator.ActiveCfg = Release|iPhoneSimulator
		{0E849AEE-DF25-4B41-AD74-5A2EEF823984}.Release|iPhoneSimulator.Build.0 = Release|iPhoneSimulator
		{0E849AEE-DF25-4B41-AD74-5A2EEF823984}.Release|x64.ActiveCfg = Release|iPhone
		{0E849AEE-DF25-4B41-AD74-5A2EEF823984}.Release|x86.ActiveCfg = Release|iPhone
		{0A1B8F21-2EE0-4EED-B457-DCB1D90C8856}.Ad-Hoc|Any CPU.ActiveCfg = Release|x86
		{0A1B8F21-2EE0-4EED-B457-DCB1D90C8856}.Ad-Hoc|Any CPU.Build.0 = Release|x86
		{0A1B8F21-2EE0-4EED-B457-DCB1D90C8856}.Ad-Hoc|Any CPU.Deploy.0 = Release|x86
		{0A1B8F21-2EE0-4EED-B457-DCB1D90C8856}.Ad-Hoc|ARM.ActiveCfg = Release|ARM
		{0A1B8F21-2EE0-4EED-B457-DCB1D90C8856}.Ad-Hoc|ARM.Build.0 = Release|ARM
		{0A1B8F21-2EE0-4EED-B457-DCB1D90C8856}.Ad-Hoc|ARM.Deploy.0 = Release|ARM
		{0A1B8F21-2EE0-4EED-B457-DCB1D90C8856}.Ad-Hoc|iPhone.ActiveCfg = Release|x86
		{0A1B8F21-2EE0-4EED-B457-DCB1D90C8856}.Ad-Hoc|iPhone.Build.0 = Release|x86
		{0A1B8F21-2EE0-4EED-B457-DCB1D90C8856}.Ad-Hoc|iPhone.Deploy.0 = Release|x86
		{0A1B8F21-2EE0-4EED-B457-DCB1D90C8856}.Ad-Hoc|iPhoneSimulator.ActiveCfg = Release|x86
		{0A1B8F21-2EE0-4EED-B457-DCB1D90C8856}.Ad-Hoc|iPhoneSimulator.Build.0 = Release|x86
		{0A1B8F21-2EE0-4EED-B457-DCB1D90C8856}.Ad-Hoc|iPhoneSimulator.Deploy.0 = Release|x86
		{0A1B8F21-2EE0-4EED-B457-DCB1D90C8856}.Ad-Hoc|x64.ActiveCfg = Release|x64
		{0A1B8F21-2EE0-4EED-B457-DCB1D90C8856}.Ad-Hoc|x64.Build.0 = Release|x64
		{0A1B8F21-2EE0-4EED-B457-DCB1D90C8856}.Ad-Hoc|x64.Deploy.0 = Release|x64
		{0A1B8F21-2EE0-4EED-B457-DCB1D90C8856}.Ad-Hoc|x86.ActiveCfg = Release|x86
		{0A1B8F21-2EE0-4EED-B457-DCB1D90C8856}.Ad-Hoc|x86.Build.0 = Release|x86
		{0A1B8F21-2EE0-4EED-B457-DCB1D90C8856}.Ad-Hoc|x86.Deploy.0 = Release|x86
		{0A1B8F21-2EE0-4EED-B457-DCB1D90C8856}.AppStore|Any CPU.ActiveCfg = Release|x86
		{0A1B8F21-2EE0-4EED-B457-DCB1D90C8856}.AppStore|Any CPU.Build.0 = Release|x86
		{0A1B8F21-2EE0-4EED-B457-DCB1D90C8856}.AppStore|Any CPU.Deploy.0 = Release|x86
		{0A1B8F21-2EE0-4EED-B457-DCB1D90C8856}.AppStore|ARM.ActiveCfg = Release|ARM
		{0A1B8F21-2EE0-4EED-B457-DCB1D90C8856}.AppStore|ARM.Build.0 = Release|ARM
		{0A1B8F21-2EE0-4EED-B457-DCB1D90C8856}.AppStore|ARM.Deploy.0 = Release|ARM
		{0A1B8F21-2EE0-4EED-B457-DCB1D90C8856}.AppStore|iPhone.ActiveCfg = Release|x86
		{0A1B8F21-2EE0-4EED-B457-DCB1D90C8856}.AppStore|iPhone.Build.0 = Release|x86
		{0A1B8F21-2EE0-4EED-B457-DCB1D90C8856}.AppStore|iPhone.Deploy.0 = Release|x86
		{0A1B8F21-2EE0-4EED-B457-DCB1D90C8856}.AppStore|iPhoneSimulator.ActiveCfg = Release|x86
		{0A1B8F21-2EE0-4EED-B457-DCB1D90C8856}.AppStore|iPhoneSimulator.Build.0 = Release|x86
		{0A1B8F21-2EE0-4EED-B457-DCB1D90C8856}.AppStore|iPhoneSimulator.Deploy.0 = Release|x86
		{0A1B8F21-2EE0-4EED-B457-DCB1D90C8856}.AppStore|x64.ActiveCfg = Release|x64
		{0A1B8F21-2EE0-4EED-B457-DCB1D90C8856}.AppStore|x64.Build.0 = Release|x64
		{0A1B8F21-2EE0-4EED-B457-DCB1D90C8856}.AppStore|x64.Deploy.0 = Release|x64
		{0A1B8F21-2EE0-4EED-B457-DCB1D90C8856}.AppStore|x86.ActiveCfg = Release|x86
		{0A1B8F21-2EE0-4EED-B457-DCB1D90C8856}.AppStore|x86.Build.0 = Release|x86
		{0A1B8F21-2EE0-4EED-B457-DCB1D90C8856}.AppStore|x86.Deploy.0 = Release|x86
		{0A1B8F21-2EE0-4EED-B457-DCB1D90C8856}.Debug|Any CPU.ActiveCfg = Debug|x86
		{0A1B8F21-2EE0-4EED-B457-DCB1D90C8856}.Debug|ARM.ActiveCfg = Debug|ARM
		{0A1B8F21-2EE0-4EED-B457-DCB1D90C8856}.Debug|ARM.Build.0 = Debug|ARM
		{0A1B8F21-2EE0-4EED-B457-DCB1D90C8856}.Debug|ARM.Deploy.0 = Debug|ARM
		{0A1B8F21-2EE0-4EED-B457-DCB1D90C8856}.Debug|iPhone.ActiveCfg = Debug|x86
		{0A1B8F21-2EE0-4EED-B457-DCB1D90C8856}.Debug|iPhoneSimulator.ActiveCfg = Debug|x86
		{0A1B8F21-2EE0-4EED-B457-DCB1D90C8856}.Debug|x64.ActiveCfg = Debug|x64
		{0A1B8F21-2EE0-4EED-B457-DCB1D90C8856}.Debug|x64.Build.0 = Debug|x64
		{0A1B8F21-2EE0-4EED-B457-DCB1D90C8856}.Debug|x64.Deploy.0 = Debug|x64
		{0A1B8F21-2EE0-4EED-B457-DCB1D90C8856}.Debug|x86.ActiveCfg = Debug|x86
		{0A1B8F21-2EE0-4EED-B457-DCB1D90C8856}.Debug|x86.Build.0 = Debug|x86
		{0A1B8F21-2EE0-4EED-B457-DCB1D90C8856}.Debug|x86.Deploy.0 = Debug|x86
		{0A1B8F21-2EE0-4EED-B457-DCB1D90C8856}.Release|Any CPU.ActiveCfg = Release|x86
		{0A1B8F21-2EE0-4EED-B457-DCB1D90C8856}.Release|ARM.ActiveCfg = Release|ARM
		{0A1B8F21-2EE0-4EED-B457-DCB1D90C8856}.Release|ARM.Build.0 = Release|ARM
		{0A1B8F21-2EE0-4EED-B457-DCB1D90C8856}.Release|ARM.Deploy.0 = Release|ARM
		{0A1B8F21-2EE0-4EED-B457-DCB1D90C8856}.Release|iPhone.ActiveCfg = Release|x86
		{0A1B8F21-2EE0-4EED-B457-DCB1D90C8856}.Release|iPhoneSimulator.ActiveCfg = Release|x86
		{0A1B8F21-2EE0-4EED-B457-DCB1D90C8856}.Release|x64.ActiveCfg = Release|x64
		{0A1B8F21-2EE0-4EED-B457-DCB1D90C8856}.Release|x64.Build.0 = Release|x64
		{0A1B8F21-2EE0-4EED-B457-DCB1D90C8856}.Release|x64.Deploy.0 = Release|x64
		{0A1B8F21-2EE0-4EED-B457-DCB1D90C8856}.Release|x86.ActiveCfg = Release|x86
		{0A1B8F21-2EE0-4EED-B457-DCB1D90C8856}.Release|x86.Build.0 = Release|x86
		{0A1B8F21-2EE0-4EED-B457-DCB1D90C8856}.Release|x86.Deploy.0 = Release|x86
		{9C94FB4E-7108-4744-A0F0-D63C59B8312A}.Ad-Hoc|Any CPU.ActiveCfg = Release|Any CPU
		{9C94FB4E-7108-4744-A0F0-D63C59B8312A}.Ad-Hoc|Any CPU.Build.0 = Release|Any CPU
		{9C94FB4E-7108-4744-A0F0-D63C59B8312A}.Ad-Hoc|ARM.ActiveCfg = Release|Any CPU
		{9C94FB4E-7108-4744-A0F0-D63C59B8312A}.Ad-Hoc|ARM.Build.0 = Release|Any CPU
		{9C94FB4E-7108-4744-A0F0-D63C59B8312A}.Ad-Hoc|iPhone.ActiveCfg = Release|Any CPU
		{9C94FB4E-7108-4744-A0F0-D63C59B8312A}.Ad-Hoc|iPhone.Build.0 = Release|Any CPU
		{9C94FB4E-7108-4744-A0F0-D63C59B8312A}.Ad-Hoc|iPhoneSimulator.ActiveCfg = Release|Any CPU
		{9C94FB4E-7108-4744-A0F0-D63C59B8312A}.Ad-Hoc|iPhoneSimulator.Build.0 = Release|Any CPU
		{9C94FB4E-7108-4744-A0F0-D63C59B8312A}.Ad-Hoc|x64.ActiveCfg = Release|Any CPU
		{9C94FB4E-7108-4744-A0F0-D63C59B8312A}.Ad-Hoc|x64.Build.0 = Release|Any CPU
		{9C94FB4E-7108-4744-A0F0-D63C59B8312A}.Ad-Hoc|x86.ActiveCfg = Release|Any CPU
		{9C94FB4E-7108-4744-A0F0-D63C59B8312A}.Ad-Hoc|x86.Build.0 = Release|Any CPU
		{9C94FB4E-7108-4744-A0F0-D63C59B8312A}.AppStore|Any CPU.ActiveCfg = Release|Any CPU
		{9C94FB4E-7108-4744-A0F0-D63C59B8312A}.AppStore|Any CPU.Build.0 = Release|Any CPU
		{9C94FB4E-7108-4744-A0F0-D63C59B8312A}.AppStore|ARM.ActiveCfg = Release|Any CPU
		{9C94FB4E-7108-4744-A0F0-D63C59B8312A}.AppStore|ARM.Build.0 = Release|Any CPU
		{9C94FB4E-7108-4744-A0F0-D63C59B8312A}.AppStore|iPhone.ActiveCfg = Release|Any CPU
		{9C94FB4E-7108-4744-A0F0-D63C59B8312A}.AppStore|iPhone.Build.0 = Release|Any CPU
		{9C94FB4E-7108-4744-A0F0-D63C59B8312A}.AppStore|iPhoneSimulator.ActiveCfg = Release|Any CPU
		{9C94FB4E-7108-4744-A0F0-D63C59B8312A}.AppStore|iPhoneSimulator.Build.0 = Release|Any CPU
		{9C94FB4E-7108-4744-A0F0-D63C59B8312A}.AppStore|x64.ActiveCfg = Release|Any CPU
		{9C94FB4E-7108-4744-A0F0-D63C59B8312A}.AppStore|x64.Build.0 = Release|Any CPU
		{9C94FB4E-7108-4744-A0F0-D63C59B8312A}.AppStore|x86.ActiveCfg = Release|Any CPU
		{9C94FB4E-7108-4744-A0F0-D63C59B8312A}.AppStore|x86.Build.0 = Release|Any CPU
		{9C94FB4E-7108-4744-A0F0-D63C59B8312A}.Debug|Any CPU.ActiveCfg = Debug|Any CPU
		{9C94FB4E-7108-4744-A0F0-D63C59B8312A}.Debug|Any CPU.Build.0 = Debug|Any CPU
		{9C94FB4E-7108-4744-A0F0-D63C59B8312A}.Debug|ARM.ActiveCfg = Debug|Any CPU
		{9C94FB4E-7108-4744-A0F0-D63C59B8312A}.Debug|ARM.Build.0 = Debug|Any CPU
		{9C94FB4E-7108-4744-A0F0-D63C59B8312A}.Debug|iPhone.ActiveCfg = Debug|Any CPU
		{9C94FB4E-7108-4744-A0F0-D63C59B8312A}.Debug|iPhone.Build.0 = Debug|Any CPU
		{9C94FB4E-7108-4744-A0F0-D63C59B8312A}.Debug|iPhoneSimulator.ActiveCfg = Debug|Any CPU
		{9C94FB4E-7108-4744-A0F0-D63C59B8312A}.Debug|iPhoneSimulator.Build.0 = Debug|Any CPU
		{9C94FB4E-7108-4744-A0F0-D63C59B8312A}.Debug|x64.ActiveCfg = Debug|Any CPU
		{9C94FB4E-7108-4744-A0F0-D63C59B8312A}.Debug|x64.Build.0 = Debug|Any CPU
		{9C94FB4E-7108-4744-A0F0-D63C59B8312A}.Debug|x86.ActiveCfg = Debug|Any CPU
		{9C94FB4E-7108-4744-A0F0-D63C59B8312A}.Debug|x86.Build.0 = Debug|Any CPU
		{9C94FB4E-7108-4744-A0F0-D63C59B8312A}.Release|Any CPU.ActiveCfg = Release|Any CPU
		{9C94FB4E-7108-4744-A0F0-D63C59B8312A}.Release|Any CPU.Build.0 = Release|Any CPU
		{9C94FB4E-7108-4744-A0F0-D63C59B8312A}.Release|ARM.ActiveCfg = Release|Any CPU
		{9C94FB4E-7108-4744-A0F0-D63C59B8312A}.Release|ARM.Build.0 = Release|Any CPU
		{9C94FB4E-7108-4744-A0F0-D63C59B8312A}.Release|iPhone.ActiveCfg = Release|Any CPU
		{9C94FB4E-7108-4744-A0F0-D63C59B8312A}.Release|iPhone.Build.0 = Release|Any CPU
		{9C94FB4E-7108-4744-A0F0-D63C59B8312A}.Release|iPhoneSimulator.ActiveCfg = Release|Any CPU
		{9C94FB4E-7108-4744-A0F0-D63C59B8312A}.Release|iPhoneSimulator.Build.0 = Release|Any CPU
		{9C94FB4E-7108-4744-A0F0-D63C59B8312A}.Release|x64.ActiveCfg = Release|Any CPU
		{9C94FB4E-7108-4744-A0F0-D63C59B8312A}.Release|x64.Build.0 = Release|Any CPU
		{9C94FB4E-7108-4744-A0F0-D63C59B8312A}.Release|x86.ActiveCfg = Release|Any CPU
		{9C94FB4E-7108-4744-A0F0-D63C59B8312A}.Release|x86.Build.0 = Release|Any CPU
	EndGlobalSection
	GlobalSection(SolutionProperties) = preSolution
		HideSolutionNode = FALSE
	EndGlobalSection
EndGlobal
