
Microsoft Visual Studio Solution File, Format Version 12.00
# Visual Studio 15
VisualStudioVersion = 15.0.26730.12
MinimumVisualStudioVersion = 10.0.40219.1
Project("{FAE04EC0-301F-11D3-BF4B-00C04F79EFBC}") = "App18", "App18\App18\App18.csproj", "{9E341FCE-4F4E-4BC6-B264-A72D28DEA736}"
EndProject
Project("{FAE04EC0-301F-11D3-BF4B-00C04F79EFBC}") = "App18.Droid", "App18\App18.Droid\App18.Droid.csproj", "{89FD29AE-7AE5-4856-A7AC-A35F18AC3CF9}"
EndProject
Project("{FAE04EC0-301F-11D3-BF4B-00C04F79EFBC}") = "App18.iOS", "App18\App18.iOS\App18.iOS.csproj", "{AE110E7E-199F-4CD6-B941-F3F5A73B00DC}"
EndProject
Project("{FAE04EC0-301F-11D3-BF4B-00C04F79EFBC}") = "App18.UWP", "App18\App18.UWP\App18.UWP.csproj", "{86720AF9-75E6-45C9-AD3A-93EC52D67D98}"
EndProject
Global
	GlobalSection(SolutionConfigurationPlatforms) = preSolution
		Ad-Hoc|Any CPU = Ad-Hoc|Any CPU
		Ad-Hoc|ARM = Ad-Hoc|ARM
		Ad-Hoc|iPhone = Ad-Hoc|iPhone
		Ad-Hoc|iPhoneSimulator = Ad-Hoc|iPhoneSimulator
		Ad-Hoc|x64 = Ad-Hoc|x64
		Ad-Hoc|x86 = Ad-Hoc|x86
		AppStore|Any CPU = AppStore|Any CPU
		AppStore|ARM = AppStore|ARM
		AppStore|iPhone = AppStore|iPhone
		AppStore|iPhoneSimulator = AppStore|iPhoneSimulator
		AppStore|x64 = AppStore|x64
		AppStore|x86 = AppStore|x86
		Debug|Any CPU = Debug|Any CPU
		Debug|ARM = Debug|ARM
		Debug|iPhone = Debug|iPhone
		Debug|iPhoneSimulator = Debug|iPhoneSimulator
		Debug|x64 = Debug|x64
		Debug|x86 = Debug|x86
		Release|Any CPU = Release|Any CPU
		Release|ARM = Release|ARM
		Release|iPhone = Release|iPhone
		Release|iPhoneSimulator = Release|iPhoneSimulator
		Release|x64 = Release|x64
		Release|x86 = Release|x86
	EndGlobalSection
	GlobalSection(ProjectConfigurationPlatforms) = postSolution
		{9E341FCE-4F4E-4BC6-B264-A72D28DEA736}.Ad-Hoc|Any CPU.ActiveCfg = Release|Any CPU
		{9E341FCE-4F4E-4BC6-B264-A72D28DEA736}.Ad-Hoc|Any CPU.Build.0 = Release|Any CPU
		{9E341FCE-4F4E-4BC6-B264-A72D28DEA736}.Ad-Hoc|ARM.ActiveCfg = Release|Any CPU
		{9E341FCE-4F4E-4BC6-B264-A72D28DEA736}.Ad-Hoc|ARM.Build.0 = Release|Any CPU
		{9E341FCE-4F4E-4BC6-B264-A72D28DEA736}.Ad-Hoc|iPhone.ActiveCfg = Release|Any CPU
		{9E341FCE-4F4E-4BC6-B264-A72D28DEA736}.Ad-Hoc|iPhone.Build.0 = Release|Any CPU
		{9E341FCE-4F4E-4BC6-B264-A72D28DEA736}.Ad-Hoc|iPhoneSimulator.ActiveCfg = Release|Any CPU
		{9E341FCE-4F4E-4BC6-B264-A72D28DEA736}.Ad-Hoc|iPhoneSimulator.Build.0 = Release|Any CPU
		{9E341FCE-4F4E-4BC6-B264-A72D28DEA736}.Ad-Hoc|x64.ActiveCfg = Release|Any CPU
		{9E341FCE-4F4E-4BC6-B264-A72D28DEA736}.Ad-Hoc|x64.Build.0 = Release|Any CPU
		{9E341FCE-4F4E-4BC6-B264-A72D28DEA736}.Ad-Hoc|x86.ActiveCfg = Release|Any CPU
		{9E341FCE-4F4E-4BC6-B264-A72D28DEA736}.Ad-Hoc|x86.Build.0 = Release|Any CPU
		{9E341FCE-4F4E-4BC6-B264-A72D28DEA736}.AppStore|Any CPU.ActiveCfg = Release|Any CPU
		{9E341FCE-4F4E-4BC6-B264-A72D28DEA736}.AppStore|Any CPU.Build.0 = Release|Any CPU
		{9E341FCE-4F4E-4BC6-B264-A72D28DEA736}.AppStore|ARM.ActiveCfg = Release|Any CPU
		{9E341FCE-4F4E-4BC6-B264-A72D28DEA736}.AppStore|ARM.Build.0 = Release|Any CPU
		{9E341FCE-4F4E-4BC6-B264-A72D28DEA736}.AppStore|iPhone.ActiveCfg = Release|Any CPU
		{9E341FCE-4F4E-4BC6-B264-A72D28DEA736}.AppStore|iPhone.Build.0 = Release|Any CPU
		{9E341FCE-4F4E-4BC6-B264-A72D28DEA736}.AppStore|iPhoneSimulator.ActiveCfg = Release|Any CPU
		{9E341FCE-4F4E-4BC6-B264-A72D28DEA736}.AppStore|iPhoneSimulator.Build.0 = Release|Any CPU
		{9E341FCE-4F4E-4BC6-B264-A72D28DEA736}.AppStore|x64.ActiveCfg = Release|Any CPU
		{9E341FCE-4F4E-4BC6-B264-A72D28DEA736}.AppStore|x64.Build.0 = Release|Any CPU
		{9E341FCE-4F4E-4BC6-B264-A72D28DEA736}.AppStore|x86.ActiveCfg = Release|Any CPU
		{9E341FCE-4F4E-4BC6-B264-A72D28DEA736}.AppStore|x86.Build.0 = Release|Any CPU
		{9E341FCE-4F4E-4BC6-B264-A72D28DEA736}.Debug|Any CPU.ActiveCfg = Debug|Any CPU
		{9E341FCE-4F4E-4BC6-B264-A72D28DEA736}.Debug|Any CPU.Build.0 = Debug|Any CPU
		{9E341FCE-4F4E-4BC6-B264-A72D28DEA736}.Debug|ARM.ActiveCfg = Debug|Any CPU
		{9E341FCE-4F4E-4BC6-B264-A72D28DEA736}.Debug|ARM.Build.0 = Debug|Any CPU
		{9E341FCE-4F4E-4BC6-B264-A72D28DEA736}.Debug|iPhone.ActiveCfg = Debug|Any CPU
		{9E341FCE-4F4E-4BC6-B264-A72D28DEA736}.Debug|iPhone.Build.0 = Debug|Any CPU
		{9E341FCE-4F4E-4BC6-B264-A72D28DEA736}.Debug|iPhoneSimulator.ActiveCfg = Debug|Any CPU
		{9E341FCE-4F4E-4BC6-B264-A72D28DEA736}.Debug|iPhoneSimulator.Build.0 = Debug|Any CPU
		{9E341FCE-4F4E-4BC6-B264-A72D28DEA736}.Debug|x64.ActiveCfg = Debug|Any CPU
		{9E341FCE-4F4E-4BC6-B264-A72D28DEA736}.Debug|x64.Build.0 = Debug|Any CPU
		{9E341FCE-4F4E-4BC6-B264-A72D28DEA736}.Debug|x86.ActiveCfg = Debug|Any CPU
		{9E341FCE-4F4E-4BC6-B264-A72D28DEA736}.Debug|x86.Build.0 = Debug|Any CPU
		{9E341FCE-4F4E-4BC6-B264-A72D28DEA736}.Release|Any CPU.ActiveCfg = Release|Any CPU
		{9E341FCE-4F4E-4BC6-B264-A72D28DEA736}.Release|Any CPU.Build.0 = Release|Any CPU
		{9E341FCE-4F4E-4BC6-B264-A72D28DEA736}.Release|ARM.ActiveCfg = Release|Any CPU
		{9E341FCE-4F4E-4BC6-B264-A72D28DEA736}.Release|ARM.Build.0 = Release|Any CPU
		{9E341FCE-4F4E-4BC6-B264-A72D28DEA736}.Release|iPhone.ActiveCfg = Release|Any CPU
		{9E341FCE-4F4E-4BC6-B264-A72D28DEA736}.Release|iPhone.Build.0 = Release|Any CPU
		{9E341FCE-4F4E-4BC6-B264-A72D28DEA736}.Release|iPhoneSimulator.ActiveCfg = Release|Any CPU
		{9E341FCE-4F4E-4BC6-B264-A72D28DEA736}.Release|iPhoneSimulator.Build.0 = Release|Any CPU
		{9E341FCE-4F4E-4BC6-B264-A72D28DEA736}.Release|x64.ActiveCfg = Release|Any CPU
		{9E341FCE-4F4E-4BC6-B264-A72D28DEA736}.Release|x64.Build.0 = Release|Any CPU
		{9E341FCE-4F4E-4BC6-B264-A72D28DEA736}.Release|x86.ActiveCfg = Release|Any CPU
		{9E341FCE-4F4E-4BC6-B264-A72D28DEA736}.Release|x86.Build.0 = Release|Any CPU
		{89FD29AE-7AE5-4856-A7AC-A35F18AC3CF9}.Ad-Hoc|Any CPU.ActiveCfg = Release|Any CPU
		{89FD29AE-7AE5-4856-A7AC-A35F18AC3CF9}.Ad-Hoc|Any CPU.Build.0 = Release|Any CPU
		{89FD29AE-7AE5-4856-A7AC-A35F18AC3CF9}.Ad-Hoc|Any CPU.Deploy.0 = Release|Any CPU
		{89FD29AE-7AE5-4856-A7AC-A35F18AC3CF9}.Ad-Hoc|ARM.ActiveCfg = Release|Any CPU
		{89FD29AE-7AE5-4856-A7AC-A35F18AC3CF9}.Ad-Hoc|ARM.Build.0 = Release|Any CPU
		{89FD29AE-7AE5-4856-A7AC-A35F18AC3CF9}.Ad-Hoc|ARM.Deploy.0 = Release|Any CPU
		{89FD29AE-7AE5-4856-A7AC-A35F18AC3CF9}.Ad-Hoc|iPhone.ActiveCfg = Release|Any CPU
		{89FD29AE-7AE5-4856-A7AC-A35F18AC3CF9}.Ad-Hoc|iPhone.Build.0 = Release|Any CPU
		{89FD29AE-7AE5-4856-A7AC-A35F18AC3CF9}.Ad-Hoc|iPhone.Deploy.0 = Release|Any CPU
		{89FD29AE-7AE5-4856-A7AC-A35F18AC3CF9}.Ad-Hoc|iPhoneSimulator.ActiveCfg = Release|Any CPU
		{89FD29AE-7AE5-4856-A7AC-A35F18AC3CF9}.Ad-Hoc|iPhoneSimulator.Build.0 = Release|Any CPU
		{89FD29AE-7AE5-4856-A7AC-A35F18AC3CF9}.Ad-Hoc|iPhoneSimulator.Deploy.0 = Release|Any CPU
		{89FD29AE-7AE5-4856-A7AC-A35F18AC3CF9}.Ad-Hoc|x64.ActiveCfg = Release|Any CPU
		{89FD29AE-7AE5-4856-A7AC-A35F18AC3CF9}.Ad-Hoc|x64.Build.0 = Release|Any CPU
		{89FD29AE-7AE5-4856-A7AC-A35F18AC3CF9}.Ad-Hoc|x64.Deploy.0 = Release|Any CPU
		{89FD29AE-7AE5-4856-A7AC-A35F18AC3CF9}.Ad-Hoc|x86.ActiveCfg = Release|Any CPU
		{89FD29AE-7AE5-4856-A7AC-A35F18AC3CF9}.Ad-Hoc|x86.Build.0 = Release|Any CPU
		{89FD29AE-7AE5-4856-A7AC-A35F18AC3CF9}.Ad-Hoc|x86.Deploy.0 = Release|Any CPU
		{89FD29AE-7AE5-4856-A7AC-A35F18AC3CF9}.AppStore|Any CPU.ActiveCfg = Release|Any CPU
		{89FD29AE-7AE5-4856-A7AC-A35F18AC3CF9}.AppStore|Any CPU.Build.0 = Release|Any CPU
		{89FD29AE-7AE5-4856-A7AC-A35F18AC3CF9}.AppStore|Any CPU.Deploy.0 = Release|Any CPU
		{89FD29AE-7AE5-4856-A7AC-A35F18AC3CF9}.AppStore|ARM.ActiveCfg = Release|Any CPU
		{89FD29AE-7AE5-4856-A7AC-A35F18AC3CF9}.AppStore|ARM.Build.0 = Release|Any CPU
		{89FD29AE-7AE5-4856-A7AC-A35F18AC3CF9}.AppStore|ARM.Deploy.0 = Release|Any CPU
		{89FD29AE-7AE5-4856-A7AC-A35F18AC3CF9}.AppStore|iPhone.ActiveCfg = Release|Any CPU
		{89FD29AE-7AE5-4856-A7AC-A35F18AC3CF9}.AppStore|iPhone.Build.0 = Release|Any CPU
		{89FD29AE-7AE5-4856-A7AC-A35F18AC3CF9}.AppStore|iPhone.Deploy.0 = Release|Any CPU
		{89FD29AE-7AE5-4856-A7AC-A35F18AC3CF9}.AppStore|iPhoneSimulator.ActiveCfg = Release|Any CPU
		{89FD29AE-7AE5-4856-A7AC-A35F18AC3CF9}.AppStore|iPhoneSimulator.Build.0 = Release|Any CPU
		{89FD29AE-7AE5-4856-A7AC-A35F18AC3CF9}.AppStore|iPhoneSimulator.Deploy.0 = Release|Any CPU
		{89FD29AE-7AE5-4856-A7AC-A35F18AC3CF9}.AppStore|x64.ActiveCfg = Release|Any CPU
		{89FD29AE-7AE5-4856-A7AC-A35F18AC3CF9}.AppStore|x64.Build.0 = Release|Any CPU
		{89FD29AE-7AE5-4856-A7AC-A35F18AC3CF9}.AppStore|x64.Deploy.0 = Release|Any CPU
		{89FD29AE-7AE5-4856-A7AC-A35F18AC3CF9}.AppStore|x86.ActiveCfg = Release|Any CPU
		{89FD29AE-7AE5-4856-A7AC-A35F18AC3CF9}.AppStore|x86.Build.0 = Release|Any CPU
		{89FD29AE-7AE5-4856-A7AC-A35F18AC3CF9}.AppStore|x86.Deploy.0 = Release|Any CPU
		{89FD29AE-7AE5-4856-A7AC-A35F18AC3CF9}.Debug|Any CPU.ActiveCfg = Debug|Any CPU
		{89FD29AE-7AE5-4856-A7AC-A35F18AC3CF9}.Debug|Any CPU.Build.0 = Debug|Any CPU
		{89FD29AE-7AE5-4856-A7AC-A35F18AC3CF9}.Debug|Any CPU.Deploy.0 = Debug|Any CPU
		{89FD29AE-7AE5-4856-A7AC-A35F18AC3CF9}.Debug|ARM.ActiveCfg = Debug|Any CPU
		{89FD29AE-7AE5-4856-A7AC-A35F18AC3CF9}.Debug|ARM.Build.0 = Debug|Any CPU
		{89FD29AE-7AE5-4856-A7AC-A35F18AC3CF9}.Debug|ARM.Deploy.0 = Debug|Any CPU
		{89FD29AE-7AE5-4856-A7AC-A35F18AC3CF9}.Debug|iPhone.ActiveCfg = Debug|Any CPU
		{89FD29AE-7AE5-4856-A7AC-A35F18AC3CF9}.Debug|iPhone.Build.0 = Debug|Any CPU
		{89FD29AE-7AE5-4856-A7AC-A35F18AC3CF9}.Debug|iPhone.Deploy.0 = Debug|Any CPU
		{89FD29AE-7AE5-4856-A7AC-A35F18AC3CF9}.Debug|iPhoneSimulator.ActiveCfg = Debug|Any CPU
		{89FD29AE-7AE5-4856-A7AC-A35F18AC3CF9}.Debug|iPhoneSimulator.Build.0 = Debug|Any CPU
		{89FD29AE-7AE5-4856-A7AC-A35F18AC3CF9}.Debug|iPhoneSimulator.Deploy.0 = Debug|Any CPU
		{89FD29AE-7AE5-4856-A7AC-A35F18AC3CF9}.Debug|x64.ActiveCfg = Debug|Any CPU
		{89FD29AE-7AE5-4856-A7AC-A35F18AC3CF9}.Debug|x64.Build.0 = Debug|Any CPU
		{89FD29AE-7AE5-4856-A7AC-A35F18AC3CF9}.Debug|x64.Deploy.0 = Debug|Any CPU
		{89FD29AE-7AE5-4856-A7AC-A35F18AC3CF9}.Debug|x86.ActiveCfg = Debug|Any CPU
		{89FD29AE-7AE5-4856-A7AC-A35F18AC3CF9}.Debug|x86.Build.0 = Debug|Any CPU
		{89FD29AE-7AE5-4856-A7AC-A35F18AC3CF9}.Debug|x86.Deploy.0 = Debug|Any CPU
		{89FD29AE-7AE5-4856-A7AC-A35F18AC3CF9}.Release|Any CPU.ActiveCfg = Release|Any CPU
		{89FD29AE-7AE5-4856-A7AC-A35F18AC3CF9}.Release|Any CPU.Build.0 = Release|Any CPU
		{89FD29AE-7AE5-4856-A7AC-A35F18AC3CF9}.Release|Any CPU.Deploy.0 = Release|Any CPU
		{89FD29AE-7AE5-4856-A7AC-A35F18AC3CF9}.Release|ARM.ActiveCfg = Release|Any CPU
		{89FD29AE-7AE5-4856-A7AC-A35F18AC3CF9}.Release|ARM.Build.0 = Release|Any CPU
		{89FD29AE-7AE5-4856-A7AC-A35F18AC3CF9}.Release|ARM.Deploy.0 = Release|Any CPU
		{89FD29AE-7AE5-4856-A7AC-A35F18AC3CF9}.Release|iPhone.ActiveCfg = Release|Any CPU
		{89FD29AE-7AE5-4856-A7AC-A35F18AC3CF9}.Release|iPhone.Build.0 = Release|Any CPU
		{89FD29AE-7AE5-4856-A7AC-A35F18AC3CF9}.Release|iPhone.Deploy.0 = Release|Any CPU
		{89FD29AE-7AE5-4856-A7AC-A35F18AC3CF9}.Release|iPhoneSimulator.ActiveCfg = Release|Any CPU
		{89FD29AE-7AE5-4856-A7AC-A35F18AC3CF9}.Release|iPhoneSimulator.Build.0 = Release|Any CPU
		{89FD29AE-7AE5-4856-A7AC-A35F18AC3CF9}.Release|iPhoneSimulator.Deploy.0 = Release|Any CPU
		{89FD29AE-7AE5-4856-A7AC-A35F18AC3CF9}.Release|x64.ActiveCfg = Release|Any CPU
		{89FD29AE-7AE5-4856-A7AC-A35F18AC3CF9}.Release|x64.Build.0 = Release|Any CPU
		{89FD29AE-7AE5-4856-A7AC-A35F18AC3CF9}.Release|x64.Deploy.0 = Release|Any CPU
		{89FD29AE-7AE5-4856-A7AC-A35F18AC3CF9}.Release|x86.ActiveCfg = Release|Any CPU
		{89FD29AE-7AE5-4856-A7AC-A35F18AC3CF9}.Release|x86.Build.0 = Release|Any CPU
		{89FD29AE-7AE5-4856-A7AC-A35F18AC3CF9}.Release|x86.Deploy.0 = Release|Any CPU
		{AE110E7E-199F-4CD6-B941-F3F5A73B00DC}.Ad-Hoc|Any CPU.ActiveCfg = Ad-Hoc|iPhone
		{AE110E7E-199F-4CD6-B941-F3F5A73B00DC}.Ad-Hoc|ARM.ActiveCfg = Ad-Hoc|iPhone
		{AE110E7E-199F-4CD6-B941-F3F5A73B00DC}.Ad-Hoc|iPhone.ActiveCfg = Ad-Hoc|iPhone
		{AE110E7E-199F-4CD6-B941-F3F5A73B00DC}.Ad-Hoc|iPhone.Build.0 = Ad-Hoc|iPhone
		{AE110E7E-199F-4CD6-B941-F3F5A73B00DC}.Ad-Hoc|iPhoneSimulator.ActiveCfg = Ad-Hoc|iPhoneSimulator
		{AE110E7E-199F-4CD6-B941-F3F5A73B00DC}.Ad-Hoc|iPhoneSimulator.Build.0 = Ad-Hoc|iPhoneSimulator
		{AE110E7E-199F-4CD6-B941-F3F5A73B00DC}.Ad-Hoc|x64.ActiveCfg = Ad-Hoc|iPhone
		{AE110E7E-199F-4CD6-B941-F3F5A73B00DC}.Ad-Hoc|x86.ActiveCfg = Ad-Hoc|iPhone
		{AE110E7E-199F-4CD6-B941-F3F5A73B00DC}.AppStore|Any CPU.ActiveCfg = AppStore|iPhone
		{AE110E7E-199F-4CD6-B941-F3F5A73B00DC}.AppStore|ARM.ActiveCfg = AppStore|iPhone
		{AE110E7E-199F-4CD6-B941-F3F5A73B00DC}.AppStore|iPhone.ActiveCfg = AppStore|iPhone
		{AE110E7E-199F-4CD6-B941-F3F5A73B00DC}.AppStore|iPhone.Build.0 = AppStore|iPhone
		{AE110E7E-199F-4CD6-B941-F3F5A73B00DC}.AppStore|iPhoneSimulator.ActiveCfg = AppStore|iPhoneSimulator
		{AE110E7E-199F-4CD6-B941-F3F5A73B00DC}.AppStore|iPhoneSimulator.Build.0 = AppStore|iPhoneSimulator
		{AE110E7E-199F-4CD6-B941-F3F5A73B00DC}.AppStore|x64.ActiveCfg = AppStore|iPhone
		{AE110E7E-199F-4CD6-B941-F3F5A73B00DC}.AppStore|x86.ActiveCfg = AppStore|iPhone
		{AE110E7E-199F-4CD6-B941-F3F5A73B00DC}.Debug|Any CPU.ActiveCfg = Debug|iPhone
		{AE110E7E-199F-4CD6-B941-F3F5A73B00DC}.Debug|ARM.ActiveCfg = Debug|iPhone
		{AE110E7E-199F-4CD6-B941-F3F5A73B00DC}.Debug|iPhone.ActiveCfg = Debug|iPhone
		{AE110E7E-199F-4CD6-B941-F3F5A73B00DC}.Debug|iPhone.Build.0 = Debug|iPhone
		{AE110E7E-199F-4CD6-B941-F3F5A73B00DC}.Debug|iPhoneSimulator.ActiveCfg = Debug|iPhoneSimulator
		{AE110E7E-199F-4CD6-B941-F3F5A73B00DC}.Debug|iPhoneSimulator.Build.0 = Debug|iPhoneSimulator
		{AE110E7E-199F-4CD6-B941-F3F5A73B00DC}.Debug|x64.ActiveCfg = Debug|iPhone
		{AE110E7E-199F-4CD6-B941-F3F5A73B00DC}.Debug|x86.ActiveCfg = Debug|iPhone
		{AE110E7E-199F-4CD6-B941-F3F5A73B00DC}.Release|Any CPU.ActiveCfg = Release|iPhone
		{AE110E7E-199F-4CD6-B941-F3F5A73B00DC}.Release|ARM.ActiveCfg = Release|iPhone
		{AE110E7E-199F-4CD6-B941-F3F5A73B00DC}.Release|iPhone.ActiveCfg = Release|iPhone
		{AE110E7E-199F-4CD6-B941-F3F5A73B00DC}.Release|iPhone.Build.0 = Release|iPhone
		{AE110E7E-199F-4CD6-B941-F3F5A73B00DC}.Release|iPhoneSimulator.ActiveCfg = Release|iPhoneSimulator
		{AE110E7E-199F-4CD6-B941-F3F5A73B00DC}.Release|iPhoneSimulator.Build.0 = Release|iPhoneSimulator
		{AE110E7E-199F-4CD6-B941-F3F5A73B00DC}.Release|x64.ActiveCfg = Release|iPhone
		{AE110E7E-199F-4CD6-B941-F3F5A73B00DC}.Release|x86.ActiveCfg = Release|iPhone
		{86720AF9-75E6-45C9-AD3A-93EC52D67D98}.Ad-Hoc|Any CPU.ActiveCfg = Release|x86
		{86720AF9-75E6-45C9-AD3A-93EC52D67D98}.Ad-Hoc|Any CPU.Build.0 = Release|x86
		{86720AF9-75E6-45C9-AD3A-93EC52D67D98}.Ad-Hoc|Any CPU.Deploy.0 = Release|x86
		{86720AF9-75E6-45C9-AD3A-93EC52D67D98}.Ad-Hoc|ARM.ActiveCfg = Release|ARM
		{86720AF9-75E6-45C9-AD3A-93EC52D67D98}.Ad-Hoc|ARM.Build.0 = Release|ARM
		{86720AF9-75E6-45C9-AD3A-93EC52D67D98}.Ad-Hoc|ARM.Deploy.0 = Release|ARM
		{86720AF9-75E6-45C9-AD3A-93EC52D67D98}.Ad-Hoc|iPhone.ActiveCfg = Release|x86
		{86720AF9-75E6-45C9-AD3A-93EC52D67D98}.Ad-Hoc|iPhone.Build.0 = Release|x86
		{86720AF9-75E6-45C9-AD3A-93EC52D67D98}.Ad-Hoc|iPhone.Deploy.0 = Release|x86
		{86720AF9-75E6-45C9-AD3A-93EC52D67D98}.Ad-Hoc|iPhoneSimulator.ActiveCfg = Release|x86
		{86720AF9-75E6-45C9-AD3A-93EC52D67D98}.Ad-Hoc|iPhoneSimulator.Build.0 = Release|x86
		{86720AF9-75E6-45C9-AD3A-93EC52D67D98}.Ad-Hoc|iPhoneSimulator.Deploy.0 = Release|x86
		{86720AF9-75E6-45C9-AD3A-93EC52D67D98}.Ad-Hoc|x64.ActiveCfg = Release|x64
		{86720AF9-75E6-45C9-AD3A-93EC52D67D98}.Ad-Hoc|x64.Build.0 = Release|x64
		{86720AF9-75E6-45C9-AD3A-93EC52D67D98}.Ad-Hoc|x64.Deploy.0 = Release|x64
		{86720AF9-75E6-45C9-AD3A-93EC52D67D98}.Ad-Hoc|x86.ActiveCfg = Release|x86
		{86720AF9-75E6-45C9-AD3A-93EC52D67D98}.Ad-Hoc|x86.Build.0 = Release|x86
		{86720AF9-75E6-45C9-AD3A-93EC52D67D98}.Ad-Hoc|x86.Deploy.0 = Release|x86
		{86720AF9-75E6-45C9-AD3A-93EC52D67D98}.AppStore|Any CPU.ActiveCfg = Release|x86
		{86720AF9-75E6-45C9-AD3A-93EC52D67D98}.AppStore|Any CPU.Build.0 = Release|x86
		{86720AF9-75E6-45C9-AD3A-93EC52D67D98}.AppStore|Any CPU.Deploy.0 = Release|x86
		{86720AF9-75E6-45C9-AD3A-93EC52D67D98}.AppStore|ARM.ActiveCfg = Release|ARM
		{86720AF9-75E6-45C9-AD3A-93EC52D67D98}.AppStore|ARM.Build.0 = Release|ARM
		{86720AF9-75E6-45C9-AD3A-93EC52D67D98}.AppStore|ARM.Deploy.0 = Release|ARM
		{86720AF9-75E6-45C9-AD3A-93EC52D67D98}.AppStore|iPhone.ActiveCfg = Release|x86
		{86720AF9-75E6-45C9-AD3A-93EC52D67D98}.AppStore|iPhone.Build.0 = Release|x86
		{86720AF9-75E6-45C9-AD3A-93EC52D67D98}.AppStore|iPhone.Deploy.0 = Release|x86
		{86720AF9-75E6-45C9-AD3A-93EC52D67D98}.AppStore|iPhoneSimulator.ActiveCfg = Release|x86
		{86720AF9-75E6-45C9-AD3A-93EC52D67D98}.AppStore|iPhoneSimulator.Build.0 = Release|x86
		{86720AF9-75E6-45C9-AD3A-93EC52D67D98}.AppStore|iPhoneSimulator.Deploy.0 = Release|x86
		{86720AF9-75E6-45C9-AD3A-93EC52D67D98}.AppStore|x64.ActiveCfg = Release|x64
		{86720AF9-75E6-45C9-AD3A-93EC52D67D98}.AppStore|x64.Build.0 = Release|x64
		{86720AF9-75E6-45C9-AD3A-93EC52D67D98}.AppStore|x64.Deploy.0 = Release|x64
		{86720AF9-75E6-45C9-AD3A-93EC52D67D98}.AppStore|x86.ActiveCfg = Release|x86
		{86720AF9-75E6-45C9-AD3A-93EC52D67D98}.AppStore|x86.Build.0 = Release|x86
		{86720AF9-75E6-45C9-AD3A-93EC52D67D98}.AppStore|x86.Deploy.0 = Release|x86
		{86720AF9-75E6-45C9-AD3A-93EC52D67D98}.Debug|Any CPU.ActiveCfg = Debug|x86
		{86720AF9-75E6-45C9-AD3A-93EC52D67D98}.Debug|ARM.ActiveCfg = Debug|ARM
		{86720AF9-75E6-45C9-AD3A-93EC52D67D98}.Debug|ARM.Build.0 = Debug|ARM
		{86720AF9-75E6-45C9-AD3A-93EC52D67D98}.Debug|ARM.Deploy.0 = Debug|ARM
		{86720AF9-75E6-45C9-AD3A-93EC52D67D98}.Debug|iPhone.ActiveCfg = Debug|x86
		{86720AF9-75E6-45C9-AD3A-93EC52D67D98}.Debug|iPhoneSimulator.ActiveCfg = Debug|x86
		{86720AF9-75E6-45C9-AD3A-93EC52D67D98}.Debug|x64.ActiveCfg = Debug|x64
		{86720AF9-75E6-45C9-AD3A-93EC52D67D98}.Debug|x64.Build.0 = Debug|x64
		{86720AF9-75E6-45C9-AD3A-93EC52D67D98}.Debug|x64.Deploy.0 = Debug|x64
		{86720AF9-75E6-45C9-AD3A-93EC52D67D98}.Debug|x86.ActiveCfg = Debug|x86
		{86720AF9-75E6-45C9-AD3A-93EC52D67D98}.Debug|x86.Build.0 = Debug|x86
		{86720AF9-75E6-45C9-AD3A-93EC52D67D98}.Debug|x86.Deploy.0 = Debug|x86
		{86720AF9-75E6-45C9-AD3A-93EC52D67D98}.Release|Any CPU.ActiveCfg = Release|x86
		{86720AF9-75E6-45C9-AD3A-93EC52D67D98}.Release|ARM.ActiveCfg = Release|ARM
		{86720AF9-75E6-45C9-AD3A-93EC52D67D98}.Release|ARM.Build.0 = Release|ARM
		{86720AF9-75E6-45C9-AD3A-93EC52D67D98}.Release|ARM.Deploy.0 = Release|ARM
		{86720AF9-75E6-45C9-AD3A-93EC52D67D98}.Release|iPhone.ActiveCfg = Release|x86
		{86720AF9-75E6-45C9-AD3A-93EC52D67D98}.Release|iPhoneSimulator.ActiveCfg = Release|x86
		{86720AF9-75E6-45C9-AD3A-93EC52D67D98}.Release|x64.ActiveCfg = Release|x64
		{86720AF9-75E6-45C9-AD3A-93EC52D67D98}.Release|x64.Build.0 = Release|x64
		{86720AF9-75E6-45C9-AD3A-93EC52D67D98}.Release|x64.Deploy.0 = Release|x64
		{86720AF9-75E6-45C9-AD3A-93EC52D67D98}.Release|x86.ActiveCfg = Release|x86
		{86720AF9-75E6-45C9-AD3A-93EC52D67D98}.Release|x86.Build.0 = Release|x86
		{86720AF9-75E6-45C9-AD3A-93EC52D67D98}.Release|x86.Deploy.0 = Release|x86
	EndGlobalSection
	GlobalSection(SolutionProperties) = preSolution
		HideSolutionNode = FALSE
	EndGlobalSection
	GlobalSection(ExtensibilityGlobals) = postSolution
		SolutionGuid = {633C1B6D-3FD7-4A46-AB30-CFCFAAF456B1}
	EndGlobalSection
EndGlobal
