
Microsoft Visual Studio Solution File, Format Version 12.00
# Visual Studio 15
VisualStudioVersion = 15.0.26430.6
MinimumVisualStudioVersion = 10.0.40219.1
Project("{FAE04EC0-301F-11D3-BF4B-00C04F79EFBC}") = "People.Android", "People\People.Android\People.Android.csproj", "{E9D642F0-8F2C-40E3-B9DE-973E93597BB9}"
EndProject
Project("{FAE04EC0-301F-11D3-BF4B-00C04F79EFBC}") = "People", "People\People\People.csproj", "{470C41CB-ACF6-43DD-8A36-0A2916F3217A}"
EndProject
Project("{FAE04EC0-301F-11D3-BF4B-00C04F79EFBC}") = "People.UWP", "People\People.UWP\People.UWP.csproj", "{9031A461-49D4-428B-A600-205A627967BC}"
EndProject
Project("{FAE04EC0-301F-11D3-BF4B-00C04F79EFBC}") = "People.iOS", "People\People.iOS\People.iOS.csproj", "{F016F3BE-8645-4D99-843B-68091D4D3C17}"
EndProject
Global
	GlobalSection(SolutionConfigurationPlatforms) = preSolution
		Ad-Hoc|Any CPU = Ad-Hoc|Any CPU
		Ad-Hoc|ARM = Ad-Hoc|ARM
		Ad-Hoc|iPhone = Ad-Hoc|iPhone
		Ad-Hoc|iPhoneSimulator = Ad-Hoc|iPhoneSimulator
		Ad-Hoc|x64 = Ad-Hoc|x64
		Ad-Hoc|x86 = Ad-Hoc|x86
		AppStore|Any CPU = AppStore|Any CPU
		AppStore|ARM = AppStore|ARM
		AppStore|iPhone = AppStore|iPhone
		AppStore|iPhoneSimulator = AppStore|iPhoneSimulator
		AppStore|x64 = AppStore|x64
		AppStore|x86 = AppStore|x86
		Debug|Any CPU = Debug|Any CPU
		Debug|ARM = Debug|ARM
		Debug|iPhone = Debug|iPhone
		Debug|iPhoneSimulator = Debug|iPhoneSimulator
		Debug|x64 = Debug|x64
		Debug|x86 = Debug|x86
		Release|Any CPU = Release|Any CPU
		Release|ARM = Release|ARM
		Release|iPhone = Release|iPhone
		Release|iPhoneSimulator = Release|iPhoneSimulator
		Release|x64 = Release|x64
		Release|x86 = Release|x86
	EndGlobalSection
	GlobalSection(ProjectConfigurationPlatforms) = postSolution
		{E9D642F0-8F2C-40E3-B9DE-973E93597BB9}.Ad-Hoc|Any CPU.ActiveCfg = Release|Any CPU
		{E9D642F0-8F2C-40E3-B9DE-973E93597BB9}.Ad-Hoc|Any CPU.Build.0 = Release|Any CPU
		{E9D642F0-8F2C-40E3-B9DE-973E93597BB9}.Ad-Hoc|Any CPU.Deploy.0 = Release|Any CPU
		{E9D642F0-8F2C-40E3-B9DE-973E93597BB9}.Ad-Hoc|ARM.ActiveCfg = Release|Any CPU
		{E9D642F0-8F2C-40E3-B9DE-973E93597BB9}.Ad-Hoc|ARM.Build.0 = Release|Any CPU
		{E9D642F0-8F2C-40E3-B9DE-973E93597BB9}.Ad-Hoc|ARM.Deploy.0 = Release|Any CPU
		{E9D642F0-8F2C-40E3-B9DE-973E93597BB9}.Ad-Hoc|iPhone.ActiveCfg = Release|Any CPU
		{E9D642F0-8F2C-40E3-B9DE-973E93597BB9}.Ad-Hoc|iPhone.Build.0 = Release|Any CPU
		{E9D642F0-8F2C-40E3-B9DE-973E93597BB9}.Ad-Hoc|iPhone.Deploy.0 = Release|Any CPU
		{E9D642F0-8F2C-40E3-B9DE-973E93597BB9}.Ad-Hoc|iPhoneSimulator.ActiveCfg = Release|Any CPU
		{E9D642F0-8F2C-40E3-B9DE-973E93597BB9}.Ad-Hoc|iPhoneSimulator.Build.0 = Release|Any CPU
		{E9D642F0-8F2C-40E3-B9DE-973E93597BB9}.Ad-Hoc|iPhoneSimulator.Deploy.0 = Release|Any CPU
		{E9D642F0-8F2C-40E3-B9DE-973E93597BB9}.Ad-Hoc|x64.ActiveCfg = Release|Any CPU
		{E9D642F0-8F2C-40E3-B9DE-973E93597BB9}.Ad-Hoc|x64.Build.0 = Release|Any CPU
		{E9D642F0-8F2C-40E3-B9DE-973E93597BB9}.Ad-Hoc|x64.Deploy.0 = Release|Any CPU
		{E9D642F0-8F2C-40E3-B9DE-973E93597BB9}.Ad-Hoc|x86.ActiveCfg = Release|Any CPU
		{E9D642F0-8F2C-40E3-B9DE-973E93597BB9}.Ad-Hoc|x86.Build.0 = Release|Any CPU
		{E9D642F0-8F2C-40E3-B9DE-973E93597BB9}.Ad-Hoc|x86.Deploy.0 = Release|Any CPU
		{E9D642F0-8F2C-40E3-B9DE-973E93597BB9}.AppStore|Any CPU.ActiveCfg = Release|Any CPU
		{E9D642F0-8F2C-40E3-B9DE-973E93597BB9}.AppStore|Any CPU.Build.0 = Release|Any CPU
		{E9D642F0-8F2C-40E3-B9DE-973E93597BB9}.AppStore|Any CPU.Deploy.0 = Release|Any CPU
		{E9D642F0-8F2C-40E3-B9DE-973E93597BB9}.AppStore|ARM.ActiveCfg = Release|Any CPU
		{E9D642F0-8F2C-40E3-B9DE-973E93597BB9}.AppStore|ARM.Build.0 = Release|Any CPU
		{E9D642F0-8F2C-40E3-B9DE-973E93597BB9}.AppStore|ARM.Deploy.0 = Release|Any CPU
		{E9D642F0-8F2C-40E3-B9DE-973E93597BB9}.AppStore|iPhone.ActiveCfg = Release|Any CPU
		{E9D642F0-8F2C-40E3-B9DE-973E93597BB9}.AppStore|iPhone.Build.0 = Release|Any CPU
		{E9D642F0-8F2C-40E3-B9DE-973E93597BB9}.AppStore|iPhone.Deploy.0 = Release|Any CPU
		{E9D642F0-8F2C-40E3-B9DE-973E93597BB9}.AppStore|iPhoneSimulator.ActiveCfg = Release|Any CPU
		{E9D642F0-8F2C-40E3-B9DE-973E93597BB9}.AppStore|iPhoneSimulator.Build.0 = Release|Any CPU
		{E9D642F0-8F2C-40E3-B9DE-973E93597BB9}.AppStore|iPhoneSimulator.Deploy.0 = Release|Any CPU
		{E9D642F0-8F2C-40E3-B9DE-973E93597BB9}.AppStore|x64.ActiveCfg = Release|Any CPU
		{E9D642F0-8F2C-40E3-B9DE-973E93597BB9}.AppStore|x64.Build.0 = Release|Any CPU
		{E9D642F0-8F2C-40E3-B9DE-973E93597BB9}.AppStore|x64.Deploy.0 = Release|Any CPU
		{E9D642F0-8F2C-40E3-B9DE-973E93597BB9}.AppStore|x86.ActiveCfg = Release|Any CPU
		{E9D642F0-8F2C-40E3-B9DE-973E93597BB9}.AppStore|x86.Build.0 = Release|Any CPU
		{E9D642F0-8F2C-40E3-B9DE-973E93597BB9}.AppStore|x86.Deploy.0 = Release|Any CPU
		{E9D642F0-8F2C-40E3-B9DE-973E93597BB9}.Debug|Any CPU.ActiveCfg = Debug|Any CPU
		{E9D642F0-8F2C-40E3-B9DE-973E93597BB9}.Debug|Any CPU.Build.0 = Debug|Any CPU
		{E9D642F0-8F2C-40E3-B9DE-973E93597BB9}.Debug|Any CPU.Deploy.0 = Debug|Any CPU
		{E9D642F0-8F2C-40E3-B9DE-973E93597BB9}.Debug|ARM.ActiveCfg = Debug|Any CPU
		{E9D642F0-8F2C-40E3-B9DE-973E93597BB9}.Debug|ARM.Build.0 = Debug|Any CPU
		{E9D642F0-8F2C-40E3-B9DE-973E93597BB9}.Debug|ARM.Deploy.0 = Debug|Any CPU
		{E9D642F0-8F2C-40E3-B9DE-973E93597BB9}.Debug|iPhone.ActiveCfg = Debug|Any CPU
		{E9D642F0-8F2C-40E3-B9DE-973E93597BB9}.Debug|iPhone.Build.0 = Debug|Any CPU
		{E9D642F0-8F2C-40E3-B9DE-973E93597BB9}.Debug|iPhone.Deploy.0 = Debug|Any CPU
		{E9D642F0-8F2C-40E3-B9DE-973E93597BB9}.Debug|iPhoneSimulator.ActiveCfg = Debug|Any CPU
		{E9D642F0-8F2C-40E3-B9DE-973E93597BB9}.Debug|iPhoneSimulator.Build.0 = Debug|Any CPU
		{E9D642F0-8F2C-40E3-B9DE-973E93597BB9}.Debug|iPhoneSimulator.Deploy.0 = Debug|Any CPU
		{E9D642F0-8F2C-40E3-B9DE-973E93597BB9}.Debug|x64.ActiveCfg = Debug|Any CPU
		{E9D642F0-8F2C-40E3-B9DE-973E93597BB9}.Debug|x64.Build.0 = Debug|Any CPU
		{E9D642F0-8F2C-40E3-B9DE-973E93597BB9}.Debug|x64.Deploy.0 = Debug|Any CPU
		{E9D642F0-8F2C-40E3-B9DE-973E93597BB9}.Debug|x86.ActiveCfg = Debug|Any CPU
		{E9D642F0-8F2C-40E3-B9DE-973E93597BB9}.Debug|x86.Build.0 = Debug|Any CPU
		{E9D642F0-8F2C-40E3-B9DE-973E93597BB9}.Debug|x86.Deploy.0 = Debug|Any CPU
		{E9D642F0-8F2C-40E3-B9DE-973E93597BB9}.Release|Any CPU.ActiveCfg = Release|Any CPU
		{E9D642F0-8F2C-40E3-B9DE-973E93597BB9}.Release|Any CPU.Build.0 = Release|Any CPU
		{E9D642F0-8F2C-40E3-B9DE-973E93597BB9}.Release|Any CPU.Deploy.0 = Release|Any CPU
		{E9D642F0-8F2C-40E3-B9DE-973E93597BB9}.Release|ARM.ActiveCfg = Release|Any CPU
		{E9D642F0-8F2C-40E3-B9DE-973E93597BB9}.Release|ARM.Build.0 = Release|Any CPU
		{E9D642F0-8F2C-40E3-B9DE-973E93597BB9}.Release|ARM.Deploy.0 = Release|Any CPU
		{E9D642F0-8F2C-40E3-B9DE-973E93597BB9}.Release|iPhone.ActiveCfg = Release|Any CPU
		{E9D642F0-8F2C-40E3-B9DE-973E93597BB9}.Release|iPhone.Build.0 = Release|Any CPU
		{E9D642F0-8F2C-40E3-B9DE-973E93597BB9}.Release|iPhone.Deploy.0 = Release|Any CPU
		{E9D642F0-8F2C-40E3-B9DE-973E93597BB9}.Release|iPhoneSimulator.ActiveCfg = Release|Any CPU
		{E9D642F0-8F2C-40E3-B9DE-973E93597BB9}.Release|iPhoneSimulator.Build.0 = Release|Any CPU
		{E9D642F0-8F2C-40E3-B9DE-973E93597BB9}.Release|iPhoneSimulator.Deploy.0 = Release|Any CPU
		{E9D642F0-8F2C-40E3-B9DE-973E93597BB9}.Release|x64.ActiveCfg = Release|Any CPU
		{E9D642F0-8F2C-40E3-B9DE-973E93597BB9}.Release|x64.Build.0 = Release|Any CPU
		{E9D642F0-8F2C-40E3-B9DE-973E93597BB9}.Release|x64.Deploy.0 = Release|Any CPU
		{E9D642F0-8F2C-40E3-B9DE-973E93597BB9}.Release|x86.ActiveCfg = Release|Any CPU
		{E9D642F0-8F2C-40E3-B9DE-973E93597BB9}.Release|x86.Build.0 = Release|Any CPU
		{E9D642F0-8F2C-40E3-B9DE-973E93597BB9}.Release|x86.Deploy.0 = Release|Any CPU
		{470C41CB-ACF6-43DD-8A36-0A2916F3217A}.Ad-Hoc|Any CPU.ActiveCfg = Release|Any CPU
		{470C41CB-ACF6-43DD-8A36-0A2916F3217A}.Ad-Hoc|Any CPU.Build.0 = Release|Any CPU
		{470C41CB-ACF6-43DD-8A36-0A2916F3217A}.Ad-Hoc|ARM.ActiveCfg = Release|Any CPU
		{470C41CB-ACF6-43DD-8A36-0A2916F3217A}.Ad-Hoc|ARM.Build.0 = Release|Any CPU
		{470C41CB-ACF6-43DD-8A36-0A2916F3217A}.Ad-Hoc|iPhone.ActiveCfg = Release|Any CPU
		{470C41CB-ACF6-43DD-8A36-0A2916F3217A}.Ad-Hoc|iPhone.Build.0 = Release|Any CPU
		{470C41CB-ACF6-43DD-8A36-0A2916F3217A}.Ad-Hoc|iPhoneSimulator.ActiveCfg = Release|Any CPU
		{470C41CB-ACF6-43DD-8A36-0A2916F3217A}.Ad-Hoc|iPhoneSimulator.Build.0 = Release|Any CPU
		{470C41CB-ACF6-43DD-8A36-0A2916F3217A}.Ad-Hoc|x64.ActiveCfg = Release|Any CPU
		{470C41CB-ACF6-43DD-8A36-0A2916F3217A}.Ad-Hoc|x64.Build.0 = Release|Any CPU
		{470C41CB-ACF6-43DD-8A36-0A2916F3217A}.Ad-Hoc|x86.ActiveCfg = Release|Any CPU
		{470C41CB-ACF6-43DD-8A36-0A2916F3217A}.Ad-Hoc|x86.Build.0 = Release|Any CPU
		{470C41CB-ACF6-43DD-8A36-0A2916F3217A}.AppStore|Any CPU.ActiveCfg = Release|Any CPU
		{470C41CB-ACF6-43DD-8A36-0A2916F3217A}.AppStore|Any CPU.Build.0 = Release|Any CPU
		{470C41CB-ACF6-43DD-8A36-0A2916F3217A}.AppStore|ARM.ActiveCfg = Release|Any CPU
		{470C41CB-ACF6-43DD-8A36-0A2916F3217A}.AppStore|ARM.Build.0 = Release|Any CPU
		{470C41CB-ACF6-43DD-8A36-0A2916F3217A}.AppStore|iPhone.ActiveCfg = Release|Any CPU
		{470C41CB-ACF6-43DD-8A36-0A2916F3217A}.AppStore|iPhone.Build.0 = Release|Any CPU
		{470C41CB-ACF6-43DD-8A36-0A2916F3217A}.AppStore|iPhoneSimulator.ActiveCfg = Release|Any CPU
		{470C41CB-ACF6-43DD-8A36-0A2916F3217A}.AppStore|iPhoneSimulator.Build.0 = Release|Any CPU
		{470C41CB-ACF6-43DD-8A36-0A2916F3217A}.AppStore|x64.ActiveCfg = Release|Any CPU
		{470C41CB-ACF6-43DD-8A36-0A2916F3217A}.AppStore|x64.Build.0 = Release|Any CPU
		{470C41CB-ACF6-43DD-8A36-0A2916F3217A}.AppStore|x86.ActiveCfg = Release|Any CPU
		{470C41CB-ACF6-43DD-8A36-0A2916F3217A}.AppStore|x86.Build.0 = Release|Any CPU
		{470C41CB-ACF6-43DD-8A36-0A2916F3217A}.Debug|Any CPU.ActiveCfg = Debug|Any CPU
		{470C41CB-ACF6-43DD-8A36-0A2916F3217A}.Debug|Any CPU.Build.0 = Debug|Any CPU
		{470C41CB-ACF6-43DD-8A36-0A2916F3217A}.Debug|ARM.ActiveCfg = Debug|Any CPU
		{470C41CB-ACF6-43DD-8A36-0A2916F3217A}.Debug|ARM.Build.0 = Debug|Any CPU
		{470C41CB-ACF6-43DD-8A36-0A2916F3217A}.Debug|iPhone.ActiveCfg = Debug|Any CPU
		{470C41CB-ACF6-43DD-8A36-0A2916F3217A}.Debug|iPhone.Build.0 = Debug|Any CPU
		{470C41CB-ACF6-43DD-8A36-0A2916F3217A}.Debug|iPhoneSimulator.ActiveCfg = Debug|Any CPU
		{470C41CB-ACF6-43DD-8A36-0A2916F3217A}.Debug|iPhoneSimulator.Build.0 = Debug|Any CPU
		{470C41CB-ACF6-43DD-8A36-0A2916F3217A}.Debug|x64.ActiveCfg = Debug|Any CPU
		{470C41CB-ACF6-43DD-8A36-0A2916F3217A}.Debug|x64.Build.0 = Debug|Any CPU
		{470C41CB-ACF6-43DD-8A36-0A2916F3217A}.Debug|x86.ActiveCfg = Debug|Any CPU
		{470C41CB-ACF6-43DD-8A36-0A2916F3217A}.Debug|x86.Build.0 = Debug|Any CPU
		{470C41CB-ACF6-43DD-8A36-0A2916F3217A}.Release|Any CPU.ActiveCfg = Release|Any CPU
		{470C41CB-ACF6-43DD-8A36-0A2916F3217A}.Release|Any CPU.Build.0 = Release|Any CPU
		{470C41CB-ACF6-43DD-8A36-0A2916F3217A}.Release|ARM.ActiveCfg = Release|Any CPU
		{470C41CB-ACF6-43DD-8A36-0A2916F3217A}.Release|ARM.Build.0 = Release|Any CPU
		{470C41CB-ACF6-43DD-8A36-0A2916F3217A}.Release|iPhone.ActiveCfg = Release|Any CPU
		{470C41CB-ACF6-43DD-8A36-0A2916F3217A}.Release|iPhone.Build.0 = Release|Any CPU
		{470C41CB-ACF6-43DD-8A36-0A2916F3217A}.Release|iPhoneSimulator.ActiveCfg = Release|Any CPU
		{470C41CB-ACF6-43DD-8A36-0A2916F3217A}.Release|iPhoneSimulator.Build.0 = Release|Any CPU
		{470C41CB-ACF6-43DD-8A36-0A2916F3217A}.Release|x64.ActiveCfg = Release|Any CPU
		{470C41CB-ACF6-43DD-8A36-0A2916F3217A}.Release|x64.Build.0 = Release|Any CPU
		{470C41CB-ACF6-43DD-8A36-0A2916F3217A}.Release|x86.ActiveCfg = Release|Any CPU
		{470C41CB-ACF6-43DD-8A36-0A2916F3217A}.Release|x86.Build.0 = Release|Any CPU
		{9031A461-49D4-428B-A600-205A627967BC}.Ad-Hoc|Any CPU.ActiveCfg = Release|x86
		{9031A461-49D4-428B-A600-205A627967BC}.Ad-Hoc|Any CPU.Build.0 = Release|x86
		{9031A461-49D4-428B-A600-205A627967BC}.Ad-Hoc|Any CPU.Deploy.0 = Release|x86
		{9031A461-49D4-428B-A600-205A627967BC}.Ad-Hoc|ARM.ActiveCfg = Release|ARM
		{9031A461-49D4-428B-A600-205A627967BC}.Ad-Hoc|ARM.Build.0 = Release|ARM
		{9031A461-49D4-428B-A600-205A627967BC}.Ad-Hoc|ARM.Deploy.0 = Release|ARM
		{9031A461-49D4-428B-A600-205A627967BC}.Ad-Hoc|iPhone.ActiveCfg = Release|x86
		{9031A461-49D4-428B-A600-205A627967BC}.Ad-Hoc|iPhone.Build.0 = Release|x86
		{9031A461-49D4-428B-A600-205A627967BC}.Ad-Hoc|iPhone.Deploy.0 = Release|x86
		{9031A461-49D4-428B-A600-205A627967BC}.Ad-Hoc|iPhoneSimulator.ActiveCfg = Release|x86
		{9031A461-49D4-428B-A600-205A627967BC}.Ad-Hoc|iPhoneSimulator.Build.0 = Release|x86
		{9031A461-49D4-428B-A600-205A627967BC}.Ad-Hoc|iPhoneSimulator.Deploy.0 = Release|x86
		{9031A461-49D4-428B-A600-205A627967BC}.Ad-Hoc|x64.ActiveCfg = Release|x64
		{9031A461-49D4-428B-A600-205A627967BC}.Ad-Hoc|x64.Build.0 = Release|x64
		{9031A461-49D4-428B-A600-205A627967BC}.Ad-Hoc|x64.Deploy.0 = Release|x64
		{9031A461-49D4-428B-A600-205A627967BC}.Ad-Hoc|x86.ActiveCfg = Release|x86
		{9031A461-49D4-428B-A600-205A627967BC}.Ad-Hoc|x86.Build.0 = Release|x86
		{9031A461-49D4-428B-A600-205A627967BC}.Ad-Hoc|x86.Deploy.0 = Release|x86
		{9031A461-49D4-428B-A600-205A627967BC}.AppStore|Any CPU.ActiveCfg = Release|x86
		{9031A461-49D4-428B-A600-205A627967BC}.AppStore|Any CPU.Build.0 = Release|x86
		{9031A461-49D4-428B-A600-205A627967BC}.AppStore|Any CPU.Deploy.0 = Release|x86
		{9031A461-49D4-428B-A600-205A627967BC}.AppStore|ARM.ActiveCfg = Release|ARM
		{9031A461-49D4-428B-A600-205A627967BC}.AppStore|ARM.Build.0 = Release|ARM
		{9031A461-49D4-428B-A600-205A627967BC}.AppStore|ARM.Deploy.0 = Release|ARM
		{9031A461-49D4-428B-A600-205A627967BC}.AppStore|iPhone.ActiveCfg = Release|x86
		{9031A461-49D4-428B-A600-205A627967BC}.AppStore|iPhone.Build.0 = Release|x86
		{9031A461-49D4-428B-A600-205A627967BC}.AppStore|iPhone.Deploy.0 = Release|x86
		{9031A461-49D4-428B-A600-205A627967BC}.AppStore|iPhoneSimulator.ActiveCfg = Release|x86
		{9031A461-49D4-428B-A600-205A627967BC}.AppStore|iPhoneSimulator.Build.0 = Release|x86
		{9031A461-49D4-428B-A600-205A627967BC}.AppStore|iPhoneSimulator.Deploy.0 = Release|x86
		{9031A461-49D4-428B-A600-205A627967BC}.AppStore|x64.ActiveCfg = Release|x64
		{9031A461-49D4-428B-A600-205A627967BC}.AppStore|x64.Build.0 = Release|x64
		{9031A461-49D4-428B-A600-205A627967BC}.AppStore|x64.Deploy.0 = Release|x64
		{9031A461-49D4-428B-A600-205A627967BC}.AppStore|x86.ActiveCfg = Release|x86
		{9031A461-49D4-428B-A600-205A627967BC}.AppStore|x86.Build.0 = Release|x86
		{9031A461-49D4-428B-A600-205A627967BC}.AppStore|x86.Deploy.0 = Release|x86
		{9031A461-49D4-428B-A600-205A627967BC}.Debug|Any CPU.ActiveCfg = Debug|x86
		{9031A461-49D4-428B-A600-205A627967BC}.Debug|ARM.ActiveCfg = Debug|ARM
		{9031A461-49D4-428B-A600-205A627967BC}.Debug|ARM.Build.0 = Debug|ARM
		{9031A461-49D4-428B-A600-205A627967BC}.Debug|ARM.Deploy.0 = Debug|ARM
		{9031A461-49D4-428B-A600-205A627967BC}.Debug|iPhone.ActiveCfg = Debug|x86
		{9031A461-49D4-428B-A600-205A627967BC}.Debug|iPhoneSimulator.ActiveCfg = Debug|x86
		{9031A461-49D4-428B-A600-205A627967BC}.Debug|x64.ActiveCfg = Debug|x64
		{9031A461-49D4-428B-A600-205A627967BC}.Debug|x64.Build.0 = Debug|x64
		{9031A461-49D4-428B-A600-205A627967BC}.Debug|x64.Deploy.0 = Debug|x64
		{9031A461-49D4-428B-A600-205A627967BC}.Debug|x86.ActiveCfg = Debug|x86
		{9031A461-49D4-428B-A600-205A627967BC}.Debug|x86.Build.0 = Debug|x86
		{9031A461-49D4-428B-A600-205A627967BC}.Debug|x86.Deploy.0 = Debug|x86
		{9031A461-49D4-428B-A600-205A627967BC}.Release|Any CPU.ActiveCfg = Release|x86
		{9031A461-49D4-428B-A600-205A627967BC}.Release|ARM.ActiveCfg = Release|ARM
		{9031A461-49D4-428B-A600-205A627967BC}.Release|ARM.Build.0 = Release|ARM
		{9031A461-49D4-428B-A600-205A627967BC}.Release|ARM.Deploy.0 = Release|ARM
		{9031A461-49D4-428B-A600-205A627967BC}.Release|iPhone.ActiveCfg = Release|x86
		{9031A461-49D4-428B-A600-205A627967BC}.Release|iPhoneSimulator.ActiveCfg = Release|x86
		{9031A461-49D4-428B-A600-205A627967BC}.Release|x64.ActiveCfg = Release|x64
		{9031A461-49D4-428B-A600-205A627967BC}.Release|x64.Build.0 = Release|x64
		{9031A461-49D4-428B-A600-205A627967BC}.Release|x64.Deploy.0 = Release|x64
		{9031A461-49D4-428B-A600-205A627967BC}.Release|x86.ActiveCfg = Release|x86
		{9031A461-49D4-428B-A600-205A627967BC}.Release|x86.Build.0 = Release|x86
		{9031A461-49D4-428B-A600-205A627967BC}.Release|x86.Deploy.0 = Release|x86
		{F016F3BE-8645-4D99-843B-68091D4D3C17}.Ad-Hoc|Any CPU.ActiveCfg = Ad-Hoc|iPhone
		{F016F3BE-8645-4D99-843B-68091D4D3C17}.Ad-Hoc|ARM.ActiveCfg = Ad-Hoc|iPhone
		{F016F3BE-8645-4D99-843B-68091D4D3C17}.Ad-Hoc|iPhone.ActiveCfg = Ad-Hoc|iPhone
		{F016F3BE-8645-4D99-843B-68091D4D3C17}.Ad-Hoc|iPhone.Build.0 = Ad-Hoc|iPhone
		{F016F3BE-8645-4D99-843B-68091D4D3C17}.Ad-Hoc|iPhoneSimulator.ActiveCfg = Ad-Hoc|iPhoneSimulator
		{F016F3BE-8645-4D99-843B-68091D4D3C17}.Ad-Hoc|iPhoneSimulator.Build.0 = Ad-Hoc|iPhoneSimulator
		{F016F3BE-8645-4D99-843B-68091D4D3C17}.Ad-Hoc|x64.ActiveCfg = Ad-Hoc|iPhone
		{F016F3BE-8645-4D99-843B-68091D4D3C17}.Ad-Hoc|x86.ActiveCfg = Ad-Hoc|iPhone
		{F016F3BE-8645-4D99-843B-68091D4D3C17}.AppStore|Any CPU.ActiveCfg = AppStore|iPhone
		{F016F3BE-8645-4D99-843B-68091D4D3C17}.AppStore|ARM.ActiveCfg = AppStore|iPhone
		{F016F3BE-8645-4D99-843B-68091D4D3C17}.AppStore|iPhone.ActiveCfg = AppStore|iPhone
		{F016F3BE-8645-4D99-843B-68091D4D3C17}.AppStore|iPhone.Build.0 = AppStore|iPhone
		{F016F3BE-8645-4D99-843B-68091D4D3C17}.AppStore|iPhoneSimulator.ActiveCfg = AppStore|iPhoneSimulator
		{F016F3BE-8645-4D99-843B-68091D4D3C17}.AppStore|iPhoneSimulator.Build.0 = AppStore|iPhoneSimulator
		{F016F3BE-8645-4D99-843B-68091D4D3C17}.AppStore|x64.ActiveCfg = AppStore|iPhone
		{F016F3BE-8645-4D99-843B-68091D4D3C17}.AppStore|x86.ActiveCfg = AppStore|iPhone
		{F016F3BE-8645-4D99-843B-68091D4D3C17}.Debug|Any CPU.ActiveCfg = Debug|iPhone
		{F016F3BE-8645-4D99-843B-68091D4D3C17}.Debug|ARM.ActiveCfg = Debug|iPhone
		{F016F3BE-8645-4D99-843B-68091D4D3C17}.Debug|iPhone.ActiveCfg = Debug|iPhone
		{F016F3BE-8645-4D99-843B-68091D4D3C17}.Debug|iPhone.Build.0 = Debug|iPhone
		{F016F3BE-8645-4D99-843B-68091D4D3C17}.Debug|iPhoneSimulator.ActiveCfg = Debug|iPhoneSimulator
		{F016F3BE-8645-4D99-843B-68091D4D3C17}.Debug|iPhoneSimulator.Build.0 = Debug|iPhoneSimulator
		{F016F3BE-8645-4D99-843B-68091D4D3C17}.Debug|x64.ActiveCfg = Debug|iPhone
		{F016F3BE-8645-4D99-843B-68091D4D3C17}.Debug|x86.ActiveCfg = Debug|iPhone
		{F016F3BE-8645-4D99-843B-68091D4D3C17}.Release|Any CPU.ActiveCfg = Release|iPhone
		{F016F3BE-8645-4D99-843B-68091D4D3C17}.Release|ARM.ActiveCfg = Release|iPhone
		{F016F3BE-8645-4D99-843B-68091D4D3C17}.Release|iPhone.ActiveCfg = Release|iPhone
		{F016F3BE-8645-4D99-843B-68091D4D3C17}.Release|iPhone.Build.0 = Release|iPhone
		{F016F3BE-8645-4D99-843B-68091D4D3C17}.Release|iPhoneSimulator.ActiveCfg = Release|iPhoneSimulator
		{F016F3BE-8645-4D99-843B-68091D4D3C17}.Release|iPhoneSimulator.Build.0 = Release|iPhoneSimulator
		{F016F3BE-8645-4D99-843B-68091D4D3C17}.Release|x64.ActiveCfg = Release|iPhone
		{F016F3BE-8645-4D99-843B-68091D4D3C17}.Release|x86.ActiveCfg = Release|iPhone
	EndGlobalSection
	GlobalSection(SolutionProperties) = preSolution
		HideSolutionNode = FALSE
	EndGlobalSection
EndGlobal
